// !$*UTF8*$!
{
	archiveVersion = 1;
	classes = {
	};
	objectVersion = 46;
	objects = {

/* Begin PBXBuildFile section */
		3C7F23F614B1AAD6008C998C /* UIKit.framework in Frameworks */ = {isa = PBXBuildFile; fileRef = 3C7F23F514B1AAD6008C998C /* UIKit.framework */; };
		3C7F23F814B1AAD6008C998C /* Foundation.framework in Frameworks */ = {isa = PBXBuildFile; fileRef = 3C7F23F714B1AAD6008C998C /* Foundation.framework */; };
		3C7F23FA14B1AAD6008C998C /* CoreGraphics.framework in Frameworks */ = {isa = PBXBuildFile; fileRef = 3C7F23F914B1AAD6008C998C /* CoreGraphics.framework */; };
		3C7F240014B1AAD6008C998C /* InfoPlist.strings in Resources */ = {isa = PBXBuildFile; fileRef = 3C7F23FE14B1AAD6008C998C /* InfoPlist.strings */; };
		3C7F240214B1AAD6008C998C /* main.m in Sources */ = {isa = PBXBuildFile; fileRef = 3C7F240114B1AAD6008C998C /* main.m */; };
		3C7F240614B1AAD6008C998C /* AppDelegate.m in Sources */ = {isa = PBXBuildFile; fileRef = 3C7F240514B1AAD6008C998C /* AppDelegate.m */; };
		3C7F240914B1AAD6008C998C /* MainStoryboard.storyboard in Resources */ = {isa = PBXBuildFile; fileRef = 3C7F240714B1AAD6008C998C /* MainStoryboard.storyboard */; };
		3C7F240C14B1AAD6008C998C /* FirstViewController.m in Sources */ = {isa = PBXBuildFile; fileRef = 3C7F240B14B1AAD6008C998C /* FirstViewController.m */; };
		3C7F240E14B1AAD6008C998C /* first.png in Resources */ = {isa = PBXBuildFile; fileRef = 3C7F240D14B1AAD6008C998C /* first.png */; };
		3C7F241014B1AAD6008C998C /* first@2x.png in Resources */ = {isa = PBXBuildFile; fileRef = 3C7F240F14B1AAD6008C998C /* first@2x.png */; };
		3C7F241F14B1B16D008C998C /* sample.jpg in Resources */ = {isa = PBXBuildFile; fileRef = 3C7F241E14B1B16D008C998C /* sample.jpg */; };
		3C7F242214B1B290008C998C /* WeeTableViewController.m in Sources */ = {isa = PBXBuildFile; fileRef = 3C7F242114B1B290008C998C /* WeeTableViewController.m */; };
		3C7F242514B1CFF6008C998C /* WeeCell.m in Sources */ = {isa = PBXBuildFile; fileRef = 3C7F242414B1CFF6008C998C /* WeeCell.m */; };
		3C7F242814B1D995008C998C /* Wee.m in Sources */ = {isa = PBXBuildFile; fileRef = 3C7F242714B1D995008C998C /* Wee.m */; };
		3C7F243214B1E530008C998C /* WeeDetailViewController.m in Sources */ = {isa = PBXBuildFile; fileRef = 3C7F243114B1E52F008C998C /* WeeDetailViewController.m */; };
		3C7F243414B291B5008C998C /* QuartzCore.framework in Frameworks */ = {isa = PBXBuildFile; fileRef = 3C7F243314B291B5008C998C /* QuartzCore.framework */; };
		3CBCF7B814B5514800883253 /* heart.png in Resources */ = {isa = PBXBuildFile; fileRef = 3CBCF7B714B5514800883253 /* heart.png */; };
		3CBCF7BA14B551A100883253 /* junk.png in Resources */ = {isa = PBXBuildFile; fileRef = 3CBCF7B914B551A100883253 /* junk.png */; };
/* End PBXBuildFile section */

/* Begin PBXFileReference section */
		3C7F23F114B1AAD6008C998C /* weDaily.app */ = {isa = PBXFileReference; explicitFileType = wrapper.application; includeInIndex = 0; path = weDaily.app; sourceTree = BUILT_PRODUCTS_DIR; };
		3C7F23F514B1AAD6008C998C /* UIKit.framework */ = {isa = PBXFileReference; lastKnownFileType = wrapper.framework; name = UIKit.framework; path = System/Library/Frameworks/UIKit.framework; sourceTree = SDKROOT; };
		3C7F23F714B1AAD6008C998C /* Foundation.framework */ = {isa = PBXFileReference; lastKnownFileType = wrapper.framework; name = Foundation.framework; path = System/Library/Frameworks/Foundation.framework; sourceTree = SDKROOT; };
		3C7F23F914B1AAD6008C998C /* CoreGraphics.framework */ = {isa = PBXFileReference; lastKnownFileType = wrapper.framework; name = CoreGraphics.framework; path = System/Library/Frameworks/CoreGraphics.framework; sourceTree = SDKROOT; };
		3C7F23FD14B1AAD6008C998C /* weDaily-Info.plist */ = {isa = PBXFileReference; lastKnownFileType = text.plist.xml; path = "weDaily-Info.plist"; sourceTree = "<group>"; };
		3C7F23FF14B1AAD6008C998C /* en */ = {isa = PBXFileReference; lastKnownFileType = text.plist.strings; name = en; path = en.lproj/InfoPlist.strings; sourceTree = "<group>"; };
		3C7F240114B1AAD6008C998C /* main.m */ = {isa = PBXFileReference; lastKnownFileType = sourcecode.c.objc; path = main.m; sourceTree = "<group>"; };
		3C7F240314B1AAD6008C998C /* weDaily-Prefix.pch */ = {isa = PBXFileReference; lastKnownFileType = sourcecode.c.h; path = "weDaily-Prefix.pch"; sourceTree = "<group>"; };
		3C7F240414B1AAD6008C998C /* AppDelegate.h */ = {isa = PBXFileReference; lastKnownFileType = sourcecode.c.h; path = AppDelegate.h; sourceTree = "<group>"; };
		3C7F240514B1AAD6008C998C /* AppDelegate.m */ = {isa = PBXFileReference; lastKnownFileType = sourcecode.c.objc; path = AppDelegate.m; sourceTree = "<group>"; };
		3C7F240814B1AAD6008C998C /* en */ = {isa = PBXFileReference; lastKnownFileType = file.storyboard; name = en; path = en.lproj/MainStoryboard.storyboard; sourceTree = "<group>"; };
		3C7F240A14B1AAD6008C998C /* FirstViewController.h */ = {isa = PBXFileReference; lastKnownFileType = sourcecode.c.h; path = FirstViewController.h; sourceTree = "<group>"; };
		3C7F240B14B1AAD6008C998C /* FirstViewController.m */ = {isa = PBXFileReference; lastKnownFileType = sourcecode.c.objc; path = FirstViewController.m; sourceTree = "<group>"; };
		3C7F240D14B1AAD6008C998C /* first.png */ = {isa = PBXFileReference; lastKnownFileType = image.png; path = first.png; sourceTree = "<group>"; };
		3C7F240F14B1AAD6008C998C /* first@2x.png */ = {isa = PBXFileReference; lastKnownFileType = image.png; path = "first@2x.png"; sourceTree = "<group>"; };
		3C7F241E14B1B16D008C998C /* sample.jpg */ = {isa = PBXFileReference; lastKnownFileType = image.jpeg; path = sample.jpg; sourceTree = "<group>"; };
		3C7F242014B1B290008C998C /* WeeTableViewController.h */ = {isa = PBXFileReference; fileEncoding = 4; lastKnownFileType = sourcecode.c.h; path = WeeTableViewController.h; sourceTree = "<group>"; };
		3C7F242114B1B290008C998C /* WeeTableViewController.m */ = {isa = PBXFileReference; fileEncoding = 4; lastKnownFileType = sourcecode.c.objc; path = WeeTableViewController.m; sourceTree = "<group>"; };
		3C7F242314B1CFF5008C998C /* WeeCell.h */ = {isa = PBXFileReference; fileEncoding = 4; lastKnownFileType = sourcecode.c.h; path = WeeCell.h; sourceTree = "<group>"; };
		3C7F242414B1CFF6008C998C /* WeeCell.m */ = {isa = PBXFileReference; fileEncoding = 4; lastKnownFileType = sourcecode.c.objc; path = WeeCell.m; sourceTree = "<group>"; };
		3C7F242614B1D995008C998C /* Wee.h */ = {isa = PBXFileReference; fileEncoding = 4; lastKnownFileType = sourcecode.c.h; path = Wee.h; sourceTree = "<group>"; };
		3C7F242714B1D995008C998C /* Wee.m */ = {isa = PBXFileReference; fileEncoding = 4; lastKnownFileType = sourcecode.c.objc; path = Wee.m; sourceTree = "<group>"; };
		3C7F243014B1E52F008C998C /* WeeDetailViewController.h */ = {isa = PBXFileReference; fileEncoding = 4; lastKnownFileType = sourcecode.c.h; path = WeeDetailViewController.h; sourceTree = "<group>"; };
		3C7F243114B1E52F008C998C /* WeeDetailViewController.m */ = {isa = PBXFileReference; fileEncoding = 4; lastKnownFileType = sourcecode.c.objc; path = WeeDetailViewController.m; sourceTree = "<group>"; };
		3C7F243314B291B5008C998C /* QuartzCore.framework */ = {isa = PBXFileReference; lastKnownFileType = wrapper.framework; name = QuartzCore.framework; path = System/Library/Frameworks/QuartzCore.framework; sourceTree = SDKROOT; };
		3CBCF7B714B5514800883253 /* heart.png */ = {isa = PBXFileReference; lastKnownFileType = image.png; path = heart.png; sourceTree = "<group>"; };
		3CBCF7B914B551A100883253 /* junk.png */ = {isa = PBXFileReference; lastKnownFileType = image.png; path = junk.png; sourceTree = "<group>"; };
/* End PBXFileReference section */

/* Begin PBXFrameworksBuildPhase section */
		3C7F23EE14B1AAD6008C998C /* Frameworks */ = {
			isa = PBXFrameworksBuildPhase;
			buildActionMask = 2147483647;
			files = (
				3C7F243414B291B5008C998C /* QuartzCore.framework in Frameworks */,
				3C7F23F614B1AAD6008C998C /* UIKit.framework in Frameworks */,
				3C7F23F814B1AAD6008C998C /* Foundation.framework in Frameworks */,
				3C7F23FA14B1AAD6008C998C /* CoreGraphics.framework in Frameworks */,
			);
			runOnlyForDeploymentPostprocessing = 0;
		};
/* End PBXFrameworksBuildPhase section */

/* Begin PBXGroup section */
		3C7F23E614B1AAD6008C998C = {
			isa = PBXGroup;
			children = (
				3C7F23FB14B1AAD6008C998C /* weDaily */,
				3C7F23F414B1AAD6008C998C /* Frameworks */,
				3C7F23F214B1AAD6008C998C /* Products */,
			);
			sourceTree = "<group>";
		};
		3C7F23F214B1AAD6008C998C /* Products */ = {
			isa = PBXGroup;
			children = (
				3C7F23F114B1AAD6008C998C /* weDaily.app */,
			);
			name = Products;
			sourceTree = "<group>";
		};
		3C7F23F414B1AAD6008C998C /* Frameworks */ = {
			isa = PBXGroup;
			children = (
				3C7F243314B291B5008C998C /* QuartzCore.framework */,
				3C7F23F514B1AAD6008C998C /* UIKit.framework */,
				3C7F23F714B1AAD6008C998C /* Foundation.framework */,
				3C7F23F914B1AAD6008C998C /* CoreGraphics.framework */,
			);
			name = Frameworks;
			sourceTree = "<group>";
		};
		3C7F23FB14B1AAD6008C998C /* weDaily */ = {
			isa = PBXGroup;
			children = (
				3C7F240414B1AAD6008C998C /* AppDelegate.h */,
				3C7F240514B1AAD6008C998C /* AppDelegate.m */,
				3C7F240714B1AAD6008C998C /* MainStoryboard.storyboard */,
				3C7F240A14B1AAD6008C998C /* FirstViewController.h */,
				3C7F240B14B1AAD6008C998C /* FirstViewController.m */,
				3C7F240D14B1AAD6008C998C /* first.png */,
				3C7F240F14B1AAD6008C998C /* first@2x.png */,
				3C7F23FC14B1AAD6008C998C /* Supporting Files */,
				3C7F242014B1B290008C998C /* WeeTableViewController.h */,
				3C7F242114B1B290008C998C /* WeeTableViewController.m */,
				3C7F242314B1CFF5008C998C /* WeeCell.h */,
				3C7F242414B1CFF6008C998C /* WeeCell.m */,
				3C7F242614B1D995008C998C /* Wee.h */,
				3C7F242714B1D995008C998C /* Wee.m */,
				3C7F243014B1E52F008C998C /* WeeDetailViewController.h */,
				3C7F243114B1E52F008C998C /* WeeDetailViewController.m */,
			);
			path = weDaily;
			sourceTree = "<group>";
		};
		3C7F23FC14B1AAD6008C998C /* Supporting Files */ = {
			isa = PBXGroup;
			children = (
				3C7F241D14B1B153008C998C /* img */,
				3C7F23FD14B1AAD6008C998C /* weDaily-Info.plist */,
				3C7F23FE14B1AAD6008C998C /* InfoPlist.strings */,
				3C7F240114B1AAD6008C998C /* main.m */,
				3C7F240314B1AAD6008C998C /* weDaily-Prefix.pch */,
			);
			name = "Supporting Files";
			sourceTree = "<group>";
		};
		3C7F241D14B1B153008C998C /* img */ = {
			isa = PBXGroup;
			children = (
				3CBCF7B914B551A100883253 /* junk.png */,
				3CBCF7B714B5514800883253 /* heart.png */,
				3C7F241E14B1B16D008C998C /* sample.jpg */,
			);
			name = img;
			sourceTree = "<group>";
		};
/* End PBXGroup section */

/* Begin PBXNativeTarget section */
		3C7F23F014B1AAD6008C998C /* weDaily */ = {
			isa = PBXNativeTarget;
			buildConfigurationList = 3C7F241A14B1AAD7008C998C /* Build configuration list for PBXNativeTarget "weDaily" */;
			buildPhases = (
				3C7F23ED14B1AAD6008C998C /* Sources */,
				3C7F23EE14B1AAD6008C998C /* Frameworks */,
				3C7F23EF14B1AAD6008C998C /* Resources */,
			);
			buildRules = (
			);
			dependencies = (
			);
			name = weDaily;
			productName = weDaily;
			productReference = 3C7F23F114B1AAD6008C998C /* weDaily.app */;
			productType = "com.apple.product-type.application";
		};
/* End PBXNativeTarget section */

/* Begin PBXProject section */
		3C7F23E814B1AAD6008C998C /* Project object */ = {
			isa = PBXProject;
			attributes = {
				LastUpgradeCheck = 0420;
			};
			buildConfigurationList = 3C7F23EB14B1AAD6008C998C /* Build configuration list for PBXProject "weDaily" */;
			compatibilityVersion = "Xcode 3.2";
			developmentRegion = English;
			hasScannedForEncodings = 0;
			knownRegions = (
				en,
			);
			mainGroup = 3C7F23E614B1AAD6008C998C;
			productRefGroup = 3C7F23F214B1AAD6008C998C /* Products */;
			projectDirPath = "";
			projectRoot = "";
			targets = (
				3C7F23F014B1AAD6008C998C /* weDaily */,
			);
		};
/* End PBXProject section */

/* Begin PBXResourcesBuildPhase section */
		3C7F23EF14B1AAD6008C998C /* Resources */ = {
			isa = PBXResourcesBuildPhase;
			buildActionMask = 2147483647;
			files = (
				3C7F240014B1AAD6008C998C /* InfoPlist.strings in Resources */,
				3C7F240914B1AAD6008C998C /* MainStoryboard.storyboard in Resources */,
				3C7F240E14B1AAD6008C998C /* first.png in Resources */,
				3C7F241014B1AAD6008C998C /* first@2x.png in Resources */,
				3C7F241F14B1B16D008C998C /* sample.jpg in Resources */,
				3CBCF7B814B5514800883253 /* heart.png in Resources */,
				3CBCF7BA14B551A100883253 /* junk.png in Resources */,
			);
			runOnlyForDeploymentPostprocessing = 0;
		};
/* End PBXResourcesBuildPhase section */

/* Begin PBXSourcesBuildPhase section */
		3C7F23ED14B1AAD6008C998C /* Sources */ = {
			isa = PBXSourcesBuildPhase;
			buildActionMask = 2147483647;
			files = (
				3C7F240214B1AAD6008C998C /* main.m in Sources */,
				3C7F240614B1AAD6008C998C /* AppDelegate.m in Sources */,
				3C7F240C14B1AAD6008C998C /* FirstViewController.m in Sources */,
				3C7F242214B1B290008C998C /* WeeTableViewController.m in Sources */,
				3C7F242514B1CFF6008C998C /* WeeCell.m in Sources */,
				3C7F242814B1D995008C998C /* Wee.m in Sources */,
				3C7F243214B1E530008C998C /* WeeDetailViewController.m in Sources */,
			);
			runOnlyForDeploymentPostprocessing = 0;
		};
/* End PBXSourcesBuildPhase section */

/* Begin PBXVariantGroup section */
		3C7F23FE14B1AAD6008C998C /* InfoPlist.strings */ = {
			isa = PBXVariantGroup;
			children = (
				3C7F23FF14B1AAD6008C998C /* en */,
			);
			name = InfoPlist.strings;
			sourceTree = "<group>";
		};
		3C7F240714B1AAD6008C998C /* MainStoryboard.storyboard */ = {
			isa = PBXVariantGroup;
			children = (
				3C7F240814B1AAD6008C998C /* en */,
			);
			name = MainStoryboard.storyboard;
			sourceTree = "<group>";
		};
/* End PBXVariantGroup section */

/* Begin XCBuildConfiguration section */
		3C7F241814B1AAD7008C998C /* Debug */ = {
			isa = XCBuildConfiguration;
			buildSettings = {
				ALWAYS_SEARCH_USER_PATHS = NO;
				ARCHS = "$(ARCHS_STANDARD_32_BIT)";
				CLANG_ENABLE_OBJC_ARC = YES;
				"CODE_SIGN_IDENTITY[sdk=iphoneos*]" = "iPhone Developer";
				COPY_PHASE_STRIP = NO;
				GCC_C_LANGUAGE_STANDARD = gnu99;
				GCC_DYNAMIC_NO_PIC = NO;
				GCC_OPTIMIZATION_LEVEL = 0;
				GCC_PREPROCESSOR_DEFINITIONS = (
					"DEBUG=1",
					"$(inherited)",
				);
				GCC_SYMBOLS_PRIVATE_EXTERN = NO;
				GCC_VERSION = com.apple.compilers.llvm.clang.1_0;
				GCC_WARN_ABOUT_MISSING_PROTOTYPES = YES;
				GCC_WARN_ABOUT_RETURN_TYPE = YES;
				GCC_WARN_UNUSED_VARIABLE = YES;
				IPHONEOS_DEPLOYMENT_TARGET = 5.0;
				SDKROOT = iphoneos;
			};
			name = Debug;
		};
		3C7F241914B1AAD7008C998C /* Release */ = {
			isa = XCBuildConfiguration;
			buildSettings = {
				ALWAYS_SEARCH_USER_PATHS = NO;
				ARCHS = "$(ARCHS_STANDARD_32_BIT)";
				CLANG_ENABLE_OBJC_ARC = YES;
				"CODE_SIGN_IDENTITY[sdk=iphoneos*]" = "iPhone Developer";
				COPY_PHASE_STRIP = YES;
				GCC_C_LANGUAGE_STANDARD = gnu99;
				GCC_VERSION = com.apple.compilers.llvm.clang.1_0;
				GCC_WARN_ABOUT_MISSING_PROTOTYPES = YES;
				GCC_WARN_ABOUT_RETURN_TYPE = YES;
				GCC_WARN_UNUSED_VARIABLE = YES;
				IPHONEOS_DEPLOYMENT_TARGET = 5.0;
				OTHER_CFLAGS = "-DNS_BLOCK_ASSERTIONS=1";
				SDKROOT = iphoneos;
				VALIDATE_PRODUCT = YES;
			};
			name = Release;
		};
		3C7F241B14B1AAD7008C998C /* Debug */ = {
			isa = XCBuildConfiguration;
			buildSettings = {
				GCC_PRECOMPILE_PREFIX_HEADER = YES;
				GCC_PREFIX_HEADER = "weDaily/weDaily-Prefix.pch";
				INFOPLIST_FILE = "weDaily/weDaily-Info.plist";
				PRODUCT_NAME = "$(TARGET_NAME)";
				WRAPPER_EXTENSION = app;
			};
			name = Debug;
		};
		3C7F241C14B1AAD7008C998C /* Release */ = {
			isa = XCBuildConfiguration;
			buildSettings = {
				GCC_PRECOMPILE_PREFIX_HEADER = YES;
				GCC_PREFIX_HEADER = "weDaily/weDaily-Prefix.pch";
				INFOPLIST_FILE = "weDaily/weDaily-Info.plist";
				PRODUCT_NAME = "$(TARGET_NAME)";
				WRAPPER_EXTENSION = app;
			};
			name = Release;
		};
/* End XCBuildConfiguration section */

/* Begin XCConfigurationList section */
		3C7F23EB14B1AAD6008C998C /* Build configuration list for PBXProject "weDaily" */ = {
			isa = XCConfigurationList;
			buildConfigurations = (
				3C7F241814B1AAD7008C998C /* Debug */,
				3C7F241914B1AAD7008C998C /* Release */,
			);
			defaultConfigurationIsVisible = 0;
			defaultConfigurationName = Release;
		};
		3C7F241A14B1AAD7008C998C /* Build configuration list for PBXNativeTarget "weDaily" */ = {
			isa = XCConfigurationList;
			buildConfigurations = (
				3C7F241B14B1AAD7008C998C /* Debug */,
				3C7F241C14B1AAD7008C998C /* Release */,
			);
			defaultConfigurationIsVisible = 0;
			defaultConfigurationName = Release;
		};
/* End XCConfigurationList section */
	};
	rootObject = 3C7F23E814B1AAD6008C998C /* Project object */;
}
