// !$*UTF8*$!
{
	archiveVersion = 1;
	classes = {
	};
	objectVersion = 46;
	objects = {

/* Begin PBXBuildFile section */
		3CBCF7AB14B45F2E00883253 /* NICInfo.m in Sources */ = {isa = PBXBuildFile; fileRef = 3CBCF7A814B45F2E00883253 /* NICInfo.m */; settings = {COMPILER_FLAGS = "-fno-objc-arc "; }; };
		3CBCF7AC14B45F2E00883253 /* NICInfoSummary.m in Sources */ = {isa = PBXBuildFile; fileRef = 3CBCF7AA14B45F2E00883253 /* NICInfoSummary.m */; settings = {COMPILER_FLAGS = "-fno-objc-arc "; }; };
		3CC059571498464100EA57AE /* UIKit.framework in Frameworks */ = {isa = PBXBuildFile; fileRef = 3CC059561498464100EA57AE /* UIKit.framework */; };
		3CC059591498464100EA57AE /* Foundation.framework in Frameworks */ = {isa = PBXBuildFile; fileRef = 3CC059581498464100EA57AE /* Foundation.framework */; };
		3CC0595B1498464100EA57AE /* CoreGraphics.framework in Frameworks */ = {isa = PBXBuildFile; fileRef = 3CC0595A1498464100EA57AE /* CoreGraphics.framework */; };
		3CC059611498464100EA57AE /* InfoPlist.strings in Resources */ = {isa = PBXBuildFile; fileRef = 3CC0595F1498464100EA57AE /* InfoPlist.strings */; };
		3CC059631498464100EA57AE /* main.m in Sources */ = {isa = PBXBuildFile; fileRef = 3CC059621498464100EA57AE /* main.m */; };
		3CC059671498464100EA57AE /* AppDelegate.m in Sources */ = {isa = PBXBuildFile; fileRef = 3CC059661498464100EA57AE /* AppDelegate.m */; };
		3CC0596A1498464100EA57AE /* MainStoryboard_iPhone.storyboard in Resources */ = {isa = PBXBuildFile; fileRef = 3CC059681498464100EA57AE /* MainStoryboard_iPhone.storyboard */; };
		3CC0596D1498464100EA57AE /* MainStoryboard_iPad.storyboard in Resources */ = {isa = PBXBuildFile; fileRef = 3CC0596B1498464100EA57AE /* MainStoryboard_iPad.storyboard */; };
		3CC059701498464100EA57AE /* ViewController.m in Sources */ = {isa = PBXBuildFile; fileRef = 3CC0596F1498464100EA57AE /* ViewController.m */; };
		3CC059E114989FCC00EA57AE /* default.jpg in Resources */ = {isa = PBXBuildFile; fileRef = 3CC059E014989FCB00EA57AE /* default.jpg */; };
		3CE6991514AC42A900EFF73B /* heart-red.png in Resources */ = {isa = PBXBuildFile; fileRef = 3CE6991414AC42A900EFF73B /* heart-red.png */; };
		3CE6991714AC42D100EFF73B /* junk-black.png in Resources */ = {isa = PBXBuildFile; fileRef = 3CE6991614AC42D100EFF73B /* junk-black.png */; };
		3CE6991A14AC72FB00EFF73B /* ImageLoader.m in Sources */ = {isa = PBXBuildFile; fileRef = 3CE6991914AC72FB00EFF73B /* ImageLoader.m */; };
		3CEB782314A467C200C880E5 /* QuartzCore.framework in Frameworks */ = {isa = PBXBuildFile; fileRef = 3CEB782214A467C200C880E5 /* QuartzCore.framework */; };
		3CF0F3ED14AEE7B900680191 /* Default.png in Resources */ = {isa = PBXBuildFile; fileRef = 3CF0F3E914AEE7B900680191 /* Default.png */; };
		3CF0F3EE14AEE7B900680191 /* Default@2x.png in Resources */ = {isa = PBXBuildFile; fileRef = 3CF0F3EB14AEE7B900680191 /* Default@2x.png */; };
		3CF0F3F014AEE7EC00680191 /* Default.png in Resources */ = {isa = PBXBuildFile; fileRef = 3CF0F3EF14AEE7EC00680191 /* Default.png */; };
		3CF0F3F214AEE7FC00680191 /* Default@2x.png in Resources */ = {isa = PBXBuildFile; fileRef = 3CF0F3F114AEE7FC00680191 /* Default@2x.png */; };
		3CF0F3F514AEECAC00680191 /* Localizable.strings in Resources */ = {isa = PBXBuildFile; fileRef = 3CF0F3F314AEECAC00680191 /* Localizable.strings */; };
		3CF0F3F914AEEDB900680191 /* BlackAlertView.m in Sources */ = {isa = PBXBuildFile; fileRef = 3CF0F3F814AEEDB900680191 /* BlackAlertView.m */; };
		3CF0F40014B4073D00680191 /* PicfulImage.m in Sources */ = {isa = PBXBuildFile; fileRef = 3CF0F3FF14B4073D00680191 /* PicfulImage.m */; };
		3CF0F41C14B409CB00680191 /* NSObject+SBJson.m in Sources */ = {isa = PBXBuildFile; fileRef = 3CF0F40414B409CB00680191 /* NSObject+SBJson.m */; };
		3CF0F41D14B409CB00680191 /* SBJsonParser.m in Sources */ = {isa = PBXBuildFile; fileRef = 3CF0F40714B409CB00680191 /* SBJsonParser.m */; };
		3CF0F41E14B409CB00680191 /* SBJsonStreamParser.m in Sources */ = {isa = PBXBuildFile; fileRef = 3CF0F40914B409CB00680191 /* SBJsonStreamParser.m */; };
		3CF0F41F14B409CB00680191 /* SBJsonStreamParserAccumulator.m in Sources */ = {isa = PBXBuildFile; fileRef = 3CF0F40B14B409CB00680191 /* SBJsonStreamParserAccumulator.m */; };
		3CF0F42014B409CB00680191 /* SBJsonStreamParserAdapter.m in Sources */ = {isa = PBXBuildFile; fileRef = 3CF0F40D14B409CB00680191 /* SBJsonStreamParserAdapter.m */; };
		3CF0F42114B409CB00680191 /* SBJsonStreamParserState.m in Sources */ = {isa = PBXBuildFile; fileRef = 3CF0F40F14B409CB00680191 /* SBJsonStreamParserState.m */; };
		3CF0F42214B409CB00680191 /* SBJsonStreamWriter.m in Sources */ = {isa = PBXBuildFile; fileRef = 3CF0F41114B409CB00680191 /* SBJsonStreamWriter.m */; };
		3CF0F42314B409CB00680191 /* SBJsonStreamWriterAccumulator.m in Sources */ = {isa = PBXBuildFile; fileRef = 3CF0F41314B409CB00680191 /* SBJsonStreamWriterAccumulator.m */; };
		3CF0F42414B409CB00680191 /* SBJsonStreamWriterState.m in Sources */ = {isa = PBXBuildFile; fileRef = 3CF0F41514B409CB00680191 /* SBJsonStreamWriterState.m */; };
		3CF0F42514B409CB00680191 /* SBJsonTokeniser.m in Sources */ = {isa = PBXBuildFile; fileRef = 3CF0F41714B409CB00680191 /* SBJsonTokeniser.m */; };
		3CF0F42614B409CB00680191 /* SBJsonUTF8Stream.m in Sources */ = {isa = PBXBuildFile; fileRef = 3CF0F41914B409CB00680191 /* SBJsonUTF8Stream.m */; };
		3CF0F42714B409CB00680191 /* SBJsonWriter.m in Sources */ = {isa = PBXBuildFile; fileRef = 3CF0F41B14B409CB00680191 /* SBJsonWriter.m */; };
		3CF0F47014B4494A00680191 /* 1.jpg in Resources */ = {isa = PBXBuildFile; fileRef = 3CF0F45814B4494A00680191 /* 1.jpg */; };
		3CF0F47114B4494A00680191 /* 2.jpg in Resources */ = {isa = PBXBuildFile; fileRef = 3CF0F45914B4494A00680191 /* 2.jpg */; };
		3CF0F47214B4494A00680191 /* 3.jpg in Resources */ = {isa = PBXBuildFile; fileRef = 3CF0F45A14B4494A00680191 /* 3.jpg */; };
		3CF0F47314B4494A00680191 /* 4.jpg in Resources */ = {isa = PBXBuildFile; fileRef = 3CF0F45B14B4494A00680191 /* 4.jpg */; };
		3CF0F47414B4494A00680191 /* 5.jpg in Resources */ = {isa = PBXBuildFile; fileRef = 3CF0F45C14B4494A00680191 /* 5.jpg */; };
		3CF0F47514B4494A00680191 /* 6.jpg in Resources */ = {isa = PBXBuildFile; fileRef = 3CF0F45D14B4494A00680191 /* 6.jpg */; };
		3CF0F47614B4494A00680191 /* 7.jpg in Resources */ = {isa = PBXBuildFile; fileRef = 3CF0F45E14B4494A00680191 /* 7.jpg */; };
		3CF0F47714B4494A00680191 /* 8.jpg in Resources */ = {isa = PBXBuildFile; fileRef = 3CF0F45F14B4494A00680191 /* 8.jpg */; };
		3CF0F47814B4494A00680191 /* 9.jpg in Resources */ = {isa = PBXBuildFile; fileRef = 3CF0F46014B4494A00680191 /* 9.jpg */; };
		3CF0F47914B4494A00680191 /* 10.jpg in Resources */ = {isa = PBXBuildFile; fileRef = 3CF0F46114B4494A00680191 /* 10.jpg */; };
		3CF0F47A14B4494A00680191 /* 11.jpg in Resources */ = {isa = PBXBuildFile; fileRef = 3CF0F46214B4494A00680191 /* 11.jpg */; };
		3CF0F47B14B4494A00680191 /* 12.jpg in Resources */ = {isa = PBXBuildFile; fileRef = 3CF0F46314B4494A00680191 /* 12.jpg */; };
		3CF0F47C14B4494A00680191 /* 13.jpg in Resources */ = {isa = PBXBuildFile; fileRef = 3CF0F46414B4494A00680191 /* 13.jpg */; };
		3CF0F47D14B4494A00680191 /* 14.jpg in Resources */ = {isa = PBXBuildFile; fileRef = 3CF0F46514B4494A00680191 /* 14.jpg */; };
		3CF0F47E14B4494A00680191 /* 15.jpg in Resources */ = {isa = PBXBuildFile; fileRef = 3CF0F46614B4494A00680191 /* 15.jpg */; };
		3CF0F47F14B4494A00680191 /* 16.jpg in Resources */ = {isa = PBXBuildFile; fileRef = 3CF0F46714B4494A00680191 /* 16.jpg */; };
		3CF0F48014B4494A00680191 /* 17.jpg in Resources */ = {isa = PBXBuildFile; fileRef = 3CF0F46814B4494A00680191 /* 17.jpg */; };
		3CF0F48114B4494A00680191 /* 18.jpg in Resources */ = {isa = PBXBuildFile; fileRef = 3CF0F46914B4494A00680191 /* 18.jpg */; };
		3CF0F48214B4494A00680191 /* 19.jpg in Resources */ = {isa = PBXBuildFile; fileRef = 3CF0F46A14B4494A00680191 /* 19.jpg */; };
		3CF0F48314B4494A00680191 /* 20.jpg in Resources */ = {isa = PBXBuildFile; fileRef = 3CF0F46B14B4494A00680191 /* 20.jpg */; };
		3CF0F48414B4494A00680191 /* 21.jpg in Resources */ = {isa = PBXBuildFile; fileRef = 3CF0F46C14B4494A00680191 /* 21.jpg */; };
		3CF0F48514B4494A00680191 /* 22.jpg in Resources */ = {isa = PBXBuildFile; fileRef = 3CF0F46D14B4494A00680191 /* 22.jpg */; };
		3CF0F48614B4494A00680191 /* 23.jpg in Resources */ = {isa = PBXBuildFile; fileRef = 3CF0F46E14B4494A00680191 /* 23.jpg */; };
		3CF0F48714B4494A00680191 /* 24.jpg in Resources */ = {isa = PBXBuildFile; fileRef = 3CF0F46F14B4494A00680191 /* 24.jpg */; };
		3CF8C6911557852300A7DB9A /* 144.png in Resources */ = {isa = PBXBuildFile; fileRef = 3CF8C68D1557852300A7DB9A /* 144.png */; };
		3CF8C6921557852300A7DB9A /* 72.png in Resources */ = {isa = PBXBuildFile; fileRef = 3CF8C68E1557852300A7DB9A /* 72.png */; };
		3CF8C6931557852300A7DB9A /* 57.png in Resources */ = {isa = PBXBuildFile; fileRef = 3CF8C68F1557852300A7DB9A /* 57.png */; };
		3CF8C6941557852300A7DB9A /* 114.png in Resources */ = {isa = PBXBuildFile; fileRef = 3CF8C6901557852300A7DB9A /* 114.png */; };
/* End PBXBuildFile section */

/* Begin PBXFileReference section */
		3CBCF7A714B45F2E00883253 /* NICInfo.h */ = {isa = PBXFileReference; fileEncoding = 4; lastKnownFileType = sourcecode.c.h; path = NICInfo.h; sourceTree = "<group>"; };
		3CBCF7A814B45F2E00883253 /* NICInfo.m */ = {isa = PBXFileReference; fileEncoding = 4; lastKnownFileType = sourcecode.c.objc; path = NICInfo.m; sourceTree = "<group>"; };
		3CBCF7A914B45F2E00883253 /* NICInfoSummary.h */ = {isa = PBXFileReference; fileEncoding = 4; lastKnownFileType = sourcecode.c.h; path = NICInfoSummary.h; sourceTree = "<group>"; };
		3CBCF7AA14B45F2E00883253 /* NICInfoSummary.m */ = {isa = PBXFileReference; fileEncoding = 4; lastKnownFileType = sourcecode.c.objc; path = NICInfoSummary.m; sourceTree = "<group>"; };
		3CC059521498464100EA57AE /* picful.app */ = {isa = PBXFileReference; explicitFileType = wrapper.application; includeInIndex = 0; path = picful.app; sourceTree = BUILT_PRODUCTS_DIR; };
		3CC059561498464100EA57AE /* UIKit.framework */ = {isa = PBXFileReference; lastKnownFileType = wrapper.framework; name = UIKit.framework; path = System/Library/Frameworks/UIKit.framework; sourceTree = SDKROOT; };
		3CC059581498464100EA57AE /* Foundation.framework */ = {isa = PBXFileReference; lastKnownFileType = wrapper.framework; name = Foundation.framework; path = System/Library/Frameworks/Foundation.framework; sourceTree = SDKROOT; };
		3CC0595A1498464100EA57AE /* CoreGraphics.framework */ = {isa = PBXFileReference; lastKnownFileType = wrapper.framework; name = CoreGraphics.framework; path = System/Library/Frameworks/CoreGraphics.framework; sourceTree = SDKROOT; };
		3CC0595E1498464100EA57AE /* picful-Info.plist */ = {isa = PBXFileReference; lastKnownFileType = text.plist.xml; path = "picful-Info.plist"; sourceTree = "<group>"; };
		3CC059601498464100EA57AE /* en */ = {isa = PBXFileReference; lastKnownFileType = text.plist.strings; name = en; path = en.lproj/InfoPlist.strings; sourceTree = "<group>"; };
		3CC059621498464100EA57AE /* main.m */ = {isa = PBXFileReference; lastKnownFileType = sourcecode.c.objc; path = main.m; sourceTree = "<group>"; };
		3CC059641498464100EA57AE /* picful-Prefix.pch */ = {isa = PBXFileReference; lastKnownFileType = sourcecode.c.h; path = "picful-Prefix.pch"; sourceTree = "<group>"; };
		3CC059651498464100EA57AE /* AppDelegate.h */ = {isa = PBXFileReference; lastKnownFileType = sourcecode.c.h; path = AppDelegate.h; sourceTree = "<group>"; };
		3CC059661498464100EA57AE /* AppDelegate.m */ = {isa = PBXFileReference; lastKnownFileType = sourcecode.c.objc; path = AppDelegate.m; sourceTree = "<group>"; };
		3CC059691498464100EA57AE /* en */ = {isa = PBXFileReference; lastKnownFileType = file.storyboard; name = en; path = en.lproj/MainStoryboard_iPhone.storyboard; sourceTree = "<group>"; };
		3CC0596C1498464100EA57AE /* en */ = {isa = PBXFileReference; lastKnownFileType = file.storyboard; name = en; path = en.lproj/MainStoryboard_iPad.storyboard; sourceTree = "<group>"; };
		3CC0596E1498464100EA57AE /* ViewController.h */ = {isa = PBXFileReference; lastKnownFileType = sourcecode.c.h; path = ViewController.h; sourceTree = "<group>"; };
		3CC0596F1498464100EA57AE /* ViewController.m */ = {isa = PBXFileReference; lastKnownFileType = sourcecode.c.objc; path = ViewController.m; sourceTree = "<group>"; };
		3CC059E014989FCB00EA57AE /* default.jpg */ = {isa = PBXFileReference; lastKnownFileType = image.jpeg; path = default.jpg; sourceTree = "<group>"; };
		3CE6991414AC42A900EFF73B /* heart-red.png */ = {isa = PBXFileReference; lastKnownFileType = image.png; path = "heart-red.png"; sourceTree = "<group>"; };
		3CE6991614AC42D100EFF73B /* junk-black.png */ = {isa = PBXFileReference; lastKnownFileType = image.png; path = "junk-black.png"; sourceTree = "<group>"; };
		3CE6991814AC72FB00EFF73B /* ImageLoader.h */ = {isa = PBXFileReference; fileEncoding = 4; lastKnownFileType = sourcecode.c.h; path = ImageLoader.h; sourceTree = "<group>"; };
		3CE6991914AC72FB00EFF73B /* ImageLoader.m */ = {isa = PBXFileReference; fileEncoding = 4; lastKnownFileType = sourcecode.c.objc; path = ImageLoader.m; sourceTree = "<group>"; };
		3CEB782214A467C200C880E5 /* QuartzCore.framework */ = {isa = PBXFileReference; lastKnownFileType = wrapper.framework; name = QuartzCore.framework; path = System/Library/Frameworks/QuartzCore.framework; sourceTree = SDKROOT; };
		3CF0F3EA14AEE7B900680191 /* en */ = {isa = PBXFileReference; lastKnownFileType = image.png; name = en; path = Default.png; sourceTree = "<group>"; };
		3CF0F3EC14AEE7B900680191 /* en */ = {isa = PBXFileReference; lastKnownFileType = image.png; name = en; path = "Default@2x.png"; sourceTree = "<group>"; };
		3CF0F3EF14AEE7EC00680191 /* Default.png */ = {isa = PBXFileReference; lastKnownFileType = image.png; path = Default.png; sourceTree = "<group>"; };
		3CF0F3F114AEE7FC00680191 /* Default@2x.png */ = {isa = PBXFileReference; lastKnownFileType = image.png; path = "Default@2x.png"; sourceTree = "<group>"; };
		3CF0F3F414AEECAC00680191 /* en */ = {isa = PBXFileReference; lastKnownFileType = text.plist.strings; name = en; path = Localizable.strings; sourceTree = "<group>"; };
		3CF0F3F714AEEDB900680191 /* BlackAlertView.h */ = {isa = PBXFileReference; fileEncoding = 4; lastKnownFileType = sourcecode.c.h; path = BlackAlertView.h; sourceTree = "<group>"; };
		3CF0F3F814AEEDB900680191 /* BlackAlertView.m */ = {isa = PBXFileReference; fileEncoding = 4; lastKnownFileType = sourcecode.c.objc; path = BlackAlertView.m; sourceTree = "<group>"; };
		3CF0F3FE14B4073D00680191 /* PicfulImage.h */ = {isa = PBXFileReference; fileEncoding = 4; lastKnownFileType = sourcecode.c.h; name = PicfulImage.h; path = ../PicfulImage.h; sourceTree = "<group>"; };
		3CF0F3FF14B4073D00680191 /* PicfulImage.m */ = {isa = PBXFileReference; fileEncoding = 4; lastKnownFileType = sourcecode.c.objc; name = PicfulImage.m; path = ../PicfulImage.m; sourceTree = "<group>"; };
		3CF0F40314B409CB00680191 /* NSObject+SBJson.h */ = {isa = PBXFileReference; fileEncoding = 4; lastKnownFileType = sourcecode.c.h; path = "NSObject+SBJson.h"; sourceTree = "<group>"; };
		3CF0F40414B409CB00680191 /* NSObject+SBJson.m */ = {isa = PBXFileReference; fileEncoding = 4; lastKnownFileType = sourcecode.c.objc; path = "NSObject+SBJson.m"; sourceTree = "<group>"; };
		3CF0F40514B409CB00680191 /* SBJson.h */ = {isa = PBXFileReference; fileEncoding = 4; lastKnownFileType = sourcecode.c.h; path = SBJson.h; sourceTree = "<group>"; };
		3CF0F40614B409CB00680191 /* SBJsonParser.h */ = {isa = PBXFileReference; fileEncoding = 4; lastKnownFileType = sourcecode.c.h; path = SBJsonParser.h; sourceTree = "<group>"; };
		3CF0F40714B409CB00680191 /* SBJsonParser.m */ = {isa = PBXFileReference; fileEncoding = 4; lastKnownFileType = sourcecode.c.objc; path = SBJsonParser.m; sourceTree = "<group>"; };
		3CF0F40814B409CB00680191 /* SBJsonStreamParser.h */ = {isa = PBXFileReference; fileEncoding = 4; lastKnownFileType = sourcecode.c.h; path = SBJsonStreamParser.h; sourceTree = "<group>"; };
		3CF0F40914B409CB00680191 /* SBJsonStreamParser.m */ = {isa = PBXFileReference; fileEncoding = 4; lastKnownFileType = sourcecode.c.objc; path = SBJsonStreamParser.m; sourceTree = "<group>"; };
		3CF0F40A14B409CB00680191 /* SBJsonStreamParserAccumulator.h */ = {isa = PBXFileReference; fileEncoding = 4; lastKnownFileType = sourcecode.c.h; path = SBJsonStreamParserAccumulator.h; sourceTree = "<group>"; };
		3CF0F40B14B409CB00680191 /* SBJsonStreamParserAccumulator.m */ = {isa = PBXFileReference; fileEncoding = 4; lastKnownFileType = sourcecode.c.objc; path = SBJsonStreamParserAccumulator.m; sourceTree = "<group>"; };
		3CF0F40C14B409CB00680191 /* SBJsonStreamParserAdapter.h */ = {isa = PBXFileReference; fileEncoding = 4; lastKnownFileType = sourcecode.c.h; path = SBJsonStreamParserAdapter.h; sourceTree = "<group>"; };
		3CF0F40D14B409CB00680191 /* SBJsonStreamParserAdapter.m */ = {isa = PBXFileReference; fileEncoding = 4; lastKnownFileType = sourcecode.c.objc; path = SBJsonStreamParserAdapter.m; sourceTree = "<group>"; };
		3CF0F40E14B409CB00680191 /* SBJsonStreamParserState.h */ = {isa = PBXFileReference; fileEncoding = 4; lastKnownFileType = sourcecode.c.h; path = SBJsonStreamParserState.h; sourceTree = "<group>"; };
		3CF0F40F14B409CB00680191 /* SBJsonStreamParserState.m */ = {isa = PBXFileReference; fileEncoding = 4; lastKnownFileType = sourcecode.c.objc; path = SBJsonStreamParserState.m; sourceTree = "<group>"; };
		3CF0F41014B409CB00680191 /* SBJsonStreamWriter.h */ = {isa = PBXFileReference; fileEncoding = 4; lastKnownFileType = sourcecode.c.h; path = SBJsonStreamWriter.h; sourceTree = "<group>"; };
		3CF0F41114B409CB00680191 /* SBJsonStreamWriter.m */ = {isa = PBXFileReference; fileEncoding = 4; lastKnownFileType = sourcecode.c.objc; path = SBJsonStreamWriter.m; sourceTree = "<group>"; };
		3CF0F41214B409CB00680191 /* SBJsonStreamWriterAccumulator.h */ = {isa = PBXFileReference; fileEncoding = 4; lastKnownFileType = sourcecode.c.h; path = SBJsonStreamWriterAccumulator.h; sourceTree = "<group>"; };
		3CF0F41314B409CB00680191 /* SBJsonStreamWriterAccumulator.m */ = {isa = PBXFileReference; fileEncoding = 4; lastKnownFileType = sourcecode.c.objc; path = SBJsonStreamWriterAccumulator.m; sourceTree = "<group>"; };
		3CF0F41414B409CB00680191 /* SBJsonStreamWriterState.h */ = {isa = PBXFileReference; fileEncoding = 4; lastKnownFileType = sourcecode.c.h; path = SBJsonStreamWriterState.h; sourceTree = "<group>"; };
		3CF0F41514B409CB00680191 /* SBJsonStreamWriterState.m */ = {isa = PBXFileReference; fileEncoding = 4; lastKnownFileType = sourcecode.c.objc; path = SBJsonStreamWriterState.m; sourceTree = "<group>"; };
		3CF0F41614B409CB00680191 /* SBJsonTokeniser.h */ = {isa = PBXFileReference; fileEncoding = 4; lastKnownFileType = sourcecode.c.h; path = SBJsonTokeniser.h; sourceTree = "<group>"; };
		3CF0F41714B409CB00680191 /* SBJsonTokeniser.m */ = {isa = PBXFileReference; fileEncoding = 4; lastKnownFileType = sourcecode.c.objc; path = SBJsonTokeniser.m; sourceTree = "<group>"; };
		3CF0F41814B409CB00680191 /* SBJsonUTF8Stream.h */ = {isa = PBXFileReference; fileEncoding = 4; lastKnownFileType = sourcecode.c.h; path = SBJsonUTF8Stream.h; sourceTree = "<group>"; };
		3CF0F41914B409CB00680191 /* SBJsonUTF8Stream.m */ = {isa = PBXFileReference; fileEncoding = 4; lastKnownFileType = sourcecode.c.objc; path = SBJsonUTF8Stream.m; sourceTree = "<group>"; };
		3CF0F41A14B409CB00680191 /* SBJsonWriter.h */ = {isa = PBXFileReference; fileEncoding = 4; lastKnownFileType = sourcecode.c.h; path = SBJsonWriter.h; sourceTree = "<group>"; };
		3CF0F41B14B409CB00680191 /* SBJsonWriter.m */ = {isa = PBXFileReference; fileEncoding = 4; lastKnownFileType = sourcecode.c.objc; path = SBJsonWriter.m; sourceTree = "<group>"; };
		3CF0F45814B4494A00680191 /* 1.jpg */ = {isa = PBXFileReference; lastKnownFileType = image.jpeg; path = 1.jpg; sourceTree = "<group>"; };
		3CF0F45914B4494A00680191 /* 2.jpg */ = {isa = PBXFileReference; lastKnownFileType = image.jpeg; path = 2.jpg; sourceTree = "<group>"; };
		3CF0F45A14B4494A00680191 /* 3.jpg */ = {isa = PBXFileReference; lastKnownFileType = image.jpeg; path = 3.jpg; sourceTree = "<group>"; };
		3CF0F45B14B4494A00680191 /* 4.jpg */ = {isa = PBXFileReference; lastKnownFileType = image.jpeg; path = 4.jpg; sourceTree = "<group>"; };
		3CF0F45C14B4494A00680191 /* 5.jpg */ = {isa = PBXFileReference; lastKnownFileType = image.jpeg; path = 5.jpg; sourceTree = "<group>"; };
		3CF0F45D14B4494A00680191 /* 6.jpg */ = {isa = PBXFileReference; lastKnownFileType = image.jpeg; path = 6.jpg; sourceTree = "<group>"; };
		3CF0F45E14B4494A00680191 /* 7.jpg */ = {isa = PBXFileReference; lastKnownFileType = image.jpeg; path = 7.jpg; sourceTree = "<group>"; };
		3CF0F45F14B4494A00680191 /* 8.jpg */ = {isa = PBXFileReference; lastKnownFileType = image.jpeg; path = 8.jpg; sourceTree = "<group>"; };
		3CF0F46014B4494A00680191 /* 9.jpg */ = {isa = PBXFileReference; lastKnownFileType = image.jpeg; path = 9.jpg; sourceTree = "<group>"; };
		3CF0F46114B4494A00680191 /* 10.jpg */ = {isa = PBXFileReference; lastKnownFileType = image.jpeg; path = 10.jpg; sourceTree = "<group>"; };
		3CF0F46214B4494A00680191 /* 11.jpg */ = {isa = PBXFileReference; lastKnownFileType = image.jpeg; path = 11.jpg; sourceTree = "<group>"; };
		3CF0F46314B4494A00680191 /* 12.jpg */ = {isa = PBXFileReference; lastKnownFileType = image.jpeg; path = 12.jpg; sourceTree = "<group>"; };
		3CF0F46414B4494A00680191 /* 13.jpg */ = {isa = PBXFileReference; lastKnownFileType = image.jpeg; path = 13.jpg; sourceTree = "<group>"; };
		3CF0F46514B4494A00680191 /* 14.jpg */ = {isa = PBXFileReference; lastKnownFileType = image.jpeg; path = 14.jpg; sourceTree = "<group>"; };
		3CF0F46614B4494A00680191 /* 15.jpg */ = {isa = PBXFileReference; lastKnownFileType = image.jpeg; path = 15.jpg; sourceTree = "<group>"; };
		3CF0F46714B4494A00680191 /* 16.jpg */ = {isa = PBXFileReference; lastKnownFileType = image.jpeg; path = 16.jpg; sourceTree = "<group>"; };
		3CF0F46814B4494A00680191 /* 17.jpg */ = {isa = PBXFileReference; lastKnownFileType = image.jpeg; path = 17.jpg; sourceTree = "<group>"; };
		3CF0F46914B4494A00680191 /* 18.jpg */ = {isa = PBXFileReference; lastKnownFileType = image.jpeg; path = 18.jpg; sourceTree = "<group>"; };
		3CF0F46A14B4494A00680191 /* 19.jpg */ = {isa = PBXFileReference; lastKnownFileType = image.jpeg; path = 19.jpg; sourceTree = "<group>"; };
		3CF0F46B14B4494A00680191 /* 20.jpg */ = {isa = PBXFileReference; lastKnownFileType = image.jpeg; path = 20.jpg; sourceTree = "<group>"; };
		3CF0F46C14B4494A00680191 /* 21.jpg */ = {isa = PBXFileReference; lastKnownFileType = image.jpeg; path = 21.jpg; sourceTree = "<group>"; };
		3CF0F46D14B4494A00680191 /* 22.jpg */ = {isa = PBXFileReference; lastKnownFileType = image.jpeg; path = 22.jpg; sourceTree = "<group>"; };
		3CF0F46E14B4494A00680191 /* 23.jpg */ = {isa = PBXFileReference; lastKnownFileType = image.jpeg; path = 23.jpg; sourceTree = "<group>"; };
		3CF0F46F14B4494A00680191 /* 24.jpg */ = {isa = PBXFileReference; lastKnownFileType = image.jpeg; path = 24.jpg; sourceTree = "<group>"; };
		3CF8C68D1557852300A7DB9A /* 144.png */ = {isa = PBXFileReference; lastKnownFileType = image.png; path = 144.png; sourceTree = "<group>"; };
		3CF8C68E1557852300A7DB9A /* 72.png */ = {isa = PBXFileReference; lastKnownFileType = image.png; path = 72.png; sourceTree = "<group>"; };
		3CF8C68F1557852300A7DB9A /* 57.png */ = {isa = PBXFileReference; lastKnownFileType = image.png; path = 57.png; sourceTree = "<group>"; };
		3CF8C6901557852300A7DB9A /* 114.png */ = {isa = PBXFileReference; lastKnownFileType = image.png; path = 114.png; sourceTree = "<group>"; };
/* End PBXFileReference section */

/* Begin PBXFrameworksBuildPhase section */
		3CC0594F1498464100EA57AE /* Frameworks */ = {
			isa = PBXFrameworksBuildPhase;
			buildActionMask = 2147483647;
			files = (
				3CEB782314A467C200C880E5 /* QuartzCore.framework in Frameworks */,
				3CC059571498464100EA57AE /* UIKit.framework in Frameworks */,
				3CC059591498464100EA57AE /* Foundation.framework in Frameworks */,
				3CC0595B1498464100EA57AE /* CoreGraphics.framework in Frameworks */,
			);
			runOnlyForDeploymentPostprocessing = 0;
		};
/* End PBXFrameworksBuildPhase section */

/* Begin PBXGroup section */
		3CC059471498464000EA57AE = {
			isa = PBXGroup;
			children = (
				3CF0F3F114AEE7FC00680191 /* Default@2x.png */,
				3CF0F3EF14AEE7EC00680191 /* Default.png */,
				3CF8C68D1557852300A7DB9A /* 144.png */,
				3CF8C68E1557852300A7DB9A /* 72.png */,
				3CF8C68F1557852300A7DB9A /* 57.png */,
				3CF8C6901557852300A7DB9A /* 114.png */,
				3CC0595C1498464100EA57AE /* picful */,
				3CC059551498464100EA57AE /* Frameworks */,
				3CC059531498464100EA57AE /* Products */,
			);
			sourceTree = "<group>";
		};
		3CC059531498464100EA57AE /* Products */ = {
			isa = PBXGroup;
			children = (
				3CC059521498464100EA57AE /* picful.app */,
			);
			name = Products;
			sourceTree = "<group>";
		};
		3CC059551498464100EA57AE /* Frameworks */ = {
			isa = PBXGroup;
			children = (
				3CEB782214A467C200C880E5 /* QuartzCore.framework */,
				3CC059561498464100EA57AE /* UIKit.framework */,
				3CC059581498464100EA57AE /* Foundation.framework */,
				3CC0595A1498464100EA57AE /* CoreGraphics.framework */,
			);
			name = Frameworks;
			sourceTree = "<group>";
		};
		3CC0595C1498464100EA57AE /* picful */ = {
			isa = PBXGroup;
			children = (
				3CC059651498464100EA57AE /* AppDelegate.h */,
				3CC059661498464100EA57AE /* AppDelegate.m */,
				3CC059681498464100EA57AE /* MainStoryboard_iPhone.storyboard */,
				3CC0596E1498464100EA57AE /* ViewController.h */,
				3CC0596F1498464100EA57AE /* ViewController.m */,
				3CE6991814AC72FB00EFF73B /* ImageLoader.h */,
				3CE6991914AC72FB00EFF73B /* ImageLoader.m */,
				3CC0595D1498464100EA57AE /* Supporting Files */,
				3CC059D514989B7600EA57AE /* img */,
				3CF0F3F714AEEDB900680191 /* BlackAlertView.h */,
				3CF0F3F814AEEDB900680191 /* BlackAlertView.m */,
				3CF0F3FE14B4073D00680191 /* PicfulImage.h */,
				3CF0F3FF14B4073D00680191 /* PicfulImage.m */,
			);
			name = picful;
			path = scroll;
			sourceTree = "<group>";
		};
		3CC0595D1498464100EA57AE /* Supporting Files */ = {
			isa = PBXGroup;
			children = (
				3CF0F48814B454D400680191 /* MAC-addr */,
				3CF0F40214B409B200680191 /* SBJson */,
				3CF0F3F614AEECCC00680191 /* cn.lproj */,
				3CF0F3E814AEE7B900680191 /* en.lproj */,
				3CC0595E1498464100EA57AE /* picful-Info.plist */,
				3CC0595F1498464100EA57AE /* InfoPlist.strings */,
				3CC059621498464100EA57AE /* main.m */,
				3CC059641498464100EA57AE /* picful-Prefix.pch */,
			);
			name = "Supporting Files";
			sourceTree = "<group>";
		};
		3CC059D514989B7600EA57AE /* img */ = {
			isa = PBXGroup;
			children = (
				3CF0F3B214AEB77900680191 /* thumbs */,
				3CE6991614AC42D100EFF73B /* junk-black.png */,
				3CE6991414AC42A900EFF73B /* heart-red.png */,
				3CC059E014989FCB00EA57AE /* default.jpg */,
				3CC0596B1498464100EA57AE /* MainStoryboard_iPad.storyboard */,
			);
			name = img;
			path = ..;
			sourceTree = "<group>";
		};
		3CF0F3B214AEB77900680191 /* thumbs */ = {
			isa = PBXGroup;
			children = (
				3CF0F45814B4494A00680191 /* 1.jpg */,
				3CF0F45914B4494A00680191 /* 2.jpg */,
				3CF0F45A14B4494A00680191 /* 3.jpg */,
				3CF0F45B14B4494A00680191 /* 4.jpg */,
				3CF0F45C14B4494A00680191 /* 5.jpg */,
				3CF0F45D14B4494A00680191 /* 6.jpg */,
				3CF0F45E14B4494A00680191 /* 7.jpg */,
				3CF0F45F14B4494A00680191 /* 8.jpg */,
				3CF0F46014B4494A00680191 /* 9.jpg */,
				3CF0F46114B4494A00680191 /* 10.jpg */,
				3CF0F46214B4494A00680191 /* 11.jpg */,
				3CF0F46314B4494A00680191 /* 12.jpg */,
				3CF0F46414B4494A00680191 /* 13.jpg */,
				3CF0F46514B4494A00680191 /* 14.jpg */,
				3CF0F46614B4494A00680191 /* 15.jpg */,
				3CF0F46714B4494A00680191 /* 16.jpg */,
				3CF0F46814B4494A00680191 /* 17.jpg */,
				3CF0F46914B4494A00680191 /* 18.jpg */,
				3CF0F46A14B4494A00680191 /* 19.jpg */,
				3CF0F46B14B4494A00680191 /* 20.jpg */,
				3CF0F46C14B4494A00680191 /* 21.jpg */,
				3CF0F46D14B4494A00680191 /* 22.jpg */,
				3CF0F46E14B4494A00680191 /* 23.jpg */,
				3CF0F46F14B4494A00680191 /* 24.jpg */,
			);
			path = thumbs;
			sourceTree = "<group>";
		};
		3CF0F3E814AEE7B900680191 /* en.lproj */ = {
			isa = PBXGroup;
			children = (
				3CF0F3E914AEE7B900680191 /* Default.png */,
				3CF0F3EB14AEE7B900680191 /* Default@2x.png */,
			);
			name = en.lproj;
			path = ../en.lproj;
			sourceTree = "<group>";
		};
		3CF0F3F614AEECCC00680191 /* cn.lproj */ = {
			isa = PBXGroup;
			children = (
				3CF0F3F314AEECAC00680191 /* Localizable.strings */,
			);
			path = cn.lproj;
			sourceTree = SOURCE_ROOT;
		};
		3CF0F40214B409B200680191 /* SBJson */ = {
			isa = PBXGroup;
			children = (
				3CF0F40314B409CB00680191 /* NSObject+SBJson.h */,
				3CF0F40414B409CB00680191 /* NSObject+SBJson.m */,
				3CF0F40514B409CB00680191 /* SBJson.h */,
				3CF0F40614B409CB00680191 /* SBJsonParser.h */,
				3CF0F40714B409CB00680191 /* SBJsonParser.m */,
				3CF0F40814B409CB00680191 /* SBJsonStreamParser.h */,
				3CF0F40914B409CB00680191 /* SBJsonStreamParser.m */,
				3CF0F40A14B409CB00680191 /* SBJsonStreamParserAccumulator.h */,
				3CF0F40B14B409CB00680191 /* SBJsonStreamParserAccumulator.m */,
				3CF0F40C14B409CB00680191 /* SBJsonStreamParserAdapter.h */,
				3CF0F40D14B409CB00680191 /* SBJsonStreamParserAdapter.m */,
				3CF0F40E14B409CB00680191 /* SBJsonStreamParserState.h */,
				3CF0F40F14B409CB00680191 /* SBJsonStreamParserState.m */,
				3CF0F41014B409CB00680191 /* SBJsonStreamWriter.h */,
				3CF0F41114B409CB00680191 /* SBJsonStreamWriter.m */,
				3CF0F41214B409CB00680191 /* SBJsonStreamWriterAccumulator.h */,
				3CF0F41314B409CB00680191 /* SBJsonStreamWriterAccumulator.m */,
				3CF0F41414B409CB00680191 /* SBJsonStreamWriterState.h */,
				3CF0F41514B409CB00680191 /* SBJsonStreamWriterState.m */,
				3CF0F41614B409CB00680191 /* SBJsonTokeniser.h */,
				3CF0F41714B409CB00680191 /* SBJsonTokeniser.m */,
				3CF0F41814B409CB00680191 /* SBJsonUTF8Stream.h */,
				3CF0F41914B409CB00680191 /* SBJsonUTF8Stream.m */,
				3CF0F41A14B409CB00680191 /* SBJsonWriter.h */,
				3CF0F41B14B409CB00680191 /* SBJsonWriter.m */,
			);
			name = SBJson;
			sourceTree = "<group>";
		};
		3CF0F48814B454D400680191 /* MAC-addr */ = {
			isa = PBXGroup;
			children = (
				3CBCF7A714B45F2E00883253 /* NICInfo.h */,
				3CBCF7A814B45F2E00883253 /* NICInfo.m */,
				3CBCF7A914B45F2E00883253 /* NICInfoSummary.h */,
				3CBCF7AA14B45F2E00883253 /* NICInfoSummary.m */,
			);
			name = "MAC-addr";
			sourceTree = "<group>";
		};
/* End PBXGroup section */

/* Begin PBXNativeTarget section */
		3CC059511498464100EA57AE /* picful */ = {
			isa = PBXNativeTarget;
			buildConfigurationList = 3CC059731498464100EA57AE /* Build configuration list for PBXNativeTarget "picful" */;
			buildPhases = (
				3CC0594E1498464100EA57AE /* Sources */,
				3CC0594F1498464100EA57AE /* Frameworks */,
				3CC059501498464100EA57AE /* Resources */,
			);
			buildRules = (
			);
			dependencies = (
			);
			name = picful;
			productName = scroll;
			productReference = 3CC059521498464100EA57AE /* picful.app */;
			productType = "com.apple.product-type.application";
		};
/* End PBXNativeTarget section */

/* Begin PBXProject section */
		3CC059491498464000EA57AE /* Project object */ = {
			isa = PBXProject;
			attributes = {
				LastUpgradeCheck = 0430;
			};
			buildConfigurationList = 3CC0594C1498464000EA57AE /* Build configuration list for PBXProject "picful" */;
			compatibilityVersion = "Xcode 3.2";
			developmentRegion = English;
			hasScannedForEncodings = 0;
			knownRegions = (
				en,
			);
			mainGroup = 3CC059471498464000EA57AE;
			productRefGroup = 3CC059531498464100EA57AE /* Products */;
			projectDirPath = "";
			projectRoot = "";
			targets = (
				3CC059511498464100EA57AE /* picful */,
			);
		};
/* End PBXProject section */

/* Begin PBXResourcesBuildPhase section */
		3CC059501498464100EA57AE /* Resources */ = {
			isa = PBXResourcesBuildPhase;
			buildActionMask = 2147483647;
			files = (
				3CC059611498464100EA57AE /* InfoPlist.strings in Resources */,
				3CC0596A1498464100EA57AE /* MainStoryboard_iPhone.storyboard in Resources */,
				3CC0596D1498464100EA57AE /* MainStoryboard_iPad.storyboard in Resources */,
				3CC059E114989FCC00EA57AE /* default.jpg in Resources */,
				3CE6991514AC42A900EFF73B /* heart-red.png in Resources */,
				3CE6991714AC42D100EFF73B /* junk-black.png in Resources */,
				3CF0F3ED14AEE7B900680191 /* Default.png in Resources */,
				3CF0F3EE14AEE7B900680191 /* Default@2x.png in Resources */,
				3CF0F3F014AEE7EC00680191 /* Default.png in Resources */,
				3CF0F3F214AEE7FC00680191 /* Default@2x.png in Resources */,
				3CF0F3F514AEECAC00680191 /* Localizable.strings in Resources */,
				3CF0F47014B4494A00680191 /* 1.jpg in Resources */,
				3CF0F47114B4494A00680191 /* 2.jpg in Resources */,
				3CF0F47214B4494A00680191 /* 3.jpg in Resources */,
				3CF0F47314B4494A00680191 /* 4.jpg in Resources */,
				3CF0F47414B4494A00680191 /* 5.jpg in Resources */,
				3CF0F47514B4494A00680191 /* 6.jpg in Resources */,
				3CF0F47614B4494A00680191 /* 7.jpg in Resources */,
				3CF0F47714B4494A00680191 /* 8.jpg in Resources */,
				3CF0F47814B4494A00680191 /* 9.jpg in Resources */,
				3CF0F47914B4494A00680191 /* 10.jpg in Resources */,
				3CF0F47A14B4494A00680191 /* 11.jpg in Resources */,
				3CF0F47B14B4494A00680191 /* 12.jpg in Resources */,
				3CF0F47C14B4494A00680191 /* 13.jpg in Resources */,
				3CF0F47D14B4494A00680191 /* 14.jpg in Resources */,
				3CF0F47E14B4494A00680191 /* 15.jpg in Resources */,
				3CF0F47F14B4494A00680191 /* 16.jpg in Resources */,
				3CF0F48014B4494A00680191 /* 17.jpg in Resources */,
				3CF0F48114B4494A00680191 /* 18.jpg in Resources */,
				3CF0F48214B4494A00680191 /* 19.jpg in Resources */,
				3CF0F48314B4494A00680191 /* 20.jpg in Resources */,
				3CF0F48414B4494A00680191 /* 21.jpg in Resources */,
				3CF0F48514B4494A00680191 /* 22.jpg in Resources */,
				3CF0F48614B4494A00680191 /* 23.jpg in Resources */,
				3CF0F48714B4494A00680191 /* 24.jpg in Resources */,
				3CF8C6911557852300A7DB9A /* 144.png in Resources */,
				3CF8C6921557852300A7DB9A /* 72.png in Resources */,
				3CF8C6931557852300A7DB9A /* 57.png in Resources */,
				3CF8C6941557852300A7DB9A /* 114.png in Resources */,
			);
			runOnlyForDeploymentPostprocessing = 0;
		};
/* End PBXResourcesBuildPhase section */

/* Begin PBXSourcesBuildPhase section */
		3CC0594E1498464100EA57AE /* Sources */ = {
			isa = PBXSourcesBuildPhase;
			buildActionMask = 2147483647;
			files = (
				3CC059631498464100EA57AE /* main.m in Sources */,
				3CC059671498464100EA57AE /* AppDelegate.m in Sources */,
				3CC059701498464100EA57AE /* ViewController.m in Sources */,
				3CE6991A14AC72FB00EFF73B /* ImageLoader.m in Sources */,
				3CF0F3F914AEEDB900680191 /* BlackAlertView.m in Sources */,
				3CF0F40014B4073D00680191 /* PicfulImage.m in Sources */,
				3CF0F41C14B409CB00680191 /* NSObject+SBJson.m in Sources */,
				3CF0F41D14B409CB00680191 /* SBJsonParser.m in Sources */,
				3CF0F41E14B409CB00680191 /* SBJsonStreamParser.m in Sources */,
				3CF0F41F14B409CB00680191 /* SBJsonStreamParserAccumulator.m in Sources */,
				3CF0F42014B409CB00680191 /* SBJsonStreamParserAdapter.m in Sources */,
				3CF0F42114B409CB00680191 /* SBJsonStreamParserState.m in Sources */,
				3CF0F42214B409CB00680191 /* SBJsonStreamWriter.m in Sources */,
				3CF0F42314B409CB00680191 /* SBJsonStreamWriterAccumulator.m in Sources */,
				3CF0F42414B409CB00680191 /* SBJsonStreamWriterState.m in Sources */,
				3CF0F42514B409CB00680191 /* SBJsonTokeniser.m in Sources */,
				3CF0F42614B409CB00680191 /* SBJsonUTF8Stream.m in Sources */,
				3CF0F42714B409CB00680191 /* SBJsonWriter.m in Sources */,
				3CBCF7AB14B45F2E00883253 /* NICInfo.m in Sources */,
				3CBCF7AC14B45F2E00883253 /* NICInfoSummary.m in Sources */,
			);
			runOnlyForDeploymentPostprocessing = 0;
		};
/* End PBXSourcesBuildPhase section */

/* Begin PBXVariantGroup section */
		3CC0595F1498464100EA57AE /* InfoPlist.strings */ = {
			isa = PBXVariantGroup;
			children = (
				3CC059601498464100EA57AE /* en */,
			);
			name = InfoPlist.strings;
			sourceTree = "<group>";
		};
		3CC059681498464100EA57AE /* MainStoryboard_iPhone.storyboard */ = {
			isa = PBXVariantGroup;
			children = (
				3CC059691498464100EA57AE /* en */,
			);
			name = MainStoryboard_iPhone.storyboard;
			sourceTree = "<group>";
		};
		3CC0596B1498464100EA57AE /* MainStoryboard_iPad.storyboard */ = {
			isa = PBXVariantGroup;
			children = (
				3CC0596C1498464100EA57AE /* en */,
			);
			name = MainStoryboard_iPad.storyboard;
			path = scroll;
			sourceTree = "<group>";
		};
		3CF0F3E914AEE7B900680191 /* Default.png */ = {
			isa = PBXVariantGroup;
			children = (
				3CF0F3EA14AEE7B900680191 /* en */,
			);
			name = Default.png;
			sourceTree = "<group>";
		};
		3CF0F3EB14AEE7B900680191 /* Default@2x.png */ = {
			isa = PBXVariantGroup;
			children = (
				3CF0F3EC14AEE7B900680191 /* en */,
			);
			name = "Default@2x.png";
			sourceTree = "<group>";
		};
		3CF0F3F314AEECAC00680191 /* Localizable.strings */ = {
			isa = PBXVariantGroup;
			children = (
				3CF0F3F414AEECAC00680191 /* en */,
			);
			name = Localizable.strings;
			path = ../en.lproj;
			sourceTree = "<group>";
		};
/* End PBXVariantGroup section */

/* Begin XCBuildConfiguration section */
		3CC059711498464100EA57AE /* Debug */ = {
			isa = XCBuildConfiguration;
			buildSettings = {
				ALWAYS_SEARCH_USER_PATHS = NO;
				ARCHS = "$(ARCHS_STANDARD_32_BIT)";
				CLANG_ENABLE_OBJC_ARC = YES;
				"CODE_SIGN_IDENTITY[sdk=iphoneos*]" = "iPhone Developer";
				COPY_PHASE_STRIP = NO;
				GCC_C_LANGUAGE_STANDARD = gnu99;
				GCC_DYNAMIC_NO_PIC = NO;
				GCC_OPTIMIZATION_LEVEL = 0;
				GCC_PREPROCESSOR_DEFINITIONS = (
					"DEBUG=1",
					"$(inherited)",
				);
				GCC_SYMBOLS_PRIVATE_EXTERN = NO;
				GCC_VERSION = com.apple.compilers.llvm.clang.1_0;
				GCC_WARN_ABOUT_MISSING_PROTOTYPES = YES;
				GCC_WARN_ABOUT_RETURN_TYPE = YES;
				GCC_WARN_UNUSED_VARIABLE = YES;
				IPHONEOS_DEPLOYMENT_TARGET = 5.0;
				SDKROOT = iphoneos;
				TARGETED_DEVICE_FAMILY = "1,2";
			};
			name = Debug;
		};
		3CC059721498464100EA57AE /* Release */ = {
			isa = XCBuildConfiguration;
			buildSettings = {
				ALWAYS_SEARCH_USER_PATHS = NO;
				ARCHS = "$(ARCHS_STANDARD_32_BIT)";
				CLANG_ENABLE_OBJC_ARC = YES;
				"CODE_SIGN_IDENTITY[sdk=iphoneos*]" = "iPhone Developer";
				COPY_PHASE_STRIP = YES;
				GCC_C_LANGUAGE_STANDARD = gnu99;
				GCC_VERSION = com.apple.compilers.llvm.clang.1_0;
				GCC_WARN_ABOUT_MISSING_PROTOTYPES = YES;
				GCC_WARN_ABOUT_RETURN_TYPE = YES;
				GCC_WARN_UNUSED_VARIABLE = YES;
				IPHONEOS_DEPLOYMENT_TARGET = 5.0;
				OTHER_CFLAGS = "-DNS_BLOCK_ASSERTIONS=1";
				SDKROOT = iphoneos;
				TARGETED_DEVICE_FAMILY = "1,2";
				VALIDATE_PRODUCT = YES;
			};
			name = Release;
		};
		3CC059741498464100EA57AE /* Debug */ = {
			isa = XCBuildConfiguration;
			buildSettings = {
				GCC_PRECOMPILE_PREFIX_HEADER = YES;
				GCC_PREFIX_HEADER = "scroll/picful-Prefix.pch";
				INFOPLIST_FILE = "scroll/picful-Info.plist";
				IPHONEOS_DEPLOYMENT_TARGET = 5.0;
				LIBRARY_SEARCH_PATHS = (
					"$(inherited)",
					"\"$(SRCROOT)/scroll\"",
				);
				PRODUCT_NAME = picful;
				TARGETED_DEVICE_FAMILY = 1;
				WRAPPER_EXTENSION = app;
			};
			name = Debug;
		};
		3CC059751498464100EA57AE /* Release */ = {
			isa = XCBuildConfiguration;
			buildSettings = {
				"CODE_SIGN_IDENTITY[sdk=iphoneos*]" = "iPhone Distribution: Junyi Luan";
				GCC_PRECOMPILE_PREFIX_HEADER = YES;
				GCC_PREFIX_HEADER = "scroll/picful-Prefix.pch";
				INFOPLIST_FILE = "scroll/picful-Info.plist";
				IPHONEOS_DEPLOYMENT_TARGET = 5.0;
				LIBRARY_SEARCH_PATHS = (
					"$(inherited)",
					"\"$(SRCROOT)/scroll\"",
				);
				PRODUCT_NAME = picful;
				"PROVISIONING_PROFILE[sdk=iphoneos*]" = "4CEB6510-154A-42C3-A617-5ACEA5A382C1";
				TARGETED_DEVICE_FAMILY = 1;
				WRAPPER_EXTENSION = app;
			};
			name = Release;
		};
/* End XCBuildConfiguration section */

/* Begin XCConfigurationList section */
		3CC0594C1498464000EA57AE /* Build configuration list for PBXProject "picful" */ = {
			isa = XCConfigurationList;
			buildConfigurations = (
				3CC059711498464100EA57AE /* Debug */,
				3CC059721498464100EA57AE /* Release */,
			);
			defaultConfigurationIsVisible = 0;
			defaultConfigurationName = Release;
		};
		3CC059731498464100EA57AE /* Build configuration list for PBXNativeTarget "picful" */ = {
			isa = XCConfigurationList;
			buildConfigurations = (
				3CC059741498464100EA57AE /* Debug */,
				3CC059751498464100EA57AE /* Release */,
			);
			defaultConfigurationIsVisible = 0;
			defaultConfigurationName = Release;
		};
/* End XCConfigurationList section */
	};
	rootObject = 3CC059491498464000EA57AE /* Project object */;
}
