// !$*UTF8*$!
{
	archiveVersion = 1;
	classes = {
	};
	objectVersion = 46;
	objects = {

/* Begin PBXBuildFile section */
		3C191E7C158EDC4100A4A636 /* UIKit.framework in Frameworks */ = {isa = PBXBuildFile; fileRef = 3C191E7B158EDC4100A4A636 /* UIKit.framework */; };
		3C191E7E158EDC4100A4A636 /* Foundation.framework in Frameworks */ = {isa = PBXBuildFile; fileRef = 3C191E7D158EDC4100A4A636 /* Foundation.framework */; };
		3C191E80158EDC4100A4A636 /* CoreGraphics.framework in Frameworks */ = {isa = PBXBuildFile; fileRef = 3C191E7F158EDC4100A4A636 /* CoreGraphics.framework */; };
		3C191E86158EDC4100A4A636 /* InfoPlist.strings in Resources */ = {isa = PBXBuildFile; fileRef = 3C191E84158EDC4100A4A636 /* InfoPlist.strings */; };
		3C191E88158EDC4100A4A636 /* main.m in Sources */ = {isa = PBXBuildFile; fileRef = 3C191E87158EDC4100A4A636 /* main.m */; };
		3C191E8C158EDC4100A4A636 /* AppDelegate.m in Sources */ = {isa = PBXBuildFile; fileRef = 3C191E8B158EDC4100A4A636 /* AppDelegate.m */; };
		3C191E8F158EDC4100A4A636 /* MainStoryboard_iPhone.storyboard in Resources */ = {isa = PBXBuildFile; fileRef = 3C191E8D158EDC4100A4A636 /* MainStoryboard_iPhone.storyboard */; };
		3C191E95158EDC4100A4A636 /* ViewController.m in Sources */ = {isa = PBXBuildFile; fileRef = 3C191E94158EDC4100A4A636 /* ViewController.m */; };
		3C191ECA158F269800A4A636 /* right_arrow.png in Resources */ = {isa = PBXBuildFile; fileRef = 3C191EC8158F269800A4A636 /* right_arrow.png */; };
		3C191ECB158F269800A4A636 /* left_arrow.png in Resources */ = {isa = PBXBuildFile; fileRef = 3C191EC9158F269800A4A636 /* left_arrow.png */; };
		3C191ED2158F292500A4A636 /* arrow_refresh.png in Resources */ = {isa = PBXBuildFile; fileRef = 3C191ED0158F292500A4A636 /* arrow_refresh.png */; };
		3C191ED3158F292500A4A636 /* arrow_up.png in Resources */ = {isa = PBXBuildFile; fileRef = 3C191ED1158F292500A4A636 /* arrow_up.png */; };
		3C191EE0158F3AB200A4A636 /* zhihu114.png in Resources */ = {isa = PBXBuildFile; fileRef = 3C191EDF158F3AB200A4A636 /* zhihu114.png */; };
		3C191EE2158F3ADC00A4A636 /* zhihu57.png in Resources */ = {isa = PBXBuildFile; fileRef = 3C191EE1158F3ADC00A4A636 /* zhihu57.png */; };
		3C191EE4158F3E9E00A4A636 /* Default@2x.png in Resources */ = {isa = PBXBuildFile; fileRef = 3C191EE3158F3E9E00A4A636 /* Default@2x.png */; };
		3C191EE6158F3EC200A4A636 /* Default.png in Resources */ = {isa = PBXBuildFile; fileRef = 3C191EE5158F3EC200A4A636 /* Default.png */; };
/* End PBXBuildFile section */

/* Begin PBXFileReference section */
		3C191E77158EDC4100A4A636 /* zhihu.app */ = {isa = PBXFileReference; explicitFileType = wrapper.application; includeInIndex = 0; path = zhihu.app; sourceTree = BUILT_PRODUCTS_DIR; };
		3C191E7B158EDC4100A4A636 /* UIKit.framework */ = {isa = PBXFileReference; lastKnownFileType = wrapper.framework; name = UIKit.framework; path = System/Library/Frameworks/UIKit.framework; sourceTree = SDKROOT; };
		3C191E7D158EDC4100A4A636 /* Foundation.framework */ = {isa = PBXFileReference; lastKnownFileType = wrapper.framework; name = Foundation.framework; path = System/Library/Frameworks/Foundation.framework; sourceTree = SDKROOT; };
		3C191E7F158EDC4100A4A636 /* CoreGraphics.framework */ = {isa = PBXFileReference; lastKnownFileType = wrapper.framework; name = CoreGraphics.framework; path = System/Library/Frameworks/CoreGraphics.framework; sourceTree = SDKROOT; };
		3C191E83158EDC4100A4A636 /* zhihu-Info.plist */ = {isa = PBXFileReference; lastKnownFileType = text.plist.xml; path = "zhihu-Info.plist"; sourceTree = "<group>"; };
		3C191E85158EDC4100A4A636 /* en */ = {isa = PBXFileReference; lastKnownFileType = text.plist.strings; name = en; path = en.lproj/InfoPlist.strings; sourceTree = "<group>"; };
		3C191E87158EDC4100A4A636 /* main.m */ = {isa = PBXFileReference; lastKnownFileType = sourcecode.c.objc; path = main.m; sourceTree = "<group>"; };
		3C191E89158EDC4100A4A636 /* zhihu-Prefix.pch */ = {isa = PBXFileReference; lastKnownFileType = sourcecode.c.h; path = "zhihu-Prefix.pch"; sourceTree = "<group>"; };
		3C191E8A158EDC4100A4A636 /* AppDelegate.h */ = {isa = PBXFileReference; lastKnownFileType = sourcecode.c.h; path = AppDelegate.h; sourceTree = "<group>"; };
		3C191E8B158EDC4100A4A636 /* AppDelegate.m */ = {isa = PBXFileReference; lastKnownFileType = sourcecode.c.objc; path = AppDelegate.m; sourceTree = "<group>"; };
		3C191E8E158EDC4100A4A636 /* en */ = {isa = PBXFileReference; lastKnownFileType = file.storyboard; name = en; path = en.lproj/MainStoryboard_iPhone.storyboard; sourceTree = "<group>"; };
		3C191E93158EDC4100A4A636 /* ViewController.h */ = {isa = PBXFileReference; lastKnownFileType = sourcecode.c.h; path = ViewController.h; sourceTree = "<group>"; };
		3C191E94158EDC4100A4A636 /* ViewController.m */ = {isa = PBXFileReference; lastKnownFileType = sourcecode.c.objc; path = ViewController.m; sourceTree = "<group>"; };
		3C191EC8158F269800A4A636 /* right_arrow.png */ = {isa = PBXFileReference; lastKnownFileType = image.png; path = right_arrow.png; sourceTree = "<group>"; };
		3C191EC9158F269800A4A636 /* left_arrow.png */ = {isa = PBXFileReference; lastKnownFileType = image.png; path = left_arrow.png; sourceTree = "<group>"; };
		3C191ED0158F292500A4A636 /* arrow_refresh.png */ = {isa = PBXFileReference; lastKnownFileType = image.png; path = arrow_refresh.png; sourceTree = "<group>"; };
		3C191ED1158F292500A4A636 /* arrow_up.png */ = {isa = PBXFileReference; lastKnownFileType = image.png; path = arrow_up.png; sourceTree = "<group>"; };
		3C191EDF158F3AB200A4A636 /* zhihu114.png */ = {isa = PBXFileReference; lastKnownFileType = image.png; path = zhihu114.png; sourceTree = "<group>"; };
		3C191EE1158F3ADC00A4A636 /* zhihu57.png */ = {isa = PBXFileReference; lastKnownFileType = image.png; path = zhihu57.png; sourceTree = "<group>"; };
		3C191EE3158F3E9E00A4A636 /* Default@2x.png */ = {isa = PBXFileReference; lastKnownFileType = image.png; path = "Default@2x.png"; sourceTree = "<group>"; };
		3C191EE5158F3EC200A4A636 /* Default.png */ = {isa = PBXFileReference; lastKnownFileType = image.png; path = Default.png; sourceTree = "<group>"; };
/* End PBXFileReference section */

/* Begin PBXFrameworksBuildPhase section */
		3C191E74158EDC4100A4A636 /* Frameworks */ = {
			isa = PBXFrameworksBuildPhase;
			buildActionMask = 2147483647;
			files = (
				3C191E7C158EDC4100A4A636 /* UIKit.framework in Frameworks */,
				3C191E7E158EDC4100A4A636 /* Foundation.framework in Frameworks */,
				3C191E80158EDC4100A4A636 /* CoreGraphics.framework in Frameworks */,
			);
			runOnlyForDeploymentPostprocessing = 0;
		};
/* End PBXFrameworksBuildPhase section */

/* Begin PBXGroup section */
		3C191E6C158EDC4100A4A636 = {
			isa = PBXGroup;
			children = (
				3C191EE5158F3EC200A4A636 /* Default.png */,
				3C191EE3158F3E9E00A4A636 /* Default@2x.png */,
				3C191EE1158F3ADC00A4A636 /* zhihu57.png */,
				3C191EDF158F3AB200A4A636 /* zhihu114.png */,
				3C191E9B158F098B00A4A636 /* resource */,
				3C191E81158EDC4100A4A636 /* zhihu */,
				3C191E7A158EDC4100A4A636 /* Frameworks */,
				3C191E78158EDC4100A4A636 /* Products */,
			);
			sourceTree = "<group>";
		};
		3C191E78158EDC4100A4A636 /* Products */ = {
			isa = PBXGroup;
			children = (
				3C191E77158EDC4100A4A636 /* zhihu.app */,
			);
			name = Products;
			sourceTree = "<group>";
		};
		3C191E7A158EDC4100A4A636 /* Frameworks */ = {
			isa = PBXGroup;
			children = (
				3C191E7B158EDC4100A4A636 /* UIKit.framework */,
				3C191E7D158EDC4100A4A636 /* Foundation.framework */,
				3C191E7F158EDC4100A4A636 /* CoreGraphics.framework */,
			);
			name = Frameworks;
			sourceTree = "<group>";
		};
		3C191E81158EDC4100A4A636 /* zhihu */ = {
			isa = PBXGroup;
			children = (
				3C191E8A158EDC4100A4A636 /* AppDelegate.h */,
				3C191E8B158EDC4100A4A636 /* AppDelegate.m */,
				3C191E8D158EDC4100A4A636 /* MainStoryboard_iPhone.storyboard */,
				3C191E93158EDC4100A4A636 /* ViewController.h */,
				3C191E94158EDC4100A4A636 /* ViewController.m */,
				3C191E82158EDC4100A4A636 /* Supporting Files */,
			);
			path = zhihu;
			sourceTree = "<group>";
		};
		3C191E82158EDC4100A4A636 /* Supporting Files */ = {
			isa = PBXGroup;
			children = (
				3C191E83158EDC4100A4A636 /* zhihu-Info.plist */,
				3C191E84158EDC4100A4A636 /* InfoPlist.strings */,
				3C191E87158EDC4100A4A636 /* main.m */,
				3C191E89158EDC4100A4A636 /* zhihu-Prefix.pch */,
			);
			name = "Supporting Files";
			sourceTree = "<group>";
		};
		3C191E9B158F098B00A4A636 /* resource */ = {
			isa = PBXGroup;
			children = (
				3C191ED0158F292500A4A636 /* arrow_refresh.png */,
				3C191ED1158F292500A4A636 /* arrow_up.png */,
				3C191EC8158F269800A4A636 /* right_arrow.png */,
				3C191EC9158F269800A4A636 /* left_arrow.png */,
			);
			name = resource;
			sourceTree = "<group>";
		};
/* End PBXGroup section */

/* Begin PBXNativeTarget section */
		3C191E76158EDC4100A4A636 /* zhihu */ = {
			isa = PBXNativeTarget;
			buildConfigurationList = 3C191E98158EDC4100A4A636 /* Build configuration list for PBXNativeTarget "zhihu" */;
			buildPhases = (
				3C191E73158EDC4100A4A636 /* Sources */,
				3C191E74158EDC4100A4A636 /* Frameworks */,
				3C191E75158EDC4100A4A636 /* Resources */,
			);
			buildRules = (
			);
			dependencies = (
			);
			name = zhihu;
			productName = zhihu;
			productReference = 3C191E77158EDC4100A4A636 /* zhihu.app */;
			productType = "com.apple.product-type.application";
		};
/* End PBXNativeTarget section */

/* Begin PBXProject section */
		3C191E6E158EDC4100A4A636 /* Project object */ = {
			isa = PBXProject;
			attributes = {
				LastUpgradeCheck = 0430;
			};
			buildConfigurationList = 3C191E71158EDC4100A4A636 /* Build configuration list for PBXProject "zhihu" */;
			compatibilityVersion = "Xcode 3.2";
			developmentRegion = English;
			hasScannedForEncodings = 0;
			knownRegions = (
				en,
			);
			mainGroup = 3C191E6C158EDC4100A4A636;
			productRefGroup = 3C191E78158EDC4100A4A636 /* Products */;
			projectDirPath = "";
			projectRoot = "";
			targets = (
				3C191E76158EDC4100A4A636 /* zhihu */,
			);
		};
/* End PBXProject section */

/* Begin PBXResourcesBuildPhase section */
		3C191E75158EDC4100A4A636 /* Resources */ = {
			isa = PBXResourcesBuildPhase;
			buildActionMask = 2147483647;
			files = (
				3C191E86158EDC4100A4A636 /* InfoPlist.strings in Resources */,
				3C191E8F158EDC4100A4A636 /* MainStoryboard_iPhone.storyboard in Resources */,
				3C191ECA158F269800A4A636 /* right_arrow.png in Resources */,
				3C191ECB158F269800A4A636 /* left_arrow.png in Resources */,
				3C191ED2158F292500A4A636 /* arrow_refresh.png in Resources */,
				3C191ED3158F292500A4A636 /* arrow_up.png in Resources */,
				3C191EE0158F3AB200A4A636 /* zhihu114.png in Resources */,
				3C191EE2158F3ADC00A4A636 /* zhihu57.png in Resources */,
				3C191EE4158F3E9E00A4A636 /* Default@2x.png in Resources */,
				3C191EE6158F3EC200A4A636 /* Default.png in Resources */,
			);
			runOnlyForDeploymentPostprocessing = 0;
		};
/* End PBXResourcesBuildPhase section */

/* Begin PBXSourcesBuildPhase section */
		3C191E73158EDC4100A4A636 /* Sources */ = {
			isa = PBXSourcesBuildPhase;
			buildActionMask = 2147483647;
			files = (
				3C191E88158EDC4100A4A636 /* main.m in Sources */,
				3C191E8C158EDC4100A4A636 /* AppDelegate.m in Sources */,
				3C191E95158EDC4100A4A636 /* ViewController.m in Sources */,
			);
			runOnlyForDeploymentPostprocessing = 0;
		};
/* End PBXSourcesBuildPhase section */

/* Begin PBXVariantGroup section */
		3C191E84158EDC4100A4A636 /* InfoPlist.strings */ = {
			isa = PBXVariantGroup;
			children = (
				3C191E85158EDC4100A4A636 /* en */,
			);
			name = InfoPlist.strings;
			sourceTree = "<group>";
		};
		3C191E8D158EDC4100A4A636 /* MainStoryboard_iPhone.storyboard */ = {
			isa = PBXVariantGroup;
			children = (
				3C191E8E158EDC4100A4A636 /* en */,
			);
			name = MainStoryboard_iPhone.storyboard;
			sourceTree = "<group>";
		};
/* End PBXVariantGroup section */

/* Begin XCBuildConfiguration section */
		3C191E96158EDC4100A4A636 /* Debug */ = {
			isa = XCBuildConfiguration;
			buildSettings = {
				ALWAYS_SEARCH_USER_PATHS = NO;
				ARCHS = "$(ARCHS_STANDARD_32_BIT)";
				CLANG_ENABLE_OBJC_ARC = YES;
				"CODE_SIGN_IDENTITY[sdk=iphoneos*]" = "iPhone Developer";
				COPY_PHASE_STRIP = NO;
				GCC_C_LANGUAGE_STANDARD = gnu99;
				GCC_DYNAMIC_NO_PIC = NO;
				GCC_OPTIMIZATION_LEVEL = 0;
				GCC_PREPROCESSOR_DEFINITIONS = (
					"DEBUG=1",
					"$(inherited)",
				);
				GCC_SYMBOLS_PRIVATE_EXTERN = NO;
				GCC_VERSION = com.apple.compilers.llvm.clang.1_0;
				GCC_WARN_ABOUT_RETURN_TYPE = YES;
				GCC_WARN_UNINITIALIZED_AUTOS = YES;
				GCC_WARN_UNUSED_VARIABLE = YES;
				IPHONEOS_DEPLOYMENT_TARGET = 5.0;
				SDKROOT = iphoneos;
				TARGETED_DEVICE_FAMILY = "1,2";
			};
			name = Debug;
		};
		3C191E97158EDC4100A4A636 /* Release */ = {
			isa = XCBuildConfiguration;
			buildSettings = {
				ALWAYS_SEARCH_USER_PATHS = NO;
				ARCHS = "$(ARCHS_STANDARD_32_BIT)";
				CLANG_ENABLE_OBJC_ARC = YES;
				"CODE_SIGN_IDENTITY[sdk=iphoneos*]" = "iPhone Developer";
				COPY_PHASE_STRIP = YES;
				GCC_C_LANGUAGE_STANDARD = gnu99;
				GCC_VERSION = com.apple.compilers.llvm.clang.1_0;
				GCC_WARN_ABOUT_RETURN_TYPE = YES;
				GCC_WARN_UNINITIALIZED_AUTOS = YES;
				GCC_WARN_UNUSED_VARIABLE = YES;
				IPHONEOS_DEPLOYMENT_TARGET = 5.0;
				OTHER_CFLAGS = "-DNS_BLOCK_ASSERTIONS=1";
				SDKROOT = iphoneos;
				TARGETED_DEVICE_FAMILY = "1,2";
				VALIDATE_PRODUCT = YES;
			};
			name = Release;
		};
		3C191E99158EDC4100A4A636 /* Debug */ = {
			isa = XCBuildConfiguration;
			buildSettings = {
				GCC_PRECOMPILE_PREFIX_HEADER = YES;
				GCC_PREFIX_HEADER = "zhihu/zhihu-Prefix.pch";
				INFOPLIST_FILE = "zhihu/zhihu-Info.plist";
				IPHONEOS_DEPLOYMENT_TARGET = 5.0;
				PRODUCT_NAME = "$(TARGET_NAME)";
				TARGETED_DEVICE_FAMILY = 1;
				WRAPPER_EXTENSION = app;
			};
			name = Debug;
		};
		3C191E9A158EDC4100A4A636 /* Release */ = {
			isa = XCBuildConfiguration;
			buildSettings = {
				CODE_SIGN_IDENTITY = "izhihu deployment profile";
				GCC_PRECOMPILE_PREFIX_HEADER = YES;
				GCC_PREFIX_HEADER = "zhihu/zhihu-Prefix.pch";
				INFOPLIST_FILE = "zhihu/zhihu-Info.plist";
				IPHONEOS_DEPLOYMENT_TARGET = 5.0;
				PRODUCT_NAME = "$(TARGET_NAME)";
				PROVISIONING_PROFILE = "";
				TARGETED_DEVICE_FAMILY = 1;
				WRAPPER_EXTENSION = app;
			};
			name = Release;
		};
/* End XCBuildConfiguration section */

/* Begin XCConfigurationList section */
		3C191E71158EDC4100A4A636 /* Build configuration list for PBXProject "zhihu" */ = {
			isa = XCConfigurationList;
			buildConfigurations = (
				3C191E96158EDC4100A4A636 /* Debug */,
				3C191E97158EDC4100A4A636 /* Release */,
			);
			defaultConfigurationIsVisible = 0;
			defaultConfigurationName = Release;
		};
		3C191E98158EDC4100A4A636 /* Build configuration list for PBXNativeTarget "zhihu" */ = {
			isa = XCConfigurationList;
			buildConfigurations = (
				3C191E99158EDC4100A4A636 /* Debug */,
				3C191E9A158EDC4100A4A636 /* Release */,
			);
			defaultConfigurationIsVisible = 0;
			defaultConfigurationName = Release;
		};
/* End XCConfigurationList section */
	};
	rootObject = 3C191E6E158EDC4100A4A636 /* Project object */;
}
