// !$*UTF8*$!
{
	archiveVersion = 1;
	classes = {
	};
	objectVersion = 46;
	objects = {

/* Begin PBXBuildFile section */
		4D3C0DB8145EC70700232B60 /* UIKit.framework in Frameworks */ = {isa = PBXBuildFile; fileRef = 4D3C0DB7145EC70700232B60 /* UIKit.framework */; };
		4D3C0DBA145EC70700232B60 /* Foundation.framework in Frameworks */ = {isa = PBXBuildFile; fileRef = 4D3C0DB9145EC70700232B60 /* Foundation.framework */; };
		4D3C0DBC145EC70700232B60 /* CoreGraphics.framework in Frameworks */ = {isa = PBXBuildFile; fileRef = 4D3C0DBB145EC70700232B60 /* CoreGraphics.framework */; };
		4D3C0DC2145EC70700232B60 /* InfoPlist.strings in Resources */ = {isa = PBXBuildFile; fileRef = 4D3C0DC0145EC70700232B60 /* InfoPlist.strings */; };
		4D3C0DC4145EC70700232B60 /* main.m in Sources */ = {isa = PBXBuildFile; fileRef = 4D3C0DC3145EC70700232B60 /* main.m */; };
		4D3C0DC8145EC70700232B60 /* AppDelegate.m in Sources */ = {isa = PBXBuildFile; fileRef = 4D3C0DC7145EC70700232B60 /* AppDelegate.m */; };
		4D3C0E1C145EC78200232B60 /* DataSource.plist in Resources */ = {isa = PBXBuildFile; fileRef = 4D3C0DE8145EC78200232B60 /* DataSource.plist */; };
		4DB7634514729D5A00BE005A /* accessory_arrow.png in Resources */ = {isa = PBXBuildFile; fileRef = 4DB762EF14729D5A00BE005A /* accessory_arrow.png */; };
		4DB7634614729D5A00BE005A /* accessory_arrow_highlight.png in Resources */ = {isa = PBXBuildFile; fileRef = 4DB762F014729D5A00BE005A /* accessory_arrow_highlight.png */; };
		4DB7634714729D5A00BE005A /* active_icon.png in Resources */ = {isa = PBXBuildFile; fileRef = 4DB762F114729D5A00BE005A /* active_icon.png */; };
		4DB7634814729D5A00BE005A /* add_button.png in Resources */ = {isa = PBXBuildFile; fileRef = 4DB762F214729D5A00BE005A /* add_button.png */; };
		4DB7634914729D5A00BE005A /* add_done_button.png in Resources */ = {isa = PBXBuildFile; fileRef = 4DB762F314729D5A00BE005A /* add_done_button.png */; };
		4DB7634A14729D5A00BE005A /* add_done_button_p.png in Resources */ = {isa = PBXBuildFile; fileRef = 4DB762F414729D5A00BE005A /* add_done_button_p.png */; };
		4DB7634B14729D5A00BE005A /* add_incident_bottom.png in Resources */ = {isa = PBXBuildFile; fileRef = 4DB762F514729D5A00BE005A /* add_incident_bottom.png */; };
		4DB7634C14729D5A00BE005A /* add_incident_bottom_p.png in Resources */ = {isa = PBXBuildFile; fileRef = 4DB762F614729D5A00BE005A /* add_incident_bottom_p.png */; };
		4DB7634D14729D5A00BE005A /* add_new_incident_button.png in Resources */ = {isa = PBXBuildFile; fileRef = 4DB762F714729D5A00BE005A /* add_new_incident_button.png */; };
		4DB7634E14729D5A00BE005A /* add_new_note_button.png in Resources */ = {isa = PBXBuildFile; fileRef = 4DB762F814729D5A00BE005A /* add_new_note_button.png */; };
		4DB7634F14729D5A00BE005A /* alert_button.png in Resources */ = {isa = PBXBuildFile; fileRef = 4DB762F914729D5A00BE005A /* alert_button.png */; };
		4DB7635014729D5A00BE005A /* arrow_button.png in Resources */ = {isa = PBXBuildFile; fileRef = 4DB762FA14729D5A00BE005A /* arrow_button.png */; };
		4DB7635114729D5A00BE005A /* arrow_button_p.png in Resources */ = {isa = PBXBuildFile; fileRef = 4DB762FB14729D5A00BE005A /* arrow_button_p.png */; };
		4DB7635214729D5A00BE005A /* attachments_button.png in Resources */ = {isa = PBXBuildFile; fileRef = 4DB762FC14729D5A00BE005A /* attachments_button.png */; };
		4DB7635314729D5A00BE005A /* attachments_button_p.png in Resources */ = {isa = PBXBuildFile; fileRef = 4DB762FD14729D5A00BE005A /* attachments_button_p.png */; };
		4DB7635414729D5A00BE005A /* blue_arrow.png in Resources */ = {isa = PBXBuildFile; fileRef = 4DB762FE14729D5A00BE005A /* blue_arrow.png */; };
		4DB7635514729D5A00BE005A /* blue_arrow_down.png in Resources */ = {isa = PBXBuildFile; fileRef = 4DB762FF14729D5A00BE005A /* blue_arrow_down.png */; };
		4DB7635614729D5A00BE005A /* blue_button.png in Resources */ = {isa = PBXBuildFile; fileRef = 4DB7630014729D5A00BE005A /* blue_button.png */; };
		4DB7635714729D5A00BE005A /* blue_button_pressed.png in Resources */ = {isa = PBXBuildFile; fileRef = 4DB7630114729D5A00BE005A /* blue_button_pressed.png */; };
		4DB7635814729D5A00BE005A /* call_cell_bg.png in Resources */ = {isa = PBXBuildFile; fileRef = 4DB7630214729D5A00BE005A /* call_cell_bg.png */; };
		4DB7635914729D5A00BE005A /* call_icon.png in Resources */ = {isa = PBXBuildFile; fileRef = 4DB7630314729D5A00BE005A /* call_icon.png */; };
		4DB7635A14729D5A00BE005A /* cell_bg.png in Resources */ = {isa = PBXBuildFile; fileRef = 4DB7630414729D5A00BE005A /* cell_bg.png */; };
		4DB7635B14729D5A00BE005A /* cell_bg_p.png in Resources */ = {isa = PBXBuildFile; fileRef = 4DB7630514729D5A00BE005A /* cell_bg_p.png */; };
		4DB7635C14729D5A00BE005A /* cell_separator.png in Resources */ = {isa = PBXBuildFile; fileRef = 4DB7630614729D5A00BE005A /* cell_separator.png */; };
		4DB7635D14729D5A00BE005A /* checkbox_checked.png in Resources */ = {isa = PBXBuildFile; fileRef = 4DB7630714729D5A00BE005A /* checkbox_checked.png */; };
		4DB7635E14729D5A00BE005A /* checkbox_unchecked.png in Resources */ = {isa = PBXBuildFile; fileRef = 4DB7630814729D5A00BE005A /* checkbox_unchecked.png */; };
		4DB7635F14729D5A00BE005A /* checklist_button.png in Resources */ = {isa = PBXBuildFile; fileRef = 4DB7630914729D5A00BE005A /* checklist_button.png */; };
		4DB7636014729D5A00BE005A /* checklist_button_p.png in Resources */ = {isa = PBXBuildFile; fileRef = 4DB7630A14729D5A00BE005A /* checklist_button_p.png */; };
		4DB7636114729D5A00BE005A /* closed_icon.png in Resources */ = {isa = PBXBuildFile; fileRef = 4DB7630B14729D5A00BE005A /* closed_icon.png */; };
		4DB7636214729D5A00BE005A /* delete_button.png in Resources */ = {isa = PBXBuildFile; fileRef = 4DB7630C14729D5A00BE005A /* delete_button.png */; };
		4DB7636314729D5A00BE005A /* delete_button_highlight.png in Resources */ = {isa = PBXBuildFile; fileRef = 4DB7630D14729D5A00BE005A /* delete_button_highlight.png */; };
		4DB7636414729D5A00BE005A /* detail_menu_bg.png in Resources */ = {isa = PBXBuildFile; fileRef = 4DB7630E14729D5A00BE005A /* detail_menu_bg.png */; };
		4DB7636514729D5A00BE005A /* detail_menu_bg_p.png in Resources */ = {isa = PBXBuildFile; fileRef = 4DB7630F14729D5A00BE005A /* detail_menu_bg_p.png */; };
		4DB7636614729D5A00BE005A /* dropdown_menu.png in Resources */ = {isa = PBXBuildFile; fileRef = 4DB7631014729D5A00BE005A /* dropdown_menu.png */; };
		4DB7636714729D5A00BE005A /* email_button.png in Resources */ = {isa = PBXBuildFile; fileRef = 4DB7631114729D5A00BE005A /* email_button.png */; };
		4DB7636814729D5A00BE005A /* email_icon.png in Resources */ = {isa = PBXBuildFile; fileRef = 4DB7631214729D5A00BE005A /* email_icon.png */; };
		4DB7636914729D5A00BE005A /* goto_top_button.png in Resources */ = {isa = PBXBuildFile; fileRef = 4DB7631314729D5A00BE005A /* goto_top_button.png */; };
		4DB7636A14729D5A00BE005A /* grey_bar.png in Resources */ = {isa = PBXBuildFile; fileRef = 4DB7631414729D5A00BE005A /* grey_bar.png */; };
		4DB7636B14729D5A00BE005A /* grey_button.png in Resources */ = {isa = PBXBuildFile; fileRef = 4DB7631514729D5A00BE005A /* grey_button.png */; };
		4DB7636C14729D5A00BE005A /* header_bar.png in Resources */ = {isa = PBXBuildFile; fileRef = 4DB7631614729D5A00BE005A /* header_bar.png */; };
		4DB7636D14729D5A00BE005A /* incident_cancel_button.png in Resources */ = {isa = PBXBuildFile; fileRef = 4DB7631714729D5A00BE005A /* incident_cancel_button.png */; };
		4DB7636E14729D5A00BE005A /* incident_cancel_button_p.png in Resources */ = {isa = PBXBuildFile; fileRef = 4DB7631814729D5A00BE005A /* incident_cancel_button_p.png */; };
		4DB7636F14729D5A00BE005A /* incident_subheader.png in Resources */ = {isa = PBXBuildFile; fileRef = 4DB7631914729D5A00BE005A /* incident_subheader.png */; };
		4DB7637014729D5A00BE005A /* login_button.png in Resources */ = {isa = PBXBuildFile; fileRef = 4DB7631A14729D5A00BE005A /* login_button.png */; };
		4DB7637114729D5A00BE005A /* login_button_p.png in Resources */ = {isa = PBXBuildFile; fileRef = 4DB7631B14729D5A00BE005A /* login_button_p.png */; };
		4DB7637214729D5A00BE005A /* login_header.png in Resources */ = {isa = PBXBuildFile; fileRef = 4DB7631C14729D5A00BE005A /* login_header.png */; };
		4DB7637314729D5A00BE005A /* login_header_p.png in Resources */ = {isa = PBXBuildFile; fileRef = 4DB7631D14729D5A00BE005A /* login_header_p.png */; };
		4DB7637414729D5A00BE005A /* menu_cell_highlight_bg.png in Resources */ = {isa = PBXBuildFile; fileRef = 4DB7631E14729D5A00BE005A /* menu_cell_highlight_bg.png */; };
		4DB7637514729D5A00BE005A /* menu_contacts_icon.png in Resources */ = {isa = PBXBuildFile; fileRef = 4DB7631F14729D5A00BE005A /* menu_contacts_icon.png */; };
		4DB7637614729D5A00BE005A /* menu_contacts_icon_highlight.png in Resources */ = {isa = PBXBuildFile; fileRef = 4DB7632014729D5A00BE005A /* menu_contacts_icon_highlight.png */; };
		4DB7637714729D5A00BE005A /* menu_header_bar.png in Resources */ = {isa = PBXBuildFile; fileRef = 4DB7632114729D5A00BE005A /* menu_header_bar.png */; };
		4DB7637814729D5A00BE005A /* menu_incidents_icon.png in Resources */ = {isa = PBXBuildFile; fileRef = 4DB7632214729D5A00BE005A /* menu_incidents_icon.png */; };
		4DB7637914729D5A00BE005A /* menu_incidents_icon_highlight.png in Resources */ = {isa = PBXBuildFile; fileRef = 4DB7632314729D5A00BE005A /* menu_incidents_icon_highlight.png */; };
		4DB7637A14729D5A00BE005A /* menu_logout_icon.png in Resources */ = {isa = PBXBuildFile; fileRef = 4DB7632414729D5A00BE005A /* menu_logout_icon.png */; };
		4DB7637B14729D5A00BE005A /* menu_logout_icon_highlight.png in Resources */ = {isa = PBXBuildFile; fileRef = 4DB7632514729D5A00BE005A /* menu_logout_icon_highlight.png */; };
		4DB7637C14729D5A00BE005A /* menu_more_icon.png in Resources */ = {isa = PBXBuildFile; fileRef = 4DB7632614729D5A00BE005A /* menu_more_icon.png */; };
		4DB7637D14729D5A00BE005A /* menu_more_icon_highlight.png in Resources */ = {isa = PBXBuildFile; fileRef = 4DB7632714729D5A00BE005A /* menu_more_icon_highlight.png */; };
		4DB7637E14729D5A00BE005A /* menu_rooms_icon.png in Resources */ = {isa = PBXBuildFile; fileRef = 4DB7632814729D5A00BE005A /* menu_rooms_icon.png */; };
		4DB7637F14729D5A00BE005A /* menu_rooms_icon_highlight.png in Resources */ = {isa = PBXBuildFile; fileRef = 4DB7632914729D5A00BE005A /* menu_rooms_icon_highlight.png */; };
		4DB7638014729D5A00BE005A /* menu_settings_icon.png in Resources */ = {isa = PBXBuildFile; fileRef = 4DB7632A14729D5A00BE005A /* menu_settings_icon.png */; };
		4DB7638114729D5A00BE005A /* menu_settings_icon_highlight.png in Resources */ = {isa = PBXBuildFile; fileRef = 4DB7632B14729D5A00BE005A /* menu_settings_icon_highlight.png */; };
		4DB7638214729D5A00BE005A /* new_icon.png in Resources */ = {isa = PBXBuildFile; fileRef = 4DB7632C14729D5A00BE005A /* new_icon.png */; };
		4DB7638314729D5A00BE005A /* note_button.png in Resources */ = {isa = PBXBuildFile; fileRef = 4DB7632D14729D5A00BE005A /* note_button.png */; };
		4DB7638414729D5A00BE005A /* note_button_p.png in Resources */ = {isa = PBXBuildFile; fileRef = 4DB7632E14729D5A00BE005A /* note_button_p.png */; };
		4DB7638514729D5A00BE005A /* note_detail_frame.png in Resources */ = {isa = PBXBuildFile; fileRef = 4DB7632F14729D5A00BE005A /* note_detail_frame.png */; };
		4DB7638614729D5A00BE005A /* notification_bg1.png in Resources */ = {isa = PBXBuildFile; fileRef = 4DB7633014729D5A00BE005A /* notification_bg1.png */; };
		4DB7638714729D5A00BE005A /* notification_bg1_p.png in Resources */ = {isa = PBXBuildFile; fileRef = 4DB7633114729D5A00BE005A /* notification_bg1_p.png */; };
		4DB7638814729D5A00BE005A /* notification_bg2.png in Resources */ = {isa = PBXBuildFile; fileRef = 4DB7633214729D5A00BE005A /* notification_bg2.png */; };
		4DB7638914729D5A00BE005A /* notification_bg2_p.png in Resources */ = {isa = PBXBuildFile; fileRef = 4DB7633314729D5A00BE005A /* notification_bg2_p.png */; };
		4DB7638A14729D5A00BE005A /* notification_bg3.png in Resources */ = {isa = PBXBuildFile; fileRef = 4DB7633414729D5A00BE005A /* notification_bg3.png */; };
		4DB7638B14729D5A00BE005A /* notification_bg3_p.png in Resources */ = {isa = PBXBuildFile; fileRef = 4DB7633514729D5A00BE005A /* notification_bg3_p.png */; };
		4DB7638C14729D5A00BE005A /* notification_bg4.png in Resources */ = {isa = PBXBuildFile; fileRef = 4DB7633614729D5A00BE005A /* notification_bg4.png */; };
		4DB7638D14729D5A00BE005A /* notification_bg4_p.png in Resources */ = {isa = PBXBuildFile; fileRef = 4DB7633714729D5A00BE005A /* notification_bg4_p.png */; };
		4DB7638E14729D5A00BE005A /* option_button.png in Resources */ = {isa = PBXBuildFile; fileRef = 4DB7633814729D5A00BE005A /* option_button.png */; };
		4DB7638F14729D5A00BE005A /* pending_icon.png in Resources */ = {isa = PBXBuildFile; fileRef = 4DB7633914729D5A00BE005A /* pending_icon.png */; };
		4DB7639014729D5A00BE005A /* phone_button.png in Resources */ = {isa = PBXBuildFile; fileRef = 4DB7633A14729D5A00BE005A /* phone_button.png */; };
		4DB7639114729D5A00BE005A /* red_delete_button.png in Resources */ = {isa = PBXBuildFile; fileRef = 4DB7633B14729D5A00BE005A /* red_delete_button.png */; };
		4DB7639214729D5A00BE005A /* text_icon.png in Resources */ = {isa = PBXBuildFile; fileRef = 4DB7633C14729D5A00BE005A /* text_icon.png */; };
		4DB7639314729D5A00BE005A /* textbox.png in Resources */ = {isa = PBXBuildFile; fileRef = 4DB7633D14729D5A00BE005A /* textbox.png */; };
		4DB7639414729D5A00BE005A /* textbox_p.png in Resources */ = {isa = PBXBuildFile; fileRef = 4DB7633E14729D5A00BE005A /* textbox_p.png */; };
		4DB7639514729D5A00BE005A /* tickmark.png in Resources */ = {isa = PBXBuildFile; fileRef = 4DB7633F14729D5A00BE005A /* tickmark.png */; };
		4DB7639614729D5A00BE005A /* update_button.png in Resources */ = {isa = PBXBuildFile; fileRef = 4DB7634014729D5A00BE005A /* update_button.png */; };
		4DB7639714729D5A00BE005A /* update_button_p.png in Resources */ = {isa = PBXBuildFile; fileRef = 4DB7634114729D5A00BE005A /* update_button_p.png */; };
		4DB7639814729D5A00BE005A /* white_button.png in Resources */ = {isa = PBXBuildFile; fileRef = 4DB7634214729D5A00BE005A /* white_button.png */; };
		4DB7639914729D5A00BE005A /* white_button2.png in Resources */ = {isa = PBXBuildFile; fileRef = 4DB7634314729D5A00BE005A /* white_button2.png */; };
		4DB7639A14729D5A00BE005A /* white_cell_bg.png in Resources */ = {isa = PBXBuildFile; fileRef = 4DB7634414729D5A00BE005A /* white_cell_bg.png */; };
		4DDD3FD214635A8200163205 /* BCMSContactDetailsTableCell.m in Sources */ = {isa = PBXBuildFile; fileRef = 4DDD3F8C14635A8200163205 /* BCMSContactDetailsTableCell.m */; };
		4DDD3FD314635A8200163205 /* BCMSConveneRoomsTableCell.m in Sources */ = {isa = PBXBuildFile; fileRef = 4DDD3F8E14635A8200163205 /* BCMSConveneRoomsTableCell.m */; };
		4DDD3FD414635A8200163205 /* BCMSDirectReportsTableCell.m in Sources */ = {isa = PBXBuildFile; fileRef = 4DDD3F9014635A8200163205 /* BCMSDirectReportsTableCell.m */; };
		4DDD3FD514635A8200163205 /* BCMSIncidentsTableCell.m in Sources */ = {isa = PBXBuildFile; fileRef = 4DDD3F9214635A8200163205 /* BCMSIncidentsTableCell.m */; };
		4DDD3FD614635A8200163205 /* BCMSMenuTableCell.m in Sources */ = {isa = PBXBuildFile; fileRef = 4DDD3F9414635A8200163205 /* BCMSMenuTableCell.m */; };
		4DDD3FD714635A8200163205 /* BCMSMoreDetailsTableCell.m in Sources */ = {isa = PBXBuildFile; fileRef = 4DDD3F9614635A8200163205 /* BCMSMoreDetailsTableCell.m */; };
		4DDD3FD814635A8200163205 /* BCMSNotesTableCell.m in Sources */ = {isa = PBXBuildFile; fileRef = 4DDD3F9814635A8200163205 /* BCMSNotesTableCell.m */; };
		4DDD3FD914635A8200163205 /* BCMSOptionsTableCell.m in Sources */ = {isa = PBXBuildFile; fileRef = 4DDD3F9A14635A8200163205 /* BCMSOptionsTableCell.m */; };
		4DDD3FDA14635A8200163205 /* BCMSOptionsTableCell2.m in Sources */ = {isa = PBXBuildFile; fileRef = 4DDD3F9C14635A8200163205 /* BCMSOptionsTableCell2.m */; };
		4DDD3FDB14635A8200163205 /* BCMSAddConvenRoomController.m in Sources */ = {isa = PBXBuildFile; fileRef = 4DDD3F9F14635A8200163205 /* BCMSAddConvenRoomController.m */; };
		4DDD3FDC14635A8200163205 /* BCMSAddNoteViewController.m in Sources */ = {isa = PBXBuildFile; fileRef = 4DDD3FA114635A8200163205 /* BCMSAddNoteViewController.m */; };
		4DDD3FDD14635A8200163205 /* BCMSChecklistController.m in Sources */ = {isa = PBXBuildFile; fileRef = 4DDD3FA314635A8200163205 /* BCMSChecklistController.m */; };
		4DDD3FDE14635A8200163205 /* BCMSContactDetailsController.m in Sources */ = {isa = PBXBuildFile; fileRef = 4DDD3FA514635A8200163205 /* BCMSContactDetailsController.m */; };
		4DDD3FDF14635A8200163205 /* BCMSContactListExpandedController.m in Sources */ = {isa = PBXBuildFile; fileRef = 4DDD3FA714635A8200163205 /* BCMSContactListExpandedController.m */; };
		4DDD3FE014635A8200163205 /* BCMSContactListsController.m in Sources */ = {isa = PBXBuildFile; fileRef = 4DDD3FA914635A8200163205 /* BCMSContactListsController.m */; };
		4DDD3FE114635A8200163205 /* BCMSContactsController.m in Sources */ = {isa = PBXBuildFile; fileRef = 4DDD3FAB14635A8200163205 /* BCMSContactsController.m */; };
		4DDD3FE214635A8200163205 /* BCMSConveneRoomsController.m in Sources */ = {isa = PBXBuildFile; fileRef = 4DDD3FAD14635A8200163205 /* BCMSConveneRoomsController.m */; };
		4DDD3FE314635A8200163205 /* BCMSDirectReportsController.m in Sources */ = {isa = PBXBuildFile; fileRef = 4DDD3FAF14635A8200163205 /* BCMSDirectReportsController.m */; };
		4DDD3FE414635A8200163205 /* BCMSHelper.m in Sources */ = {isa = PBXBuildFile; fileRef = 4DDD3FB114635A8200163205 /* BCMSHelper.m */; };
		4DDD3FE514635A8200163205 /* BCMSIncidentDetailsController.m in Sources */ = {isa = PBXBuildFile; fileRef = 4DDD3FB314635A8200163205 /* BCMSIncidentDetailsController.m */; };
		4DDD3FE614635A8200163205 /* BCMSIncidentFilterSortController.m in Sources */ = {isa = PBXBuildFile; fileRef = 4DDD3FB514635A8200163205 /* BCMSIncidentFilterSortController.m */; };
		4DDD3FE714635A8200163205 /* BCMSIncidentOptionsController.m in Sources */ = {isa = PBXBuildFile; fileRef = 4DDD3FB714635A8200163205 /* BCMSIncidentOptionsController.m */; };
		4DDD3FE814635A8200163205 /* BCMSIncidentsViewController.m in Sources */ = {isa = PBXBuildFile; fileRef = 4DDD3FB914635A8200163205 /* BCMSIncidentsViewController.m */; };
		4DDD3FE914635A8200163205 /* BCMSLoginViewController.m in Sources */ = {isa = PBXBuildFile; fileRef = 4DDD3FBB14635A8200163205 /* BCMSLoginViewController.m */; };
		4DDD3FEA14635A8200163205 /* BCMSMenuViewController.m in Sources */ = {isa = PBXBuildFile; fileRef = 4DDD3FBD14635A8200163205 /* BCMSMenuViewController.m */; };
		4DDD3FEB14635A8200163205 /* BCMSMoreDetailsController.m in Sources */ = {isa = PBXBuildFile; fileRef = 4DDD3FBF14635A8200163205 /* BCMSMoreDetailsController.m */; };
		4DDD3FEC14635A8200163205 /* BCMSMoreListsController.m in Sources */ = {isa = PBXBuildFile; fileRef = 4DDD3FC114635A8200163205 /* BCMSMoreListsController.m */; };
		4DDD3FED14635A8200163205 /* BCMSMoreViewController.m in Sources */ = {isa = PBXBuildFile; fileRef = 4DDD3FC314635A8200163205 /* BCMSMoreViewController.m */; };
		4DDD3FEE14635A8200163205 /* BCMSNewIncidentController.m in Sources */ = {isa = PBXBuildFile; fileRef = 4DDD3FC514635A8200163205 /* BCMSNewIncidentController.m */; };
		4DDD3FEF14635A8200163205 /* BCMSNoteDetailsController.m in Sources */ = {isa = PBXBuildFile; fileRef = 4DDD3FC714635A8200163205 /* BCMSNoteDetailsController.m */; };
		4DDD3FF014635A8200163205 /* BCMSNotesViewController.m in Sources */ = {isa = PBXBuildFile; fileRef = 4DDD3FC914635A8200163205 /* BCMSNotesViewController.m */; };
		4DDD3FF114635A8200163205 /* BCMSReportsDetailController.m in Sources */ = {isa = PBXBuildFile; fileRef = 4DDD3FCB14635A8200163205 /* BCMSReportsDetailController.m */; };
		4DDD3FF214635A8200163205 /* BCMSSettingsController.m in Sources */ = {isa = PBXBuildFile; fileRef = 4DDD3FCD14635A8200163205 /* BCMSSettingsController.m */; };
		4DDD3FF314635A8200163205 /* BCMSSettingsDetailController.m in Sources */ = {isa = PBXBuildFile; fileRef = 4DDD3FCF14635A8200163205 /* BCMSSettingsDetailController.m */; };
		4DDD3FF414635A8200163205 /* BCMSUpdateIncidentController.m in Sources */ = {isa = PBXBuildFile; fileRef = 4DDD3FD114635A8200163205 /* BCMSUpdateIncidentController.m */; };
		4DDD401814635A8B00163205 /* BCMSAddConvenRoomController.xib in Resources */ = {isa = PBXBuildFile; fileRef = 4DDD3FF614635A8B00163205 /* BCMSAddConvenRoomController.xib */; };
		4DDD401914635A8B00163205 /* BCMSAddNoteViewController.xib in Resources */ = {isa = PBXBuildFile; fileRef = 4DDD3FF714635A8B00163205 /* BCMSAddNoteViewController.xib */; };
		4DDD401A14635A8B00163205 /* BCMSChecklistController.xib in Resources */ = {isa = PBXBuildFile; fileRef = 4DDD3FF814635A8B00163205 /* BCMSChecklistController.xib */; };
		4DDD401B14635A8B00163205 /* BCMSContactDetailsController.xib in Resources */ = {isa = PBXBuildFile; fileRef = 4DDD3FF914635A8B00163205 /* BCMSContactDetailsController.xib */; };
		4DDD401C14635A8B00163205 /* BCMSContactDetailsTableCell.xib in Resources */ = {isa = PBXBuildFile; fileRef = 4DDD3FFA14635A8B00163205 /* BCMSContactDetailsTableCell.xib */; };
		4DDD401D14635A8B00163205 /* BCMSContactListExpandedController.xib in Resources */ = {isa = PBXBuildFile; fileRef = 4DDD3FFB14635A8B00163205 /* BCMSContactListExpandedController.xib */; };
		4DDD401E14635A8B00163205 /* BCMSContactListsController.xib in Resources */ = {isa = PBXBuildFile; fileRef = 4DDD3FFC14635A8B00163205 /* BCMSContactListsController.xib */; };
		4DDD401F14635A8B00163205 /* BCMSContactsController.xib in Resources */ = {isa = PBXBuildFile; fileRef = 4DDD3FFD14635A8B00163205 /* BCMSContactsController.xib */; };
		4DDD402014635A8B00163205 /* BCMSConveneRoomsController.xib in Resources */ = {isa = PBXBuildFile; fileRef = 4DDD3FFE14635A8B00163205 /* BCMSConveneRoomsController.xib */; };
		4DDD402114635A8B00163205 /* BCMSConveneRoomsTableCell.xib in Resources */ = {isa = PBXBuildFile; fileRef = 4DDD3FFF14635A8B00163205 /* BCMSConveneRoomsTableCell.xib */; };
		4DDD402214635A8B00163205 /* BCMSDirectReportsController.xib in Resources */ = {isa = PBXBuildFile; fileRef = 4DDD400014635A8B00163205 /* BCMSDirectReportsController.xib */; };
		4DDD402314635A8B00163205 /* BCMSDirectReportsTableCell.xib in Resources */ = {isa = PBXBuildFile; fileRef = 4DDD400114635A8B00163205 /* BCMSDirectReportsTableCell.xib */; };
		4DDD402414635A8B00163205 /* BCMSIncidentDetailsController.xib in Resources */ = {isa = PBXBuildFile; fileRef = 4DDD400214635A8B00163205 /* BCMSIncidentDetailsController.xib */; };
		4DDD402514635A8B00163205 /* BCMSIncidentFilterSortController.xib in Resources */ = {isa = PBXBuildFile; fileRef = 4DDD400314635A8B00163205 /* BCMSIncidentFilterSortController.xib */; };
		4DDD402614635A8B00163205 /* BCMSIncidentOptionsController.xib in Resources */ = {isa = PBXBuildFile; fileRef = 4DDD400414635A8B00163205 /* BCMSIncidentOptionsController.xib */; };
		4DDD402714635A8B00163205 /* BCMSIncidentsTableCell.xib in Resources */ = {isa = PBXBuildFile; fileRef = 4DDD400514635A8B00163205 /* BCMSIncidentsTableCell.xib */; };
		4DDD402814635A8B00163205 /* BCMSIncidentsViewController.xib in Resources */ = {isa = PBXBuildFile; fileRef = 4DDD400614635A8B00163205 /* BCMSIncidentsViewController.xib */; };
		4DDD402914635A8B00163205 /* BCMSLoginViewController.xib in Resources */ = {isa = PBXBuildFile; fileRef = 4DDD400714635A8B00163205 /* BCMSLoginViewController.xib */; };
		4DDD402A14635A8B00163205 /* BCMSMenuTableCell.xib in Resources */ = {isa = PBXBuildFile; fileRef = 4DDD400814635A8B00163205 /* BCMSMenuTableCell.xib */; };
		4DDD402B14635A8B00163205 /* BCMSMenuViewController.xib in Resources */ = {isa = PBXBuildFile; fileRef = 4DDD400914635A8B00163205 /* BCMSMenuViewController.xib */; };
		4DDD402C14635A8B00163205 /* BCMSMoreDetailsController.xib in Resources */ = {isa = PBXBuildFile; fileRef = 4DDD400A14635A8B00163205 /* BCMSMoreDetailsController.xib */; };
		4DDD402D14635A8B00163205 /* BCMSMoreDetailsTableCell.xib in Resources */ = {isa = PBXBuildFile; fileRef = 4DDD400B14635A8B00163205 /* BCMSMoreDetailsTableCell.xib */; };
		4DDD402E14635A8B00163205 /* BCMSMoreListsController.xib in Resources */ = {isa = PBXBuildFile; fileRef = 4DDD400C14635A8B00163205 /* BCMSMoreListsController.xib */; };
		4DDD402F14635A8B00163205 /* BCMSMoreViewController.xib in Resources */ = {isa = PBXBuildFile; fileRef = 4DDD400D14635A8B00163205 /* BCMSMoreViewController.xib */; };
		4DDD403014635A8B00163205 /* BCMSNewIncidentController.xib in Resources */ = {isa = PBXBuildFile; fileRef = 4DDD400E14635A8B00163205 /* BCMSNewIncidentController.xib */; };
		4DDD403114635A8B00163205 /* BCMSNoteDetailsController.xib in Resources */ = {isa = PBXBuildFile; fileRef = 4DDD400F14635A8B00163205 /* BCMSNoteDetailsController.xib */; };
		4DDD403214635A8B00163205 /* BCMSNotesTableCell.xib in Resources */ = {isa = PBXBuildFile; fileRef = 4DDD401014635A8B00163205 /* BCMSNotesTableCell.xib */; };
		4DDD403314635A8B00163205 /* BCMSNotesViewController.xib in Resources */ = {isa = PBXBuildFile; fileRef = 4DDD401114635A8B00163205 /* BCMSNotesViewController.xib */; };
		4DDD403414635A8B00163205 /* BCMSOptionsTableCell.xib in Resources */ = {isa = PBXBuildFile; fileRef = 4DDD401214635A8B00163205 /* BCMSOptionsTableCell.xib */; };
		4DDD403514635A8B00163205 /* BCMSOptionsTableCell2.xib in Resources */ = {isa = PBXBuildFile; fileRef = 4DDD401314635A8B00163205 /* BCMSOptionsTableCell2.xib */; };
		4DDD403614635A8B00163205 /* BCMSReportsDetailController.xib in Resources */ = {isa = PBXBuildFile; fileRef = 4DDD401414635A8B00163205 /* BCMSReportsDetailController.xib */; };
		4DDD403714635A8B00163205 /* BCMSSettingsController.xib in Resources */ = {isa = PBXBuildFile; fileRef = 4DDD401514635A8B00163205 /* BCMSSettingsController.xib */; };
		4DDD403814635A8B00163205 /* BCMSSettingsDetailController.xib in Resources */ = {isa = PBXBuildFile; fileRef = 4DDD401614635A8B00163205 /* BCMSSettingsDetailController.xib */; };
		4DDD403914635A8B00163205 /* BCMSUpdateIncidentController.xib in Resources */ = {isa = PBXBuildFile; fileRef = 4DDD401714635A8B00163205 /* BCMSUpdateIncidentController.xib */; };
/* End PBXBuildFile section */

/* Begin PBXFileReference section */
		4D3C0DB3145EC70700232B60 /* IncidentManagementApp.app */ = {isa = PBXFileReference; explicitFileType = wrapper.application; includeInIndex = 0; path = IncidentManagementApp.app; sourceTree = BUILT_PRODUCTS_DIR; };
		4D3C0DB7145EC70700232B60 /* UIKit.framework */ = {isa = PBXFileReference; lastKnownFileType = wrapper.framework; name = UIKit.framework; path = System/Library/Frameworks/UIKit.framework; sourceTree = SDKROOT; };
		4D3C0DB9145EC70700232B60 /* Foundation.framework */ = {isa = PBXFileReference; lastKnownFileType = wrapper.framework; name = Foundation.framework; path = System/Library/Frameworks/Foundation.framework; sourceTree = SDKROOT; };
		4D3C0DBB145EC70700232B60 /* CoreGraphics.framework */ = {isa = PBXFileReference; lastKnownFileType = wrapper.framework; name = CoreGraphics.framework; path = System/Library/Frameworks/CoreGraphics.framework; sourceTree = SDKROOT; };
		4D3C0DBF145EC70700232B60 /* IncidentManagementApp-Info.plist */ = {isa = PBXFileReference; lastKnownFileType = text.plist.xml; path = "IncidentManagementApp-Info.plist"; sourceTree = "<group>"; };
		4D3C0DC1145EC70700232B60 /* en */ = {isa = PBXFileReference; lastKnownFileType = text.plist.strings; name = en; path = en.lproj/InfoPlist.strings; sourceTree = "<group>"; };
		4D3C0DC3145EC70700232B60 /* main.m */ = {isa = PBXFileReference; lastKnownFileType = sourcecode.c.objc; path = main.m; sourceTree = "<group>"; };
		4D3C0DC5145EC70700232B60 /* IncidentManagementApp-Prefix.pch */ = {isa = PBXFileReference; lastKnownFileType = sourcecode.c.h; path = "IncidentManagementApp-Prefix.pch"; sourceTree = "<group>"; };
		4D3C0DC6145EC70700232B60 /* AppDelegate.h */ = {isa = PBXFileReference; lastKnownFileType = sourcecode.c.h; path = AppDelegate.h; sourceTree = "<group>"; };
		4D3C0DC7145EC70700232B60 /* AppDelegate.m */ = {isa = PBXFileReference; lastKnownFileType = sourcecode.c.objc; path = AppDelegate.m; sourceTree = "<group>"; };
		4D3C0DE8145EC78200232B60 /* DataSource.plist */ = {isa = PBXFileReference; fileEncoding = 4; lastKnownFileType = text.plist.xml; path = DataSource.plist; sourceTree = "<group>"; };
		4DB762EF14729D5A00BE005A /* accessory_arrow.png */ = {isa = PBXFileReference; lastKnownFileType = image.png; path = accessory_arrow.png; sourceTree = "<group>"; };
		4DB762F014729D5A00BE005A /* accessory_arrow_highlight.png */ = {isa = PBXFileReference; lastKnownFileType = image.png; path = accessory_arrow_highlight.png; sourceTree = "<group>"; };
		4DB762F114729D5A00BE005A /* active_icon.png */ = {isa = PBXFileReference; lastKnownFileType = image.png; path = active_icon.png; sourceTree = "<group>"; };
		4DB762F214729D5A00BE005A /* add_button.png */ = {isa = PBXFileReference; lastKnownFileType = image.png; path = add_button.png; sourceTree = "<group>"; };
		4DB762F314729D5A00BE005A /* add_done_button.png */ = {isa = PBXFileReference; lastKnownFileType = image.png; path = add_done_button.png; sourceTree = "<group>"; };
		4DB762F414729D5A00BE005A /* add_done_button_p.png */ = {isa = PBXFileReference; lastKnownFileType = image.png; path = add_done_button_p.png; sourceTree = "<group>"; };
		4DB762F514729D5A00BE005A /* add_incident_bottom.png */ = {isa = PBXFileReference; lastKnownFileType = image.png; path = add_incident_bottom.png; sourceTree = "<group>"; };
		4DB762F614729D5A00BE005A /* add_incident_bottom_p.png */ = {isa = PBXFileReference; lastKnownFileType = image.png; path = add_incident_bottom_p.png; sourceTree = "<group>"; };
		4DB762F714729D5A00BE005A /* add_new_incident_button.png */ = {isa = PBXFileReference; lastKnownFileType = image.png; path = add_new_incident_button.png; sourceTree = "<group>"; };
		4DB762F814729D5A00BE005A /* add_new_note_button.png */ = {isa = PBXFileReference; lastKnownFileType = image.png; path = add_new_note_button.png; sourceTree = "<group>"; };
		4DB762F914729D5A00BE005A /* alert_button.png */ = {isa = PBXFileReference; lastKnownFileType = image.png; path = alert_button.png; sourceTree = "<group>"; };
		4DB762FA14729D5A00BE005A /* arrow_button.png */ = {isa = PBXFileReference; lastKnownFileType = image.png; path = arrow_button.png; sourceTree = "<group>"; };
		4DB762FB14729D5A00BE005A /* arrow_button_p.png */ = {isa = PBXFileReference; lastKnownFileType = image.png; path = arrow_button_p.png; sourceTree = "<group>"; };
		4DB762FC14729D5A00BE005A /* attachments_button.png */ = {isa = PBXFileReference; lastKnownFileType = image.png; path = attachments_button.png; sourceTree = "<group>"; };
		4DB762FD14729D5A00BE005A /* attachments_button_p.png */ = {isa = PBXFileReference; lastKnownFileType = image.png; path = attachments_button_p.png; sourceTree = "<group>"; };
		4DB762FE14729D5A00BE005A /* blue_arrow.png */ = {isa = PBXFileReference; lastKnownFileType = image.png; path = blue_arrow.png; sourceTree = "<group>"; };
		4DB762FF14729D5A00BE005A /* blue_arrow_down.png */ = {isa = PBXFileReference; lastKnownFileType = image.png; path = blue_arrow_down.png; sourceTree = "<group>"; };
		4DB7630014729D5A00BE005A /* blue_button.png */ = {isa = PBXFileReference; lastKnownFileType = image.png; path = blue_button.png; sourceTree = "<group>"; };
		4DB7630114729D5A00BE005A /* blue_button_pressed.png */ = {isa = PBXFileReference; lastKnownFileType = image.png; path = blue_button_pressed.png; sourceTree = "<group>"; };
		4DB7630214729D5A00BE005A /* call_cell_bg.png */ = {isa = PBXFileReference; lastKnownFileType = image.png; path = call_cell_bg.png; sourceTree = "<group>"; };
		4DB7630314729D5A00BE005A /* call_icon.png */ = {isa = PBXFileReference; lastKnownFileType = image.png; path = call_icon.png; sourceTree = "<group>"; };
		4DB7630414729D5A00BE005A /* cell_bg.png */ = {isa = PBXFileReference; lastKnownFileType = image.png; path = cell_bg.png; sourceTree = "<group>"; };
		4DB7630514729D5A00BE005A /* cell_bg_p.png */ = {isa = PBXFileReference; lastKnownFileType = image.png; path = cell_bg_p.png; sourceTree = "<group>"; };
		4DB7630614729D5A00BE005A /* cell_separator.png */ = {isa = PBXFileReference; lastKnownFileType = image.png; path = cell_separator.png; sourceTree = "<group>"; };
		4DB7630714729D5A00BE005A /* checkbox_checked.png */ = {isa = PBXFileReference; lastKnownFileType = image.png; path = checkbox_checked.png; sourceTree = "<group>"; };
		4DB7630814729D5A00BE005A /* checkbox_unchecked.png */ = {isa = PBXFileReference; lastKnownFileType = image.png; path = checkbox_unchecked.png; sourceTree = "<group>"; };
		4DB7630914729D5A00BE005A /* checklist_button.png */ = {isa = PBXFileReference; lastKnownFileType = image.png; path = checklist_button.png; sourceTree = "<group>"; };
		4DB7630A14729D5A00BE005A /* checklist_button_p.png */ = {isa = PBXFileReference; lastKnownFileType = image.png; path = checklist_button_p.png; sourceTree = "<group>"; };
		4DB7630B14729D5A00BE005A /* closed_icon.png */ = {isa = PBXFileReference; lastKnownFileType = image.png; path = closed_icon.png; sourceTree = "<group>"; };
		4DB7630C14729D5A00BE005A /* delete_button.png */ = {isa = PBXFileReference; lastKnownFileType = image.png; path = delete_button.png; sourceTree = "<group>"; };
		4DB7630D14729D5A00BE005A /* delete_button_highlight.png */ = {isa = PBXFileReference; lastKnownFileType = image.png; path = delete_button_highlight.png; sourceTree = "<group>"; };
		4DB7630E14729D5A00BE005A /* detail_menu_bg.png */ = {isa = PBXFileReference; lastKnownFileType = image.png; path = detail_menu_bg.png; sourceTree = "<group>"; };
		4DB7630F14729D5A00BE005A /* detail_menu_bg_p.png */ = {isa = PBXFileReference; lastKnownFileType = image.png; path = detail_menu_bg_p.png; sourceTree = "<group>"; };
		4DB7631014729D5A00BE005A /* dropdown_menu.png */ = {isa = PBXFileReference; lastKnownFileType = image.png; path = dropdown_menu.png; sourceTree = "<group>"; };
		4DB7631114729D5A00BE005A /* email_button.png */ = {isa = PBXFileReference; lastKnownFileType = image.png; path = email_button.png; sourceTree = "<group>"; };
		4DB7631214729D5A00BE005A /* email_icon.png */ = {isa = PBXFileReference; lastKnownFileType = image.png; path = email_icon.png; sourceTree = "<group>"; };
		4DB7631314729D5A00BE005A /* goto_top_button.png */ = {isa = PBXFileReference; lastKnownFileType = image.png; path = goto_top_button.png; sourceTree = "<group>"; };
		4DB7631414729D5A00BE005A /* grey_bar.png */ = {isa = PBXFileReference; lastKnownFileType = image.png; path = grey_bar.png; sourceTree = "<group>"; };
		4DB7631514729D5A00BE005A /* grey_button.png */ = {isa = PBXFileReference; lastKnownFileType = image.png; path = grey_button.png; sourceTree = "<group>"; };
		4DB7631614729D5A00BE005A /* header_bar.png */ = {isa = PBXFileReference; lastKnownFileType = image.png; path = header_bar.png; sourceTree = "<group>"; };
		4DB7631714729D5A00BE005A /* incident_cancel_button.png */ = {isa = PBXFileReference; lastKnownFileType = image.png; path = incident_cancel_button.png; sourceTree = "<group>"; };
		4DB7631814729D5A00BE005A /* incident_cancel_button_p.png */ = {isa = PBXFileReference; lastKnownFileType = image.png; path = incident_cancel_button_p.png; sourceTree = "<group>"; };
		4DB7631914729D5A00BE005A /* incident_subheader.png */ = {isa = PBXFileReference; lastKnownFileType = image.png; path = incident_subheader.png; sourceTree = "<group>"; };
		4DB7631A14729D5A00BE005A /* login_button.png */ = {isa = PBXFileReference; lastKnownFileType = image.png; path = login_button.png; sourceTree = "<group>"; };
		4DB7631B14729D5A00BE005A /* login_button_p.png */ = {isa = PBXFileReference; lastKnownFileType = image.png; path = login_button_p.png; sourceTree = "<group>"; };
		4DB7631C14729D5A00BE005A /* login_header.png */ = {isa = PBXFileReference; lastKnownFileType = image.png; path = login_header.png; sourceTree = "<group>"; };
		4DB7631D14729D5A00BE005A /* login_header_p.png */ = {isa = PBXFileReference; lastKnownFileType = image.png; path = login_header_p.png; sourceTree = "<group>"; };
		4DB7631E14729D5A00BE005A /* menu_cell_highlight_bg.png */ = {isa = PBXFileReference; lastKnownFileType = image.png; path = menu_cell_highlight_bg.png; sourceTree = "<group>"; };
		4DB7631F14729D5A00BE005A /* menu_contacts_icon.png */ = {isa = PBXFileReference; lastKnownFileType = image.png; path = menu_contacts_icon.png; sourceTree = "<group>"; };
		4DB7632014729D5A00BE005A /* menu_contacts_icon_highlight.png */ = {isa = PBXFileReference; lastKnownFileType = image.png; path = menu_contacts_icon_highlight.png; sourceTree = "<group>"; };
		4DB7632114729D5A00BE005A /* menu_header_bar.png */ = {isa = PBXFileReference; lastKnownFileType = image.png; path = menu_header_bar.png; sourceTree = "<group>"; };
		4DB7632214729D5A00BE005A /* menu_incidents_icon.png */ = {isa = PBXFileReference; lastKnownFileType = image.png; path = menu_incidents_icon.png; sourceTree = "<group>"; };
		4DB7632314729D5A00BE005A /* menu_incidents_icon_highlight.png */ = {isa = PBXFileReference; lastKnownFileType = image.png; path = menu_incidents_icon_highlight.png; sourceTree = "<group>"; };
		4DB7632414729D5A00BE005A /* menu_logout_icon.png */ = {isa = PBXFileReference; lastKnownFileType = image.png; path = menu_logout_icon.png; sourceTree = "<group>"; };
		4DB7632514729D5A00BE005A /* menu_logout_icon_highlight.png */ = {isa = PBXFileReference; lastKnownFileType = image.png; path = menu_logout_icon_highlight.png; sourceTree = "<group>"; };
		4DB7632614729D5A00BE005A /* menu_more_icon.png */ = {isa = PBXFileReference; lastKnownFileType = image.png; path = menu_more_icon.png; sourceTree = "<group>"; };
		4DB7632714729D5A00BE005A /* menu_more_icon_highlight.png */ = {isa = PBXFileReference; lastKnownFileType = image.png; path = menu_more_icon_highlight.png; sourceTree = "<group>"; };
		4DB7632814729D5A00BE005A /* menu_rooms_icon.png */ = {isa = PBXFileReference; lastKnownFileType = image.png; path = menu_rooms_icon.png; sourceTree = "<group>"; };
		4DB7632914729D5A00BE005A /* menu_rooms_icon_highlight.png */ = {isa = PBXFileReference; lastKnownFileType = image.png; path = menu_rooms_icon_highlight.png; sourceTree = "<group>"; };
		4DB7632A14729D5A00BE005A /* menu_settings_icon.png */ = {isa = PBXFileReference; lastKnownFileType = image.png; path = menu_settings_icon.png; sourceTree = "<group>"; };
		4DB7632B14729D5A00BE005A /* menu_settings_icon_highlight.png */ = {isa = PBXFileReference; lastKnownFileType = image.png; path = menu_settings_icon_highlight.png; sourceTree = "<group>"; };
		4DB7632C14729D5A00BE005A /* new_icon.png */ = {isa = PBXFileReference; lastKnownFileType = image.png; path = new_icon.png; sourceTree = "<group>"; };
		4DB7632D14729D5A00BE005A /* note_button.png */ = {isa = PBXFileReference; lastKnownFileType = image.png; path = note_button.png; sourceTree = "<group>"; };
		4DB7632E14729D5A00BE005A /* note_button_p.png */ = {isa = PBXFileReference; lastKnownFileType = image.png; path = note_button_p.png; sourceTree = "<group>"; };
		4DB7632F14729D5A00BE005A /* note_detail_frame.png */ = {isa = PBXFileReference; lastKnownFileType = image.png; path = note_detail_frame.png; sourceTree = "<group>"; };
		4DB7633014729D5A00BE005A /* notification_bg1.png */ = {isa = PBXFileReference; lastKnownFileType = image.png; path = notification_bg1.png; sourceTree = "<group>"; };
		4DB7633114729D5A00BE005A /* notification_bg1_p.png */ = {isa = PBXFileReference; lastKnownFileType = image.png; path = notification_bg1_p.png; sourceTree = "<group>"; };
		4DB7633214729D5A00BE005A /* notification_bg2.png */ = {isa = PBXFileReference; lastKnownFileType = image.png; path = notification_bg2.png; sourceTree = "<group>"; };
		4DB7633314729D5A00BE005A /* notification_bg2_p.png */ = {isa = PBXFileReference; lastKnownFileType = image.png; path = notification_bg2_p.png; sourceTree = "<group>"; };
		4DB7633414729D5A00BE005A /* notification_bg3.png */ = {isa = PBXFileReference; lastKnownFileType = image.png; path = notification_bg3.png; sourceTree = "<group>"; };
		4DB7633514729D5A00BE005A /* notification_bg3_p.png */ = {isa = PBXFileReference; lastKnownFileType = image.png; path = notification_bg3_p.png; sourceTree = "<group>"; };
		4DB7633614729D5A00BE005A /* notification_bg4.png */ = {isa = PBXFileReference; lastKnownFileType = image.png; path = notification_bg4.png; sourceTree = "<group>"; };
		4DB7633714729D5A00BE005A /* notification_bg4_p.png */ = {isa = PBXFileReference; lastKnownFileType = image.png; path = notification_bg4_p.png; sourceTree = "<group>"; };
		4DB7633814729D5A00BE005A /* option_button.png */ = {isa = PBXFileReference; lastKnownFileType = image.png; path = option_button.png; sourceTree = "<group>"; };
		4DB7633914729D5A00BE005A /* pending_icon.png */ = {isa = PBXFileReference; lastKnownFileType = image.png; path = pending_icon.png; sourceTree = "<group>"; };
		4DB7633A14729D5A00BE005A /* phone_button.png */ = {isa = PBXFileReference; lastKnownFileType = image.png; path = phone_button.png; sourceTree = "<group>"; };
		4DB7633B14729D5A00BE005A /* red_delete_button.png */ = {isa = PBXFileReference; lastKnownFileType = image.png; path = red_delete_button.png; sourceTree = "<group>"; };
		4DB7633C14729D5A00BE005A /* text_icon.png */ = {isa = PBXFileReference; lastKnownFileType = image.png; path = text_icon.png; sourceTree = "<group>"; };
		4DB7633D14729D5A00BE005A /* textbox.png */ = {isa = PBXFileReference; lastKnownFileType = image.png; path = textbox.png; sourceTree = "<group>"; };
		4DB7633E14729D5A00BE005A /* textbox_p.png */ = {isa = PBXFileReference; lastKnownFileType = image.png; path = textbox_p.png; sourceTree = "<group>"; };
		4DB7633F14729D5A00BE005A /* tickmark.png */ = {isa = PBXFileReference; lastKnownFileType = image.png; path = tickmark.png; sourceTree = "<group>"; };
		4DB7634014729D5A00BE005A /* update_button.png */ = {isa = PBXFileReference; lastKnownFileType = image.png; path = update_button.png; sourceTree = "<group>"; };
		4DB7634114729D5A00BE005A /* update_button_p.png */ = {isa = PBXFileReference; lastKnownFileType = image.png; path = update_button_p.png; sourceTree = "<group>"; };
		4DB7634214729D5A00BE005A /* white_button.png */ = {isa = PBXFileReference; lastKnownFileType = image.png; path = white_button.png; sourceTree = "<group>"; };
		4DB7634314729D5A00BE005A /* white_button2.png */ = {isa = PBXFileReference; lastKnownFileType = image.png; path = white_button2.png; sourceTree = "<group>"; };
		4DB7634414729D5A00BE005A /* white_cell_bg.png */ = {isa = PBXFileReference; lastKnownFileType = image.png; path = white_cell_bg.png; sourceTree = "<group>"; };
		4DDD3F8B14635A8200163205 /* BCMSContactDetailsTableCell.h */ = {isa = PBXFileReference; fileEncoding = 4; lastKnownFileType = sourcecode.c.h; path = BCMSContactDetailsTableCell.h; sourceTree = "<group>"; };
		4DDD3F8C14635A8200163205 /* BCMSContactDetailsTableCell.m */ = {isa = PBXFileReference; fileEncoding = 4; lastKnownFileType = sourcecode.c.objc; path = BCMSContactDetailsTableCell.m; sourceTree = "<group>"; };
		4DDD3F8D14635A8200163205 /* BCMSConveneRoomsTableCell.h */ = {isa = PBXFileReference; fileEncoding = 4; lastKnownFileType = sourcecode.c.h; path = BCMSConveneRoomsTableCell.h; sourceTree = "<group>"; };
		4DDD3F8E14635A8200163205 /* BCMSConveneRoomsTableCell.m */ = {isa = PBXFileReference; fileEncoding = 4; lastKnownFileType = sourcecode.c.objc; path = BCMSConveneRoomsTableCell.m; sourceTree = "<group>"; };
		4DDD3F8F14635A8200163205 /* BCMSDirectReportsTableCell.h */ = {isa = PBXFileReference; fileEncoding = 4; lastKnownFileType = sourcecode.c.h; path = BCMSDirectReportsTableCell.h; sourceTree = "<group>"; };
		4DDD3F9014635A8200163205 /* BCMSDirectReportsTableCell.m */ = {isa = PBXFileReference; fileEncoding = 4; lastKnownFileType = sourcecode.c.objc; path = BCMSDirectReportsTableCell.m; sourceTree = "<group>"; };
		4DDD3F9114635A8200163205 /* BCMSIncidentsTableCell.h */ = {isa = PBXFileReference; fileEncoding = 4; lastKnownFileType = sourcecode.c.h; path = BCMSIncidentsTableCell.h; sourceTree = "<group>"; };
		4DDD3F9214635A8200163205 /* BCMSIncidentsTableCell.m */ = {isa = PBXFileReference; fileEncoding = 4; lastKnownFileType = sourcecode.c.objc; path = BCMSIncidentsTableCell.m; sourceTree = "<group>"; };
		4DDD3F9314635A8200163205 /* BCMSMenuTableCell.h */ = {isa = PBXFileReference; fileEncoding = 4; lastKnownFileType = sourcecode.c.h; path = BCMSMenuTableCell.h; sourceTree = "<group>"; };
		4DDD3F9414635A8200163205 /* BCMSMenuTableCell.m */ = {isa = PBXFileReference; fileEncoding = 4; lastKnownFileType = sourcecode.c.objc; path = BCMSMenuTableCell.m; sourceTree = "<group>"; };
		4DDD3F9514635A8200163205 /* BCMSMoreDetailsTableCell.h */ = {isa = PBXFileReference; fileEncoding = 4; lastKnownFileType = sourcecode.c.h; path = BCMSMoreDetailsTableCell.h; sourceTree = "<group>"; };
		4DDD3F9614635A8200163205 /* BCMSMoreDetailsTableCell.m */ = {isa = PBXFileReference; fileEncoding = 4; lastKnownFileType = sourcecode.c.objc; path = BCMSMoreDetailsTableCell.m; sourceTree = "<group>"; };
		4DDD3F9714635A8200163205 /* BCMSNotesTableCell.h */ = {isa = PBXFileReference; fileEncoding = 4; lastKnownFileType = sourcecode.c.h; path = BCMSNotesTableCell.h; sourceTree = "<group>"; };
		4DDD3F9814635A8200163205 /* BCMSNotesTableCell.m */ = {isa = PBXFileReference; fileEncoding = 4; lastKnownFileType = sourcecode.c.objc; path = BCMSNotesTableCell.m; sourceTree = "<group>"; };
		4DDD3F9914635A8200163205 /* BCMSOptionsTableCell.h */ = {isa = PBXFileReference; fileEncoding = 4; lastKnownFileType = sourcecode.c.h; path = BCMSOptionsTableCell.h; sourceTree = "<group>"; };
		4DDD3F9A14635A8200163205 /* BCMSOptionsTableCell.m */ = {isa = PBXFileReference; fileEncoding = 4; lastKnownFileType = sourcecode.c.objc; path = BCMSOptionsTableCell.m; sourceTree = "<group>"; };
		4DDD3F9B14635A8200163205 /* BCMSOptionsTableCell2.h */ = {isa = PBXFileReference; fileEncoding = 4; lastKnownFileType = sourcecode.c.h; path = BCMSOptionsTableCell2.h; sourceTree = "<group>"; };
		4DDD3F9C14635A8200163205 /* BCMSOptionsTableCell2.m */ = {isa = PBXFileReference; fileEncoding = 4; lastKnownFileType = sourcecode.c.objc; path = BCMSOptionsTableCell2.m; sourceTree = "<group>"; };
		4DDD3F9E14635A8200163205 /* BCMSAddConvenRoomController.h */ = {isa = PBXFileReference; fileEncoding = 4; lastKnownFileType = sourcecode.c.h; path = BCMSAddConvenRoomController.h; sourceTree = "<group>"; };
		4DDD3F9F14635A8200163205 /* BCMSAddConvenRoomController.m */ = {isa = PBXFileReference; fileEncoding = 4; lastKnownFileType = sourcecode.c.objc; path = BCMSAddConvenRoomController.m; sourceTree = "<group>"; };
		4DDD3FA014635A8200163205 /* BCMSAddNoteViewController.h */ = {isa = PBXFileReference; fileEncoding = 4; lastKnownFileType = sourcecode.c.h; path = BCMSAddNoteViewController.h; sourceTree = "<group>"; };
		4DDD3FA114635A8200163205 /* BCMSAddNoteViewController.m */ = {isa = PBXFileReference; fileEncoding = 4; lastKnownFileType = sourcecode.c.objc; path = BCMSAddNoteViewController.m; sourceTree = "<group>"; };
		4DDD3FA214635A8200163205 /* BCMSChecklistController.h */ = {isa = PBXFileReference; fileEncoding = 4; lastKnownFileType = sourcecode.c.h; path = BCMSChecklistController.h; sourceTree = "<group>"; };
		4DDD3FA314635A8200163205 /* BCMSChecklistController.m */ = {isa = PBXFileReference; fileEncoding = 4; lastKnownFileType = sourcecode.c.objc; path = BCMSChecklistController.m; sourceTree = "<group>"; };
		4DDD3FA414635A8200163205 /* BCMSContactDetailsController.h */ = {isa = PBXFileReference; fileEncoding = 4; lastKnownFileType = sourcecode.c.h; path = BCMSContactDetailsController.h; sourceTree = "<group>"; };
		4DDD3FA514635A8200163205 /* BCMSContactDetailsController.m */ = {isa = PBXFileReference; fileEncoding = 4; lastKnownFileType = sourcecode.c.objc; path = BCMSContactDetailsController.m; sourceTree = "<group>"; };
		4DDD3FA614635A8200163205 /* BCMSContactListExpandedController.h */ = {isa = PBXFileReference; fileEncoding = 4; lastKnownFileType = sourcecode.c.h; path = BCMSContactListExpandedController.h; sourceTree = "<group>"; };
		4DDD3FA714635A8200163205 /* BCMSContactListExpandedController.m */ = {isa = PBXFileReference; fileEncoding = 4; lastKnownFileType = sourcecode.c.objc; path = BCMSContactListExpandedController.m; sourceTree = "<group>"; };
		4DDD3FA814635A8200163205 /* BCMSContactListsController.h */ = {isa = PBXFileReference; fileEncoding = 4; lastKnownFileType = sourcecode.c.h; path = BCMSContactListsController.h; sourceTree = "<group>"; };
		4DDD3FA914635A8200163205 /* BCMSContactListsController.m */ = {isa = PBXFileReference; fileEncoding = 4; lastKnownFileType = sourcecode.c.objc; path = BCMSContactListsController.m; sourceTree = "<group>"; };
		4DDD3FAA14635A8200163205 /* BCMSContactsController.h */ = {isa = PBXFileReference; fileEncoding = 4; lastKnownFileType = sourcecode.c.h; path = BCMSContactsController.h; sourceTree = "<group>"; };
		4DDD3FAB14635A8200163205 /* BCMSContactsController.m */ = {isa = PBXFileReference; fileEncoding = 4; lastKnownFileType = sourcecode.c.objc; path = BCMSContactsController.m; sourceTree = "<group>"; };
		4DDD3FAC14635A8200163205 /* BCMSConveneRoomsController.h */ = {isa = PBXFileReference; fileEncoding = 4; lastKnownFileType = sourcecode.c.h; path = BCMSConveneRoomsController.h; sourceTree = "<group>"; };
		4DDD3FAD14635A8200163205 /* BCMSConveneRoomsController.m */ = {isa = PBXFileReference; fileEncoding = 4; lastKnownFileType = sourcecode.c.objc; path = BCMSConveneRoomsController.m; sourceTree = "<group>"; };
		4DDD3FAE14635A8200163205 /* BCMSDirectReportsController.h */ = {isa = PBXFileReference; fileEncoding = 4; lastKnownFileType = sourcecode.c.h; path = BCMSDirectReportsController.h; sourceTree = "<group>"; };
		4DDD3FAF14635A8200163205 /* BCMSDirectReportsController.m */ = {isa = PBXFileReference; fileEncoding = 4; lastKnownFileType = sourcecode.c.objc; path = BCMSDirectReportsController.m; sourceTree = "<group>"; };
		4DDD3FB014635A8200163205 /* BCMSHelper.h */ = {isa = PBXFileReference; fileEncoding = 4; lastKnownFileType = sourcecode.c.h; path = BCMSHelper.h; sourceTree = "<group>"; };
		4DDD3FB114635A8200163205 /* BCMSHelper.m */ = {isa = PBXFileReference; fileEncoding = 4; lastKnownFileType = sourcecode.c.objc; path = BCMSHelper.m; sourceTree = "<group>"; };
		4DDD3FB214635A8200163205 /* BCMSIncidentDetailsController.h */ = {isa = PBXFileReference; fileEncoding = 4; lastKnownFileType = sourcecode.c.h; path = BCMSIncidentDetailsController.h; sourceTree = "<group>"; };
		4DDD3FB314635A8200163205 /* BCMSIncidentDetailsController.m */ = {isa = PBXFileReference; fileEncoding = 4; lastKnownFileType = sourcecode.c.objc; path = BCMSIncidentDetailsController.m; sourceTree = "<group>"; };
		4DDD3FB414635A8200163205 /* BCMSIncidentFilterSortController.h */ = {isa = PBXFileReference; fileEncoding = 4; lastKnownFileType = sourcecode.c.h; path = BCMSIncidentFilterSortController.h; sourceTree = "<group>"; };
		4DDD3FB514635A8200163205 /* BCMSIncidentFilterSortController.m */ = {isa = PBXFileReference; fileEncoding = 4; lastKnownFileType = sourcecode.c.objc; path = BCMSIncidentFilterSortController.m; sourceTree = "<group>"; };
		4DDD3FB614635A8200163205 /* BCMSIncidentOptionsController.h */ = {isa = PBXFileReference; fileEncoding = 4; lastKnownFileType = sourcecode.c.h; path = BCMSIncidentOptionsController.h; sourceTree = "<group>"; };
		4DDD3FB714635A8200163205 /* BCMSIncidentOptionsController.m */ = {isa = PBXFileReference; fileEncoding = 4; lastKnownFileType = sourcecode.c.objc; path = BCMSIncidentOptionsController.m; sourceTree = "<group>"; };
		4DDD3FB814635A8200163205 /* BCMSIncidentsViewController.h */ = {isa = PBXFileReference; fileEncoding = 4; lastKnownFileType = sourcecode.c.h; path = BCMSIncidentsViewController.h; sourceTree = "<group>"; };
		4DDD3FB914635A8200163205 /* BCMSIncidentsViewController.m */ = {isa = PBXFileReference; fileEncoding = 4; lastKnownFileType = sourcecode.c.objc; path = BCMSIncidentsViewController.m; sourceTree = "<group>"; };
		4DDD3FBA14635A8200163205 /* BCMSLoginViewController.h */ = {isa = PBXFileReference; fileEncoding = 4; lastKnownFileType = sourcecode.c.h; path = BCMSLoginViewController.h; sourceTree = "<group>"; };
		4DDD3FBB14635A8200163205 /* BCMSLoginViewController.m */ = {isa = PBXFileReference; fileEncoding = 4; lastKnownFileType = sourcecode.c.objc; path = BCMSLoginViewController.m; sourceTree = "<group>"; };
		4DDD3FBC14635A8200163205 /* BCMSMenuViewController.h */ = {isa = PBXFileReference; fileEncoding = 4; lastKnownFileType = sourcecode.c.h; path = BCMSMenuViewController.h; sourceTree = "<group>"; };
		4DDD3FBD14635A8200163205 /* BCMSMenuViewController.m */ = {isa = PBXFileReference; fileEncoding = 4; lastKnownFileType = sourcecode.c.objc; path = BCMSMenuViewController.m; sourceTree = "<group>"; };
		4DDD3FBE14635A8200163205 /* BCMSMoreDetailsController.h */ = {isa = PBXFileReference; fileEncoding = 4; lastKnownFileType = sourcecode.c.h; path = BCMSMoreDetailsController.h; sourceTree = "<group>"; };
		4DDD3FBF14635A8200163205 /* BCMSMoreDetailsController.m */ = {isa = PBXFileReference; fileEncoding = 4; lastKnownFileType = sourcecode.c.objc; path = BCMSMoreDetailsController.m; sourceTree = "<group>"; };
		4DDD3FC014635A8200163205 /* BCMSMoreListsController.h */ = {isa = PBXFileReference; fileEncoding = 4; lastKnownFileType = sourcecode.c.h; path = BCMSMoreListsController.h; sourceTree = "<group>"; };
		4DDD3FC114635A8200163205 /* BCMSMoreListsController.m */ = {isa = PBXFileReference; fileEncoding = 4; lastKnownFileType = sourcecode.c.objc; path = BCMSMoreListsController.m; sourceTree = "<group>"; };
		4DDD3FC214635A8200163205 /* BCMSMoreViewController.h */ = {isa = PBXFileReference; fileEncoding = 4; lastKnownFileType = sourcecode.c.h; path = BCMSMoreViewController.h; sourceTree = "<group>"; };
		4DDD3FC314635A8200163205 /* BCMSMoreViewController.m */ = {isa = PBXFileReference; fileEncoding = 4; lastKnownFileType = sourcecode.c.objc; path = BCMSMoreViewController.m; sourceTree = "<group>"; };
		4DDD3FC414635A8200163205 /* BCMSNewIncidentController.h */ = {isa = PBXFileReference; fileEncoding = 4; lastKnownFileType = sourcecode.c.h; path = BCMSNewIncidentController.h; sourceTree = "<group>"; };
		4DDD3FC514635A8200163205 /* BCMSNewIncidentController.m */ = {isa = PBXFileReference; fileEncoding = 4; lastKnownFileType = sourcecode.c.objc; path = BCMSNewIncidentController.m; sourceTree = "<group>"; };
		4DDD3FC614635A8200163205 /* BCMSNoteDetailsController.h */ = {isa = PBXFileReference; fileEncoding = 4; lastKnownFileType = sourcecode.c.h; path = BCMSNoteDetailsController.h; sourceTree = "<group>"; };
		4DDD3FC714635A8200163205 /* BCMSNoteDetailsController.m */ = {isa = PBXFileReference; fileEncoding = 4; lastKnownFileType = sourcecode.c.objc; path = BCMSNoteDetailsController.m; sourceTree = "<group>"; };
		4DDD3FC814635A8200163205 /* BCMSNotesViewController.h */ = {isa = PBXFileReference; fileEncoding = 4; lastKnownFileType = sourcecode.c.h; path = BCMSNotesViewController.h; sourceTree = "<group>"; };
		4DDD3FC914635A8200163205 /* BCMSNotesViewController.m */ = {isa = PBXFileReference; fileEncoding = 4; lastKnownFileType = sourcecode.c.objc; path = BCMSNotesViewController.m; sourceTree = "<group>"; };
		4DDD3FCA14635A8200163205 /* BCMSReportsDetailController.h */ = {isa = PBXFileReference; fileEncoding = 4; lastKnownFileType = sourcecode.c.h; path = BCMSReportsDetailController.h; sourceTree = "<group>"; };
		4DDD3FCB14635A8200163205 /* BCMSReportsDetailController.m */ = {isa = PBXFileReference; fileEncoding = 4; lastKnownFileType = sourcecode.c.objc; path = BCMSReportsDetailController.m; sourceTree = "<group>"; };
		4DDD3FCC14635A8200163205 /* BCMSSettingsController.h */ = {isa = PBXFileReference; fileEncoding = 4; lastKnownFileType = sourcecode.c.h; path = BCMSSettingsController.h; sourceTree = "<group>"; };
		4DDD3FCD14635A8200163205 /* BCMSSettingsController.m */ = {isa = PBXFileReference; fileEncoding = 4; lastKnownFileType = sourcecode.c.objc; path = BCMSSettingsController.m; sourceTree = "<group>"; };
		4DDD3FCE14635A8200163205 /* BCMSSettingsDetailController.h */ = {isa = PBXFileReference; fileEncoding = 4; lastKnownFileType = sourcecode.c.h; path = BCMSSettingsDetailController.h; sourceTree = "<group>"; };
		4DDD3FCF14635A8200163205 /* BCMSSettingsDetailController.m */ = {isa = PBXFileReference; fileEncoding = 4; lastKnownFileType = sourcecode.c.objc; path = BCMSSettingsDetailController.m; sourceTree = "<group>"; };
		4DDD3FD014635A8200163205 /* BCMSUpdateIncidentController.h */ = {isa = PBXFileReference; fileEncoding = 4; lastKnownFileType = sourcecode.c.h; path = BCMSUpdateIncidentController.h; sourceTree = "<group>"; };
		4DDD3FD114635A8200163205 /* BCMSUpdateIncidentController.m */ = {isa = PBXFileReference; fileEncoding = 4; lastKnownFileType = sourcecode.c.objc; path = BCMSUpdateIncidentController.m; sourceTree = "<group>"; };
		4DDD3FF614635A8B00163205 /* BCMSAddConvenRoomController.xib */ = {isa = PBXFileReference; fileEncoding = 4; lastKnownFileType = file.xib; path = BCMSAddConvenRoomController.xib; sourceTree = "<group>"; };
		4DDD3FF714635A8B00163205 /* BCMSAddNoteViewController.xib */ = {isa = PBXFileReference; fileEncoding = 4; lastKnownFileType = file.xib; path = BCMSAddNoteViewController.xib; sourceTree = "<group>"; };
		4DDD3FF814635A8B00163205 /* BCMSChecklistController.xib */ = {isa = PBXFileReference; fileEncoding = 4; lastKnownFileType = file.xib; path = BCMSChecklistController.xib; sourceTree = "<group>"; };
		4DDD3FF914635A8B00163205 /* BCMSContactDetailsController.xib */ = {isa = PBXFileReference; fileEncoding = 4; lastKnownFileType = file.xib; path = BCMSContactDetailsController.xib; sourceTree = "<group>"; };
		4DDD3FFA14635A8B00163205 /* BCMSContactDetailsTableCell.xib */ = {isa = PBXFileReference; fileEncoding = 4; lastKnownFileType = file.xib; path = BCMSContactDetailsTableCell.xib; sourceTree = "<group>"; };
		4DDD3FFB14635A8B00163205 /* BCMSContactListExpandedController.xib */ = {isa = PBXFileReference; fileEncoding = 4; lastKnownFileType = file.xib; path = BCMSContactListExpandedController.xib; sourceTree = "<group>"; };
		4DDD3FFC14635A8B00163205 /* BCMSContactListsController.xib */ = {isa = PBXFileReference; fileEncoding = 4; lastKnownFileType = file.xib; path = BCMSContactListsController.xib; sourceTree = "<group>"; };
		4DDD3FFD14635A8B00163205 /* BCMSContactsController.xib */ = {isa = PBXFileReference; fileEncoding = 4; lastKnownFileType = file.xib; path = BCMSContactsController.xib; sourceTree = "<group>"; };
		4DDD3FFE14635A8B00163205 /* BCMSConveneRoomsController.xib */ = {isa = PBXFileReference; fileEncoding = 4; lastKnownFileType = file.xib; path = BCMSConveneRoomsController.xib; sourceTree = "<group>"; };
		4DDD3FFF14635A8B00163205 /* BCMSConveneRoomsTableCell.xib */ = {isa = PBXFileReference; fileEncoding = 4; lastKnownFileType = file.xib; path = BCMSConveneRoomsTableCell.xib; sourceTree = "<group>"; };
		4DDD400014635A8B00163205 /* BCMSDirectReportsController.xib */ = {isa = PBXFileReference; fileEncoding = 4; lastKnownFileType = file.xib; path = BCMSDirectReportsController.xib; sourceTree = "<group>"; };
		4DDD400114635A8B00163205 /* BCMSDirectReportsTableCell.xib */ = {isa = PBXFileReference; fileEncoding = 4; lastKnownFileType = file.xib; path = BCMSDirectReportsTableCell.xib; sourceTree = "<group>"; };
		4DDD400214635A8B00163205 /* BCMSIncidentDetailsController.xib */ = {isa = PBXFileReference; fileEncoding = 4; lastKnownFileType = file.xib; path = BCMSIncidentDetailsController.xib; sourceTree = "<group>"; };
		4DDD400314635A8B00163205 /* BCMSIncidentFilterSortController.xib */ = {isa = PBXFileReference; fileEncoding = 4; lastKnownFileType = file.xib; path = BCMSIncidentFilterSortController.xib; sourceTree = "<group>"; };
		4DDD400414635A8B00163205 /* BCMSIncidentOptionsController.xib */ = {isa = PBXFileReference; fileEncoding = 4; lastKnownFileType = file.xib; path = BCMSIncidentOptionsController.xib; sourceTree = "<group>"; };
		4DDD400514635A8B00163205 /* BCMSIncidentsTableCell.xib */ = {isa = PBXFileReference; fileEncoding = 4; lastKnownFileType = file.xib; path = BCMSIncidentsTableCell.xib; sourceTree = "<group>"; };
		4DDD400614635A8B00163205 /* BCMSIncidentsViewController.xib */ = {isa = PBXFileReference; fileEncoding = 4; lastKnownFileType = file.xib; path = BCMSIncidentsViewController.xib; sourceTree = "<group>"; };
		4DDD400714635A8B00163205 /* BCMSLoginViewController.xib */ = {isa = PBXFileReference; fileEncoding = 4; lastKnownFileType = file.xib; path = BCMSLoginViewController.xib; sourceTree = "<group>"; };
		4DDD400814635A8B00163205 /* BCMSMenuTableCell.xib */ = {isa = PBXFileReference; fileEncoding = 4; lastKnownFileType = file.xib; path = BCMSMenuTableCell.xib; sourceTree = "<group>"; };
		4DDD400914635A8B00163205 /* BCMSMenuViewController.xib */ = {isa = PBXFileReference; fileEncoding = 4; lastKnownFileType = file.xib; path = BCMSMenuViewController.xib; sourceTree = "<group>"; };
		4DDD400A14635A8B00163205 /* BCMSMoreDetailsController.xib */ = {isa = PBXFileReference; fileEncoding = 4; lastKnownFileType = file.xib; path = BCMSMoreDetailsController.xib; sourceTree = "<group>"; };
		4DDD400B14635A8B00163205 /* BCMSMoreDetailsTableCell.xib */ = {isa = PBXFileReference; fileEncoding = 4; lastKnownFileType = file.xib; path = BCMSMoreDetailsTableCell.xib; sourceTree = "<group>"; };
		4DDD400C14635A8B00163205 /* BCMSMoreListsController.xib */ = {isa = PBXFileReference; fileEncoding = 4; lastKnownFileType = file.xib; path = BCMSMoreListsController.xib; sourceTree = "<group>"; };
		4DDD400D14635A8B00163205 /* BCMSMoreViewController.xib */ = {isa = PBXFileReference; fileEncoding = 4; lastKnownFileType = file.xib; path = BCMSMoreViewController.xib; sourceTree = "<group>"; };
		4DDD400E14635A8B00163205 /* BCMSNewIncidentController.xib */ = {isa = PBXFileReference; fileEncoding = 4; lastKnownFileType = file.xib; path = BCMSNewIncidentController.xib; sourceTree = "<group>"; };
		4DDD400F14635A8B00163205 /* BCMSNoteDetailsController.xib */ = {isa = PBXFileReference; fileEncoding = 4; lastKnownFileType = file.xib; path = BCMSNoteDetailsController.xib; sourceTree = "<group>"; };
		4DDD401014635A8B00163205 /* BCMSNotesTableCell.xib */ = {isa = PBXFileReference; fileEncoding = 4; lastKnownFileType = file.xib; path = BCMSNotesTableCell.xib; sourceTree = "<group>"; };
		4DDD401114635A8B00163205 /* BCMSNotesViewController.xib */ = {isa = PBXFileReference; fileEncoding = 4; lastKnownFileType = file.xib; path = BCMSNotesViewController.xib; sourceTree = "<group>"; };
		4DDD401214635A8B00163205 /* BCMSOptionsTableCell.xib */ = {isa = PBXFileReference; fileEncoding = 4; lastKnownFileType = file.xib; path = BCMSOptionsTableCell.xib; sourceTree = "<group>"; };
		4DDD401314635A8B00163205 /* BCMSOptionsTableCell2.xib */ = {isa = PBXFileReference; fileEncoding = 4; lastKnownFileType = file.xib; path = BCMSOptionsTableCell2.xib; sourceTree = "<group>"; };
		4DDD401414635A8B00163205 /* BCMSReportsDetailController.xib */ = {isa = PBXFileReference; fileEncoding = 4; lastKnownFileType = file.xib; path = BCMSReportsDetailController.xib; sourceTree = "<group>"; };
		4DDD401514635A8B00163205 /* BCMSSettingsController.xib */ = {isa = PBXFileReference; fileEncoding = 4; lastKnownFileType = file.xib; path = BCMSSettingsController.xib; sourceTree = "<group>"; };
		4DDD401614635A8B00163205 /* BCMSSettingsDetailController.xib */ = {isa = PBXFileReference; fileEncoding = 4; lastKnownFileType = file.xib; path = BCMSSettingsDetailController.xib; sourceTree = "<group>"; };
		4DDD401714635A8B00163205 /* BCMSUpdateIncidentController.xib */ = {isa = PBXFileReference; fileEncoding = 4; lastKnownFileType = file.xib; path = BCMSUpdateIncidentController.xib; sourceTree = "<group>"; };
/* End PBXFileReference section */

/* Begin PBXFrameworksBuildPhase section */
		4D3C0DB0145EC70700232B60 /* Frameworks */ = {
			isa = PBXFrameworksBuildPhase;
			buildActionMask = 2147483647;
			files = (
				4D3C0DB8145EC70700232B60 /* UIKit.framework in Frameworks */,
				4D3C0DBA145EC70700232B60 /* Foundation.framework in Frameworks */,
				4D3C0DBC145EC70700232B60 /* CoreGraphics.framework in Frameworks */,
			);
			runOnlyForDeploymentPostprocessing = 0;
		};
/* End PBXFrameworksBuildPhase section */

/* Begin PBXGroup section */
		4D3C0DA8145EC70700232B60 = {
			isa = PBXGroup;
			children = (
				4D3C0DBD145EC70700232B60 /* IncidentManagementApp */,
				4D3C0DB6145EC70700232B60 /* Frameworks */,
				4D3C0DB4145EC70700232B60 /* Products */,
			);
			sourceTree = "<group>";
		};
		4D3C0DB4145EC70700232B60 /* Products */ = {
			isa = PBXGroup;
			children = (
				4D3C0DB3145EC70700232B60 /* IncidentManagementApp.app */,
			);
			name = Products;
			sourceTree = "<group>";
		};
		4D3C0DB6145EC70700232B60 /* Frameworks */ = {
			isa = PBXGroup;
			children = (
				4D3C0DB7145EC70700232B60 /* UIKit.framework */,
				4D3C0DB9145EC70700232B60 /* Foundation.framework */,
				4D3C0DBB145EC70700232B60 /* CoreGraphics.framework */,
			);
			name = Frameworks;
			sourceTree = "<group>";
		};
		4D3C0DBD145EC70700232B60 /* IncidentManagementApp */ = {
			isa = PBXGroup;
			children = (
				4D3C0DC6145EC70700232B60 /* AppDelegate.h */,
				4D3C0DC7145EC70700232B60 /* AppDelegate.m */,
				4D3C0DDA145EC78200232B60 /* Classes */,
				4D3C0DE6145EC78200232B60 /* resources */,
				4D3C0DBE145EC70700232B60 /* Supporting Files */,
			);
			path = IncidentManagementApp;
			sourceTree = "<group>";
		};
		4D3C0DBE145EC70700232B60 /* Supporting Files */ = {
			isa = PBXGroup;
			children = (
				4D3C0DBF145EC70700232B60 /* IncidentManagementApp-Info.plist */,
				4D3C0DC0145EC70700232B60 /* InfoPlist.strings */,
				4D3C0DC3145EC70700232B60 /* main.m */,
				4D3C0DC5145EC70700232B60 /* IncidentManagementApp-Prefix.pch */,
			);
			name = "Supporting Files";
			sourceTree = "<group>";
		};
		4D3C0DDA145EC78200232B60 /* Classes */ = {
			isa = PBXGroup;
			children = (
				4DDD3F9D14635A8200163205 /* ViewController */,
				4DDD3F8A14635A8200163205 /* TableCellControllers */,
			);
			path = Classes;
			sourceTree = "<group>";
		};
		4D3C0DE6145EC78200232B60 /* resources */ = {
			isa = PBXGroup;
			children = (
				4DDD3FF514635A8B00163205 /* xib */,
				4DB762EE14729D5A00BE005A /* images */,
				4D3C0DE7145EC78200232B60 /* Data */,
			);
			path = resources;
			sourceTree = "<group>";
		};
		4D3C0DE7145EC78200232B60 /* Data */ = {
			isa = PBXGroup;
			children = (
				4D3C0DE8145EC78200232B60 /* DataSource.plist */,
			);
			path = Data;
			sourceTree = "<group>";
		};
		4DB762EE14729D5A00BE005A /* images */ = {
			isa = PBXGroup;
			children = (
				4DB762EF14729D5A00BE005A /* accessory_arrow.png */,
				4DB762F014729D5A00BE005A /* accessory_arrow_highlight.png */,
				4DB762F114729D5A00BE005A /* active_icon.png */,
				4DB762F214729D5A00BE005A /* add_button.png */,
				4DB762F314729D5A00BE005A /* add_done_button.png */,
				4DB762F414729D5A00BE005A /* add_done_button_p.png */,
				4DB762F514729D5A00BE005A /* add_incident_bottom.png */,
				4DB762F614729D5A00BE005A /* add_incident_bottom_p.png */,
				4DB762F714729D5A00BE005A /* add_new_incident_button.png */,
				4DB762F814729D5A00BE005A /* add_new_note_button.png */,
				4DB762F914729D5A00BE005A /* alert_button.png */,
				4DB762FA14729D5A00BE005A /* arrow_button.png */,
				4DB762FB14729D5A00BE005A /* arrow_button_p.png */,
				4DB762FC14729D5A00BE005A /* attachments_button.png */,
				4DB762FD14729D5A00BE005A /* attachments_button_p.png */,
				4DB762FE14729D5A00BE005A /* blue_arrow.png */,
				4DB762FF14729D5A00BE005A /* blue_arrow_down.png */,
				4DB7630014729D5A00BE005A /* blue_button.png */,
				4DB7630114729D5A00BE005A /* blue_button_pressed.png */,
				4DB7630214729D5A00BE005A /* call_cell_bg.png */,
				4DB7630314729D5A00BE005A /* call_icon.png */,
				4DB7630414729D5A00BE005A /* cell_bg.png */,
				4DB7630514729D5A00BE005A /* cell_bg_p.png */,
				4DB7630614729D5A00BE005A /* cell_separator.png */,
				4DB7630714729D5A00BE005A /* checkbox_checked.png */,
				4DB7630814729D5A00BE005A /* checkbox_unchecked.png */,
				4DB7630914729D5A00BE005A /* checklist_button.png */,
				4DB7630A14729D5A00BE005A /* checklist_button_p.png */,
				4DB7630B14729D5A00BE005A /* closed_icon.png */,
				4DB7630C14729D5A00BE005A /* delete_button.png */,
				4DB7630D14729D5A00BE005A /* delete_button_highlight.png */,
				4DB7630E14729D5A00BE005A /* detail_menu_bg.png */,
				4DB7630F14729D5A00BE005A /* detail_menu_bg_p.png */,
				4DB7631014729D5A00BE005A /* dropdown_menu.png */,
				4DB7631114729D5A00BE005A /* email_button.png */,
				4DB7631214729D5A00BE005A /* email_icon.png */,
				4DB7631314729D5A00BE005A /* goto_top_button.png */,
				4DB7631414729D5A00BE005A /* grey_bar.png */,
				4DB7631514729D5A00BE005A /* grey_button.png */,
				4DB7631614729D5A00BE005A /* header_bar.png */,
				4DB7631714729D5A00BE005A /* incident_cancel_button.png */,
				4DB7631814729D5A00BE005A /* incident_cancel_button_p.png */,
				4DB7631914729D5A00BE005A /* incident_subheader.png */,
				4DB7631A14729D5A00BE005A /* login_button.png */,
				4DB7631B14729D5A00BE005A /* login_button_p.png */,
				4DB7631C14729D5A00BE005A /* login_header.png */,
				4DB7631D14729D5A00BE005A /* login_header_p.png */,
				4DB7631E14729D5A00BE005A /* menu_cell_highlight_bg.png */,
				4DB7631F14729D5A00BE005A /* menu_contacts_icon.png */,
				4DB7632014729D5A00BE005A /* menu_contacts_icon_highlight.png */,
				4DB7632114729D5A00BE005A /* menu_header_bar.png */,
				4DB7632214729D5A00BE005A /* menu_incidents_icon.png */,
				4DB7632314729D5A00BE005A /* menu_incidents_icon_highlight.png */,
				4DB7632414729D5A00BE005A /* menu_logout_icon.png */,
				4DB7632514729D5A00BE005A /* menu_logout_icon_highlight.png */,
				4DB7632614729D5A00BE005A /* menu_more_icon.png */,
				4DB7632714729D5A00BE005A /* menu_more_icon_highlight.png */,
				4DB7632814729D5A00BE005A /* menu_rooms_icon.png */,
				4DB7632914729D5A00BE005A /* menu_rooms_icon_highlight.png */,
				4DB7632A14729D5A00BE005A /* menu_settings_icon.png */,
				4DB7632B14729D5A00BE005A /* menu_settings_icon_highlight.png */,
				4DB7632C14729D5A00BE005A /* new_icon.png */,
				4DB7632D14729D5A00BE005A /* note_button.png */,
				4DB7632E14729D5A00BE005A /* note_button_p.png */,
				4DB7632F14729D5A00BE005A /* note_detail_frame.png */,
				4DB7633014729D5A00BE005A /* notification_bg1.png */,
				4DB7633114729D5A00BE005A /* notification_bg1_p.png */,
				4DB7633214729D5A00BE005A /* notification_bg2.png */,
				4DB7633314729D5A00BE005A /* notification_bg2_p.png */,
				4DB7633414729D5A00BE005A /* notification_bg3.png */,
				4DB7633514729D5A00BE005A /* notification_bg3_p.png */,
				4DB7633614729D5A00BE005A /* notification_bg4.png */,
				4DB7633714729D5A00BE005A /* notification_bg4_p.png */,
				4DB7633814729D5A00BE005A /* option_button.png */,
				4DB7633914729D5A00BE005A /* pending_icon.png */,
				4DB7633A14729D5A00BE005A /* phone_button.png */,
				4DB7633B14729D5A00BE005A /* red_delete_button.png */,
				4DB7633C14729D5A00BE005A /* text_icon.png */,
				4DB7633D14729D5A00BE005A /* textbox.png */,
				4DB7633E14729D5A00BE005A /* textbox_p.png */,
				4DB7633F14729D5A00BE005A /* tickmark.png */,
				4DB7634014729D5A00BE005A /* update_button.png */,
				4DB7634114729D5A00BE005A /* update_button_p.png */,
				4DB7634214729D5A00BE005A /* white_button.png */,
				4DB7634314729D5A00BE005A /* white_button2.png */,
				4DB7634414729D5A00BE005A /* white_cell_bg.png */,
			);
			name = images;
			path = Data/images;
			sourceTree = "<group>";
		};
		4DDD3F8A14635A8200163205 /* TableCellControllers */ = {
			isa = PBXGroup;
			children = (
				4DDD3F8B14635A8200163205 /* BCMSContactDetailsTableCell.h */,
				4DDD3F8C14635A8200163205 /* BCMSContactDetailsTableCell.m */,
				4DDD3F8D14635A8200163205 /* BCMSConveneRoomsTableCell.h */,
				4DDD3F8E14635A8200163205 /* BCMSConveneRoomsTableCell.m */,
				4DDD3F8F14635A8200163205 /* BCMSDirectReportsTableCell.h */,
				4DDD3F9014635A8200163205 /* BCMSDirectReportsTableCell.m */,
				4DDD3F9114635A8200163205 /* BCMSIncidentsTableCell.h */,
				4DDD3F9214635A8200163205 /* BCMSIncidentsTableCell.m */,
				4DDD3F9314635A8200163205 /* BCMSMenuTableCell.h */,
				4DDD3F9414635A8200163205 /* BCMSMenuTableCell.m */,
				4DDD3F9514635A8200163205 /* BCMSMoreDetailsTableCell.h */,
				4DDD3F9614635A8200163205 /* BCMSMoreDetailsTableCell.m */,
				4DDD3F9714635A8200163205 /* BCMSNotesTableCell.h */,
				4DDD3F9814635A8200163205 /* BCMSNotesTableCell.m */,
				4DDD3F9914635A8200163205 /* BCMSOptionsTableCell.h */,
				4DDD3F9A14635A8200163205 /* BCMSOptionsTableCell.m */,
				4DDD3F9B14635A8200163205 /* BCMSOptionsTableCell2.h */,
				4DDD3F9C14635A8200163205 /* BCMSOptionsTableCell2.m */,
			);
			path = TableCellControllers;
			sourceTree = "<group>";
		};
		4DDD3F9D14635A8200163205 /* ViewController */ = {
			isa = PBXGroup;
			children = (
				4DDD3F9E14635A8200163205 /* BCMSAddConvenRoomController.h */,
				4DDD3F9F14635A8200163205 /* BCMSAddConvenRoomController.m */,
				4DDD3FA014635A8200163205 /* BCMSAddNoteViewController.h */,
				4DDD3FA114635A8200163205 /* BCMSAddNoteViewController.m */,
				4DDD3FA214635A8200163205 /* BCMSChecklistController.h */,
				4DDD3FA314635A8200163205 /* BCMSChecklistController.m */,
				4DDD3FA414635A8200163205 /* BCMSContactDetailsController.h */,
				4DDD3FA514635A8200163205 /* BCMSContactDetailsController.m */,
				4DDD3FA614635A8200163205 /* BCMSContactListExpandedController.h */,
				4DDD3FA714635A8200163205 /* BCMSContactListExpandedController.m */,
				4DDD3FA814635A8200163205 /* BCMSContactListsController.h */,
				4DDD3FA914635A8200163205 /* BCMSContactListsController.m */,
				4DDD3FAA14635A8200163205 /* BCMSContactsController.h */,
				4DDD3FAB14635A8200163205 /* BCMSContactsController.m */,
				4DDD3FAC14635A8200163205 /* BCMSConveneRoomsController.h */,
				4DDD3FAD14635A8200163205 /* BCMSConveneRoomsController.m */,
				4DDD3FAE14635A8200163205 /* BCMSDirectReportsController.h */,
				4DDD3FAF14635A8200163205 /* BCMSDirectReportsController.m */,
				4DDD3FB014635A8200163205 /* BCMSHelper.h */,
				4DDD3FB114635A8200163205 /* BCMSHelper.m */,
				4DDD3FB214635A8200163205 /* BCMSIncidentDetailsController.h */,
				4DDD3FB314635A8200163205 /* BCMSIncidentDetailsController.m */,
				4DDD3FB414635A8200163205 /* BCMSIncidentFilterSortController.h */,
				4DDD3FB514635A8200163205 /* BCMSIncidentFilterSortController.m */,
				4DDD3FB614635A8200163205 /* BCMSIncidentOptionsController.h */,
				4DDD3FB714635A8200163205 /* BCMSIncidentOptionsController.m */,
				4DDD3FB814635A8200163205 /* BCMSIncidentsViewController.h */,
				4DDD3FB914635A8200163205 /* BCMSIncidentsViewController.m */,
				4DDD3FBA14635A8200163205 /* BCMSLoginViewController.h */,
				4DDD3FBB14635A8200163205 /* BCMSLoginViewController.m */,
				4DDD3FBC14635A8200163205 /* BCMSMenuViewController.h */,
				4DDD3FBD14635A8200163205 /* BCMSMenuViewController.m */,
				4DDD3FBE14635A8200163205 /* BCMSMoreDetailsController.h */,
				4DDD3FBF14635A8200163205 /* BCMSMoreDetailsController.m */,
				4DDD3FC014635A8200163205 /* BCMSMoreListsController.h */,
				4DDD3FC114635A8200163205 /* BCMSMoreListsController.m */,
				4DDD3FC214635A8200163205 /* BCMSMoreViewController.h */,
				4DDD3FC314635A8200163205 /* BCMSMoreViewController.m */,
				4DDD3FC414635A8200163205 /* BCMSNewIncidentController.h */,
				4DDD3FC514635A8200163205 /* BCMSNewIncidentController.m */,
				4DDD3FC614635A8200163205 /* BCMSNoteDetailsController.h */,
				4DDD3FC714635A8200163205 /* BCMSNoteDetailsController.m */,
				4DDD3FC814635A8200163205 /* BCMSNotesViewController.h */,
				4DDD3FC914635A8200163205 /* BCMSNotesViewController.m */,
				4DDD3FCA14635A8200163205 /* BCMSReportsDetailController.h */,
				4DDD3FCB14635A8200163205 /* BCMSReportsDetailController.m */,
				4DDD3FCC14635A8200163205 /* BCMSSettingsController.h */,
				4DDD3FCD14635A8200163205 /* BCMSSettingsController.m */,
				4DDD3FCE14635A8200163205 /* BCMSSettingsDetailController.h */,
				4DDD3FCF14635A8200163205 /* BCMSSettingsDetailController.m */,
				4DDD3FD014635A8200163205 /* BCMSUpdateIncidentController.h */,
				4DDD3FD114635A8200163205 /* BCMSUpdateIncidentController.m */,
			);
			path = ViewController;
			sourceTree = "<group>";
		};
		4DDD3FF514635A8B00163205 /* xib */ = {
			isa = PBXGroup;
			children = (
				4DDD3FF614635A8B00163205 /* BCMSAddConvenRoomController.xib */,
				4DDD3FF714635A8B00163205 /* BCMSAddNoteViewController.xib */,
				4DDD3FF814635A8B00163205 /* BCMSChecklistController.xib */,
				4DDD3FF914635A8B00163205 /* BCMSContactDetailsController.xib */,
				4DDD3FFA14635A8B00163205 /* BCMSContactDetailsTableCell.xib */,
				4DDD3FFB14635A8B00163205 /* BCMSContactListExpandedController.xib */,
				4DDD3FFC14635A8B00163205 /* BCMSContactListsController.xib */,
				4DDD3FFD14635A8B00163205 /* BCMSContactsController.xib */,
				4DDD3FFE14635A8B00163205 /* BCMSConveneRoomsController.xib */,
				4DDD3FFF14635A8B00163205 /* BCMSConveneRoomsTableCell.xib */,
				4DDD400014635A8B00163205 /* BCMSDirectReportsController.xib */,
				4DDD400114635A8B00163205 /* BCMSDirectReportsTableCell.xib */,
				4DDD400214635A8B00163205 /* BCMSIncidentDetailsController.xib */,
				4DDD400314635A8B00163205 /* BCMSIncidentFilterSortController.xib */,
				4DDD400414635A8B00163205 /* BCMSIncidentOptionsController.xib */,
				4DDD400514635A8B00163205 /* BCMSIncidentsTableCell.xib */,
				4DDD400614635A8B00163205 /* BCMSIncidentsViewController.xib */,
				4DDD400714635A8B00163205 /* BCMSLoginViewController.xib */,
				4DDD400814635A8B00163205 /* BCMSMenuTableCell.xib */,
				4DDD400914635A8B00163205 /* BCMSMenuViewController.xib */,
				4DDD400A14635A8B00163205 /* BCMSMoreDetailsController.xib */,
				4DDD400B14635A8B00163205 /* BCMSMoreDetailsTableCell.xib */,
				4DDD400C14635A8B00163205 /* BCMSMoreListsController.xib */,
				4DDD400D14635A8B00163205 /* BCMSMoreViewController.xib */,
				4DDD400E14635A8B00163205 /* BCMSNewIncidentController.xib */,
				4DDD400F14635A8B00163205 /* BCMSNoteDetailsController.xib */,
				4DDD401014635A8B00163205 /* BCMSNotesTableCell.xib */,
				4DDD401114635A8B00163205 /* BCMSNotesViewController.xib */,
				4DDD401214635A8B00163205 /* BCMSOptionsTableCell.xib */,
				4DDD401314635A8B00163205 /* BCMSOptionsTableCell2.xib */,
				4DDD401414635A8B00163205 /* BCMSReportsDetailController.xib */,
				4DDD401514635A8B00163205 /* BCMSSettingsController.xib */,
				4DDD401614635A8B00163205 /* BCMSSettingsDetailController.xib */,
				4DDD401714635A8B00163205 /* BCMSUpdateIncidentController.xib */,
			);
			path = xib;
			sourceTree = "<group>";
		};
/* End PBXGroup section */

/* Begin PBXNativeTarget section */
		4D3C0DB2145EC70700232B60 /* IncidentManagementApp */ = {
			isa = PBXNativeTarget;
			buildConfigurationList = 4D3C0DD7145EC70700232B60 /* Build configuration list for PBXNativeTarget "IncidentManagementApp" */;
			buildPhases = (
				4D3C0DAF145EC70700232B60 /* Sources */,
				4D3C0DB0145EC70700232B60 /* Frameworks */,
				4D3C0DB1145EC70700232B60 /* Resources */,
			);
			buildRules = (
			);
			dependencies = (
			);
			name = IncidentManagementApp;
			productName = IncidentManagementApp;
			productReference = 4D3C0DB3145EC70700232B60 /* IncidentManagementApp.app */;
			productType = "com.apple.product-type.application";
		};
/* End PBXNativeTarget section */

/* Begin PBXProject section */
		4D3C0DAA145EC70700232B60 /* Project object */ = {
			isa = PBXProject;
			attributes = {
				LastUpgradeCheck = 0420;
			};
			buildConfigurationList = 4D3C0DAD145EC70700232B60 /* Build configuration list for PBXProject "IncidentManagementApp" */;
			compatibilityVersion = "Xcode 3.2";
			developmentRegion = English;
			hasScannedForEncodings = 0;
			knownRegions = (
				en,
			);
			mainGroup = 4D3C0DA8145EC70700232B60;
			productRefGroup = 4D3C0DB4145EC70700232B60 /* Products */;
			projectDirPath = "";
			projectRoot = "";
			targets = (
				4D3C0DB2145EC70700232B60 /* IncidentManagementApp */,
			);
		};
/* End PBXProject section */

/* Begin PBXResourcesBuildPhase section */
		4D3C0DB1145EC70700232B60 /* Resources */ = {
			isa = PBXResourcesBuildPhase;
			buildActionMask = 2147483647;
			files = (
				4D3C0DC2145EC70700232B60 /* InfoPlist.strings in Resources */,
				4D3C0E1C145EC78200232B60 /* DataSource.plist in Resources */,
				4DDD401814635A8B00163205 /* BCMSAddConvenRoomController.xib in Resources */,
				4DDD401914635A8B00163205 /* BCMSAddNoteViewController.xib in Resources */,
				4DDD401A14635A8B00163205 /* BCMSChecklistController.xib in Resources */,
				4DDD401B14635A8B00163205 /* BCMSContactDetailsController.xib in Resources */,
				4DDD401C14635A8B00163205 /* BCMSContactDetailsTableCell.xib in Resources */,
				4DDD401D14635A8B00163205 /* BCMSContactListExpandedController.xib in Resources */,
				4DDD401E14635A8B00163205 /* BCMSContactListsController.xib in Resources */,
				4DDD401F14635A8B00163205 /* BCMSContactsController.xib in Resources */,
				4DDD402014635A8B00163205 /* BCMSConveneRoomsController.xib in Resources */,
				4DDD402114635A8B00163205 /* BCMSConveneRoomsTableCell.xib in Resources */,
				4DDD402214635A8B00163205 /* BCMSDirectReportsController.xib in Resources */,
				4DDD402314635A8B00163205 /* BCMSDirectReportsTableCell.xib in Resources */,
				4DDD402414635A8B00163205 /* BCMSIncidentDetailsController.xib in Resources */,
				4DDD402514635A8B00163205 /* BCMSIncidentFilterSortController.xib in Resources */,
				4DDD402614635A8B00163205 /* BCMSIncidentOptionsController.xib in Resources */,
				4DDD402714635A8B00163205 /* BCMSIncidentsTableCell.xib in Resources */,
				4DDD402814635A8B00163205 /* BCMSIncidentsViewController.xib in Resources */,
				4DDD402914635A8B00163205 /* BCMSLoginViewController.xib in Resources */,
				4DDD402A14635A8B00163205 /* BCMSMenuTableCell.xib in Resources */,
				4DDD402B14635A8B00163205 /* BCMSMenuViewController.xib in Resources */,
				4DDD402C14635A8B00163205 /* BCMSMoreDetailsController.xib in Resources */,
				4DDD402D14635A8B00163205 /* BCMSMoreDetailsTableCell.xib in Resources */,
				4DDD402E14635A8B00163205 /* BCMSMoreListsController.xib in Resources */,
				4DDD402F14635A8B00163205 /* BCMSMoreViewController.xib in Resources */,
				4DDD403014635A8B00163205 /* BCMSNewIncidentController.xib in Resources */,
				4DDD403114635A8B00163205 /* BCMSNoteDetailsController.xib in Resources */,
				4DDD403214635A8B00163205 /* BCMSNotesTableCell.xib in Resources */,
				4DDD403314635A8B00163205 /* BCMSNotesViewController.xib in Resources */,
				4DDD403414635A8B00163205 /* BCMSOptionsTableCell.xib in Resources */,
				4DDD403514635A8B00163205 /* BCMSOptionsTableCell2.xib in Resources */,
				4DDD403614635A8B00163205 /* BCMSReportsDetailController.xib in Resources */,
				4DDD403714635A8B00163205 /* BCMSSettingsController.xib in Resources */,
				4DDD403814635A8B00163205 /* BCMSSettingsDetailController.xib in Resources */,
				4DDD403914635A8B00163205 /* BCMSUpdateIncidentController.xib in Resources */,
				4DB7634514729D5A00BE005A /* accessory_arrow.png in Resources */,
				4DB7634614729D5A00BE005A /* accessory_arrow_highlight.png in Resources */,
				4DB7634714729D5A00BE005A /* active_icon.png in Resources */,
				4DB7634814729D5A00BE005A /* add_button.png in Resources */,
				4DB7634914729D5A00BE005A /* add_done_button.png in Resources */,
				4DB7634A14729D5A00BE005A /* add_done_button_p.png in Resources */,
				4DB7634B14729D5A00BE005A /* add_incident_bottom.png in Resources */,
				4DB7634C14729D5A00BE005A /* add_incident_bottom_p.png in Resources */,
				4DB7634D14729D5A00BE005A /* add_new_incident_button.png in Resources */,
				4DB7634E14729D5A00BE005A /* add_new_note_button.png in Resources */,
				4DB7634F14729D5A00BE005A /* alert_button.png in Resources */,
				4DB7635014729D5A00BE005A /* arrow_button.png in Resources */,
				4DB7635114729D5A00BE005A /* arrow_button_p.png in Resources */,
				4DB7635214729D5A00BE005A /* attachments_button.png in Resources */,
				4DB7635314729D5A00BE005A /* attachments_button_p.png in Resources */,
				4DB7635414729D5A00BE005A /* blue_arrow.png in Resources */,
				4DB7635514729D5A00BE005A /* blue_arrow_down.png in Resources */,
				4DB7635614729D5A00BE005A /* blue_button.png in Resources */,
				4DB7635714729D5A00BE005A /* blue_button_pressed.png in Resources */,
				4DB7635814729D5A00BE005A /* call_cell_bg.png in Resources */,
				4DB7635914729D5A00BE005A /* call_icon.png in Resources */,
				4DB7635A14729D5A00BE005A /* cell_bg.png in Resources */,
				4DB7635B14729D5A00BE005A /* cell_bg_p.png in Resources */,
				4DB7635C14729D5A00BE005A /* cell_separator.png in Resources */,
				4DB7635D14729D5A00BE005A /* checkbox_checked.png in Resources */,
				4DB7635E14729D5A00BE005A /* checkbox_unchecked.png in Resources */,
				4DB7635F14729D5A00BE005A /* checklist_button.png in Resources */,
				4DB7636014729D5A00BE005A /* checklist_button_p.png in Resources */,
				4DB7636114729D5A00BE005A /* closed_icon.png in Resources */,
				4DB7636214729D5A00BE005A /* delete_button.png in Resources */,
				4DB7636314729D5A00BE005A /* delete_button_highlight.png in Resources */,
				4DB7636414729D5A00BE005A /* detail_menu_bg.png in Resources */,
				4DB7636514729D5A00BE005A /* detail_menu_bg_p.png in Resources */,
				4DB7636614729D5A00BE005A /* dropdown_menu.png in Resources */,
				4DB7636714729D5A00BE005A /* email_button.png in Resources */,
				4DB7636814729D5A00BE005A /* email_icon.png in Resources */,
				4DB7636914729D5A00BE005A /* goto_top_button.png in Resources */,
				4DB7636A14729D5A00BE005A /* grey_bar.png in Resources */,
				4DB7636B14729D5A00BE005A /* grey_button.png in Resources */,
				4DB7636C14729D5A00BE005A /* header_bar.png in Resources */,
				4DB7636D14729D5A00BE005A /* incident_cancel_button.png in Resources */,
				4DB7636E14729D5A00BE005A /* incident_cancel_button_p.png in Resources */,
				4DB7636F14729D5A00BE005A /* incident_subheader.png in Resources */,
				4DB7637014729D5A00BE005A /* login_button.png in Resources */,
				4DB7637114729D5A00BE005A /* login_button_p.png in Resources */,
				4DB7637214729D5A00BE005A /* login_header.png in Resources */,
				4DB7637314729D5A00BE005A /* login_header_p.png in Resources */,
				4DB7637414729D5A00BE005A /* menu_cell_highlight_bg.png in Resources */,
				4DB7637514729D5A00BE005A /* menu_contacts_icon.png in Resources */,
				4DB7637614729D5A00BE005A /* menu_contacts_icon_highlight.png in Resources */,
				4DB7637714729D5A00BE005A /* menu_header_bar.png in Resources */,
				4DB7637814729D5A00BE005A /* menu_incidents_icon.png in Resources */,
				4DB7637914729D5A00BE005A /* menu_incidents_icon_highlight.png in Resources */,
				4DB7637A14729D5A00BE005A /* menu_logout_icon.png in Resources */,
				4DB7637B14729D5A00BE005A /* menu_logout_icon_highlight.png in Resources */,
				4DB7637C14729D5A00BE005A /* menu_more_icon.png in Resources */,
				4DB7637D14729D5A00BE005A /* menu_more_icon_highlight.png in Resources */,
				4DB7637E14729D5A00BE005A /* menu_rooms_icon.png in Resources */,
				4DB7637F14729D5A00BE005A /* menu_rooms_icon_highlight.png in Resources */,
				4DB7638014729D5A00BE005A /* menu_settings_icon.png in Resources */,
				4DB7638114729D5A00BE005A /* menu_settings_icon_highlight.png in Resources */,
				4DB7638214729D5A00BE005A /* new_icon.png in Resources */,
				4DB7638314729D5A00BE005A /* note_button.png in Resources */,
				4DB7638414729D5A00BE005A /* note_button_p.png in Resources */,
				4DB7638514729D5A00BE005A /* note_detail_frame.png in Resources */,
				4DB7638614729D5A00BE005A /* notification_bg1.png in Resources */,
				4DB7638714729D5A00BE005A /* notification_bg1_p.png in Resources */,
				4DB7638814729D5A00BE005A /* notification_bg2.png in Resources */,
				4DB7638914729D5A00BE005A /* notification_bg2_p.png in Resources */,
				4DB7638A14729D5A00BE005A /* notification_bg3.png in Resources */,
				4DB7638B14729D5A00BE005A /* notification_bg3_p.png in Resources */,
				4DB7638C14729D5A00BE005A /* notification_bg4.png in Resources */,
				4DB7638D14729D5A00BE005A /* notification_bg4_p.png in Resources */,
				4DB7638E14729D5A00BE005A /* option_button.png in Resources */,
				4DB7638F14729D5A00BE005A /* pending_icon.png in Resources */,
				4DB7639014729D5A00BE005A /* phone_button.png in Resources */,
				4DB7639114729D5A00BE005A /* red_delete_button.png in Resources */,
				4DB7639214729D5A00BE005A /* text_icon.png in Resources */,
				4DB7639314729D5A00BE005A /* textbox.png in Resources */,
				4DB7639414729D5A00BE005A /* textbox_p.png in Resources */,
				4DB7639514729D5A00BE005A /* tickmark.png in Resources */,
				4DB7639614729D5A00BE005A /* update_button.png in Resources */,
				4DB7639714729D5A00BE005A /* update_button_p.png in Resources */,
				4DB7639814729D5A00BE005A /* white_button.png in Resources */,
				4DB7639914729D5A00BE005A /* white_button2.png in Resources */,
				4DB7639A14729D5A00BE005A /* white_cell_bg.png in Resources */,
			);
			runOnlyForDeploymentPostprocessing = 0;
		};
/* End PBXResourcesBuildPhase section */

/* Begin PBXSourcesBuildPhase section */
		4D3C0DAF145EC70700232B60 /* Sources */ = {
			isa = PBXSourcesBuildPhase;
			buildActionMask = 2147483647;
			files = (
				4D3C0DC4145EC70700232B60 /* main.m in Sources */,
				4D3C0DC8145EC70700232B60 /* AppDelegate.m in Sources */,
				4DDD3FD214635A8200163205 /* BCMSContactDetailsTableCell.m in Sources */,
				4DDD3FD314635A8200163205 /* BCMSConveneRoomsTableCell.m in Sources */,
				4DDD3FD414635A8200163205 /* BCMSDirectReportsTableCell.m in Sources */,
				4DDD3FD514635A8200163205 /* BCMSIncidentsTableCell.m in Sources */,
				4DDD3FD614635A8200163205 /* BCMSMenuTableCell.m in Sources */,
				4DDD3FD714635A8200163205 /* BCMSMoreDetailsTableCell.m in Sources */,
				4DDD3FD814635A8200163205 /* BCMSNotesTableCell.m in Sources */,
				4DDD3FD914635A8200163205 /* BCMSOptionsTableCell.m in Sources */,
				4DDD3FDA14635A8200163205 /* BCMSOptionsTableCell2.m in Sources */,
				4DDD3FDB14635A8200163205 /* BCMSAddConvenRoomController.m in Sources */,
				4DDD3FDC14635A8200163205 /* BCMSAddNoteViewController.m in Sources */,
				4DDD3FDD14635A8200163205 /* BCMSChecklistController.m in Sources */,
				4DDD3FDE14635A8200163205 /* BCMSContactDetailsController.m in Sources */,
				4DDD3FDF14635A8200163205 /* BCMSContactListExpandedController.m in Sources */,
				4DDD3FE014635A8200163205 /* BCMSContactListsController.m in Sources */,
				4DDD3FE114635A8200163205 /* BCMSContactsController.m in Sources */,
				4DDD3FE214635A8200163205 /* BCMSConveneRoomsController.m in Sources */,
				4DDD3FE314635A8200163205 /* BCMSDirectReportsController.m in Sources */,
				4DDD3FE414635A8200163205 /* BCMSHelper.m in Sources */,
				4DDD3FE514635A8200163205 /* BCMSIncidentDetailsController.m in Sources */,
				4DDD3FE614635A8200163205 /* BCMSIncidentFilterSortController.m in Sources */,
				4DDD3FE714635A8200163205 /* BCMSIncidentOptionsController.m in Sources */,
				4DDD3FE814635A8200163205 /* BCMSIncidentsViewController.m in Sources */,
				4DDD3FE914635A8200163205 /* BCMSLoginViewController.m in Sources */,
				4DDD3FEA14635A8200163205 /* BCMSMenuViewController.m in Sources */,
				4DDD3FEB14635A8200163205 /* BCMSMoreDetailsController.m in Sources */,
				4DDD3FEC14635A8200163205 /* BCMSMoreListsController.m in Sources */,
				4DDD3FED14635A8200163205 /* BCMSMoreViewController.m in Sources */,
				4DDD3FEE14635A8200163205 /* BCMSNewIncidentController.m in Sources */,
				4DDD3FEF14635A8200163205 /* BCMSNoteDetailsController.m in Sources */,
				4DDD3FF014635A8200163205 /* BCMSNotesViewController.m in Sources */,
				4DDD3FF114635A8200163205 /* BCMSReportsDetailController.m in Sources */,
				4DDD3FF214635A8200163205 /* BCMSSettingsController.m in Sources */,
				4DDD3FF314635A8200163205 /* BCMSSettingsDetailController.m in Sources */,
				4DDD3FF414635A8200163205 /* BCMSUpdateIncidentController.m in Sources */,
			);
			runOnlyForDeploymentPostprocessing = 0;
		};
/* End PBXSourcesBuildPhase section */

/* Begin PBXVariantGroup section */
		4D3C0DC0145EC70700232B60 /* InfoPlist.strings */ = {
			isa = PBXVariantGroup;
			children = (
				4D3C0DC1145EC70700232B60 /* en */,
			);
			name = InfoPlist.strings;
			sourceTree = "<group>";
		};
/* End PBXVariantGroup section */

/* Begin XCBuildConfiguration section */
		4D3C0DD5145EC70700232B60 /* Debug */ = {
			isa = XCBuildConfiguration;
			buildSettings = {
				ALWAYS_SEARCH_USER_PATHS = NO;
				ARCHS = "$(ARCHS_STANDARD_32_BIT)";
				CLANG_ENABLE_OBJC_ARC = YES;
				CODE_SIGN_IDENTITY = "";
				"CODE_SIGN_IDENTITY[sdk=iphoneos*]" = "";
				COPY_PHASE_STRIP = NO;
				GCC_C_LANGUAGE_STANDARD = gnu99;
				GCC_DYNAMIC_NO_PIC = NO;
				GCC_OPTIMIZATION_LEVEL = 0;
				GCC_PREPROCESSOR_DEFINITIONS = (
					"DEBUG=1",
					"$(inherited)",
				);
				GCC_SYMBOLS_PRIVATE_EXTERN = NO;
				GCC_VERSION = com.apple.compilers.llvm.clang.1_0;
				GCC_WARN_ABOUT_MISSING_PROTOTYPES = YES;
				GCC_WARN_ABOUT_RETURN_TYPE = YES;
				GCC_WARN_UNUSED_VARIABLE = YES;
				IPHONEOS_DEPLOYMENT_TARGET = 5.0;
				SDKROOT = iphoneos;
			};
			name = Debug;
		};
		4D3C0DD6145EC70700232B60 /* Release */ = {
			isa = XCBuildConfiguration;
			buildSettings = {
				ALWAYS_SEARCH_USER_PATHS = NO;
				ARCHS = "$(ARCHS_STANDARD_32_BIT)";
				CLANG_ENABLE_OBJC_ARC = YES;
				CODE_SIGN_IDENTITY = "";
				"CODE_SIGN_IDENTITY[sdk=iphoneos*]" = "";
				COPY_PHASE_STRIP = YES;
				GCC_C_LANGUAGE_STANDARD = gnu99;
				GCC_VERSION = com.apple.compilers.llvm.clang.1_0;
				GCC_WARN_ABOUT_MISSING_PROTOTYPES = YES;
				GCC_WARN_ABOUT_RETURN_TYPE = YES;
				GCC_WARN_UNUSED_VARIABLE = YES;
				IPHONEOS_DEPLOYMENT_TARGET = 5.0;
				OTHER_CFLAGS = "-DNS_BLOCK_ASSERTIONS=1";
				SDKROOT = iphoneos;
				VALIDATE_PRODUCT = YES;
			};
			name = Release;
		};
		4D3C0DD8145EC70700232B60 /* Debug */ = {
			isa = XCBuildConfiguration;
			buildSettings = {
				CODE_SIGN_IDENTITY = "";
				"CODE_SIGN_IDENTITY[sdk=iphoneos*]" = "";
				GCC_PRECOMPILE_PREFIX_HEADER = YES;
				GCC_PREFIX_HEADER = "IncidentManagementApp/IncidentManagementApp-Prefix.pch";
				INFOPLIST_FILE = "IncidentManagementApp/IncidentManagementApp-Info.plist";
				IPHONEOS_DEPLOYMENT_TARGET = 4.0;
				PRODUCT_NAME = "$(TARGET_NAME)";
				WRAPPER_EXTENSION = app;
			};
			name = Debug;
		};
		4D3C0DD9145EC70700232B60 /* Release */ = {
			isa = XCBuildConfiguration;
			buildSettings = {
				CODE_SIGN_IDENTITY = "";
				"CODE_SIGN_IDENTITY[sdk=iphoneos*]" = "";
				GCC_PRECOMPILE_PREFIX_HEADER = YES;
				GCC_PREFIX_HEADER = "IncidentManagementApp/IncidentManagementApp-Prefix.pch";
				INFOPLIST_FILE = "IncidentManagementApp/IncidentManagementApp-Info.plist";
				IPHONEOS_DEPLOYMENT_TARGET = 4.0;
				PRODUCT_NAME = "$(TARGET_NAME)";
				WRAPPER_EXTENSION = app;
			};
			name = Release;
		};
/* End XCBuildConfiguration section */

/* Begin XCConfigurationList section */
		4D3C0DAD145EC70700232B60 /* Build configuration list for PBXProject "IncidentManagementApp" */ = {
			isa = XCConfigurationList;
			buildConfigurations = (
				4D3C0DD5145EC70700232B60 /* Debug */,
				4D3C0DD6145EC70700232B60 /* Release */,
			);
			defaultConfigurationIsVisible = 0;
			defaultConfigurationName = Release;
		};
		4D3C0DD7145EC70700232B60 /* Build configuration list for PBXNativeTarget "IncidentManagementApp" */ = {
			isa = XCConfigurationList;
			buildConfigurations = (
				4D3C0DD8145EC70700232B60 /* Debug */,
				4D3C0DD9145EC70700232B60 /* Release */,
			);
			defaultConfigurationIsVisible = 0;
			defaultConfigurationName = Release;
		};
/* End XCConfigurationList section */
	};
	rootObject = 4D3C0DAA145EC70700232B60 /* Project object */;
}
