<?xml version="1.0" encoding="UTF-8"?>
<Scheme
   version = "1.7">
   <BuildAction
      parallelizeBuildables = "YES"
      buildImplicitDependencies = "YES">
      <BuildActionEntries>
         <BuildActionEntry
            buildForTesting = "NO"
            buildForRunning = "YES"
            buildForProfiling = "YES"
            buildForArchiving = "YES"
            buildForAnalyzing = "YES">
            <BuildableReference
               BuildableIdentifier = "primary"
               BlueprintIdentifier = "1E6C6F3C149388AA003811D2"
               BuildableName = "libBCMSServices.a"
               BlueprintName = "BCMSServices"
               ReferencedContainer = "container:BCMSServices.xcodeproj">
            </BuildableReference>
         </BuildActionEntry>
         <BuildActionEntry
            buildForTesting = "YES"
            buildForRunning = "NO"
            buildForProfiling = "NO"
            buildForArchiving = "NO"
            buildForAnalyzing = "NO">
            <BuildableReference
               BuildableIdentifier = "primary"
               BlueprintIdentifier = "1E6C6F4C149388AA003811D2"
               BuildableName = "BCMSServicesTests.octest"
               BlueprintName = "BCMSServicesTests"
               ReferencedContainer = "container:BCMSServices.xcodeproj">
            </BuildableReference>
         </BuildActionEntry>
      </BuildActionEntries>
   </BuildAction>
   <TestAction
      selectedDebuggerIdentifier = "Xcode.DebuggerFoundation.Debugger.GDB"
      selectedLauncherIdentifier = "Xcode.DebuggerFoundation.Launcher.GDB"
      shouldUseLaunchSchemeArgsEnv = "YES"
      buildConfiguration = "Debug">
      <Testables>
         <TestableReference
            skipped = "NO">
            <BuildableReference
               BuildableIdentifier = "primary"
               BlueprintIdentifier = "1E6C6F4C149388AA003811D2"
               BuildableName = "BCMSServicesTests.octest"
               BlueprintName = "BCMSServicesTests"
               ReferencedContainer = "container:BCMSServices.xcodeproj">
            </BuildableReference>
            <SkippedTests>
               <Test
                  Identifier = "BCMAreaOfficeServiceTest">
               </Test>
               <Test
                  Identifier = "BCMConveneRoomServiceTest">
               </Test>
               <Test
                  Identifier = "BCMHelpDocumentServiceTest">
               </Test>
               <Test
                  Identifier = "BCMIncidentAssociationServiceTest">
               </Test>
               <Test
                  Identifier = "BCMIncidentAttachmentServiceTest">
               </Test>
               <Test
                  Identifier = "BCMIncidentCategoryServiceTest">
               </Test>
               <Test
                  Identifier = "BCMIncidentNoteServiceTest">
               </Test>
               <Test
                  Identifier = "BCMIncidentServiceTest">
               </Test>
               <Test
                  Identifier = "BCMIncidentUpdateServiceTest">
               </Test>
               <Test
                  Identifier = "BCMLookupServiceTest">
               </Test>
               <Test
                  Identifier = "BCMSEntitiesTestCase">
               </Test>
               <Test
                  Identifier = "BCMSServicesTestCase">
               </Test>
               <Test
                  Identifier = "BCMUtilityServiceTest">
               </Test>
               <Test
                  Identifier = "CommonTest">
               </Test>
               <Test
                  Identifier = "EntityTest">
               </Test>
               <Test
                  Identifier = "RoundTripTest">
               </Test>
               <Test
                  Identifier = "ServiceTest">
               </Test>
            </SkippedTests>
            <LocationScenarioReference
               identifier = "com.apple.dt.IDEFoundation.CurrentLocationScenarioIdentifier"
               referenceType = "1">
            </LocationScenarioReference>
         </TestableReference>
      </Testables>
   </TestAction>
   <LaunchAction
      selectedDebuggerIdentifier = "Xcode.DebuggerFoundation.Debugger.GDB"
      selectedLauncherIdentifier = "Xcode.DebuggerFoundation.Launcher.GDB"
      launchStyle = "0"
      useCustomWorkingDirectory = "NO"
      buildConfiguration = "Debug"
      debugDocumentVersioning = "YES"
      allowLocationSimulation = "YES">
      <AdditionalOptions>
      </AdditionalOptions>
   </LaunchAction>
   <ProfileAction
      shouldUseLaunchSchemeArgsEnv = "YES"
      savedToolIdentifier = ""
      useCustomWorkingDirectory = "NO"
      buildConfiguration = "Release"
      debugDocumentVersioning = "YES">
   </ProfileAction>
   <AnalyzeAction
      buildConfiguration = "Debug">
   </AnalyzeAction>
   <ArchiveAction
      buildConfiguration = "Release"
      revealArchiveInOrganizer = "YES">
   </ArchiveAction>
</Scheme>
